// !$*UTF8*$!
{
	archiveVersion = 1;
	classes = {
	};
	objectVersion = 55;
	objects = {

/* Begin PBXBuildFile section */
		F50060F3294426EF005923A7 /* ActivityIndicator.swift in Sources */ = {isa = PBXBuildFile; fileRef = F50060F2294426EF005923A7 /* ActivityIndicator.swift */; };
		F50060F9294437A3005923A7 /* SettingView.swift in Sources */ = {isa = PBXBuildFile; fileRef = F50060F8294437A3005923A7 /* SettingView.swift */; };
		F5125F2E292E755600C822FE /* EnterRoomPresenter.swift in Sources */ = {isa = PBXBuildFile; fileRef = F5125F2D292E755600C822FE /* EnterRoomPresenter.swift */; };
		F523669A2891E837005B1F65 /* CardListView.swift in Sources */ = {isa = PBXBuildFile; fileRef = F52366992891E837005B1F65 /* CardListView.swift */; };
		F52366A22896382F005B1F65 /* CardView.swift in Sources */ = {isa = PBXBuildFile; fileRef = F52366A12896382F005B1F65 /* CardView.swift */; };
		F525301429364D5200727472 /* EnterRoomViewModel.swift in Sources */ = {isa = PBXBuildFile; fileRef = F525301329364D5200727472 /* EnterRoomViewModel.swift */; };
		F52530162936560D00727472 /* CardListViewModel.swift in Sources */ = {isa = PBXBuildFile; fileRef = F52530152936560D00727472 /* CardListViewModel.swift */; };
		F533A3A4293FCD7300C833F7 /* OpenCardView.swift in Sources */ = {isa = PBXBuildFile; fileRef = F533A3A3293FCD7300C833F7 /* OpenCardView.swift */; };
		F571FA292896CA2C003531CE /* FirebaseFirestore.xcframework in Frameworks */ = {isa = PBXBuildFile; fileRef = F571FA132896CA2C003531CE /* FirebaseFirestore.xcframework */; };
		F571FA2B2896CA2C003531CE /* GoogleAppMeasurementIdentitySupport.xcframework in Frameworks */ = {isa = PBXBuildFile; fileRef = F571FA142896CA2C003531CE /* GoogleAppMeasurementIdentitySupport.xcframework */; };
		F571FA2D2896CA2C003531CE /* GoogleDataTransport.xcframework in Frameworks */ = {isa = PBXBuildFile; fileRef = F571FA152896CA2C003531CE /* GoogleDataTransport.xcframework */; };
		F571FA2F2896CA2C003531CE /* abseil.xcframework in Frameworks */ = {isa = PBXBuildFile; fileRef = F571FA162896CA2C003531CE /* abseil.xcframework */; };
		F571FA312896CA2C003531CE /* FirebaseCore.xcframework in Frameworks */ = {isa = PBXBuildFile; fileRef = F571FA172896CA2C003531CE /* FirebaseCore.xcframework */; };
		F571FA332896CA2C003531CE /* FirebaseAnalytics.xcframework in Frameworks */ = {isa = PBXBuildFile; fileRef = F571FA182896CA2C003531CE /* FirebaseAnalytics.xcframework */; };
		F571FA352896CA2C003531CE /* GoogleUtilities.xcframework in Frameworks */ = {isa = PBXBuildFile; fileRef = F571FA192896CA2C003531CE /* GoogleUtilities.xcframework */; };
		F571FA392896CA2C003531CE /* gRPC-C++.xcframework in Frameworks */ = {isa = PBXBuildFile; fileRef = F571FA1B2896CA2C003531CE /* gRPC-C++.xcframework */; };
		F571FA3B2896CA2C003531CE /* GTMSessionFetcher.xcframework in Frameworks */ = {isa = PBXBuildFile; fileRef = F571FA1C2896CA2C003531CE /* GTMSessionFetcher.xcframework */; };
		F571FA3D2896CA2C003531CE /* FirebaseCoreDiagnostics.xcframework in Frameworks */ = {isa = PBXBuildFile; fileRef = F571FA1D2896CA2C003531CE /* FirebaseCoreDiagnostics.xcframework */; };
		F571FA3F2896CA2C003531CE /* FirebaseFirestoreSwift.xcframework in Frameworks */ = {isa = PBXBuildFile; fileRef = F571FA1E2896CA2C003531CE /* FirebaseFirestoreSwift.xcframework */; };
		F571FA412896CA2C003531CE /* FirebaseInstallations.xcframework in Frameworks */ = {isa = PBXBuildFile; fileRef = F571FA1F2896CA2C003531CE /* FirebaseInstallations.xcframework */; };
		F571FA432896CA2C003531CE /* leveldb-library.xcframework in Frameworks */ = {isa = PBXBuildFile; fileRef = F571FA202896CA2C003531CE /* leveldb-library.xcframework */; };
		F571FA452896CA2C003531CE /* FirebaseAnalyticsSwift.xcframework in Frameworks */ = {isa = PBXBuildFile; fileRef = F571FA212896CA2C003531CE /* FirebaseAnalyticsSwift.xcframework */; };
		F571FA472896CA2C003531CE /* FirebaseCoreInternal.xcframework in Frameworks */ = {isa = PBXBuildFile; fileRef = F571FA222896CA2C003531CE /* FirebaseCoreInternal.xcframework */; };
		F571FA492896CA2C003531CE /* Libuv-gRPC.xcframework in Frameworks */ = {isa = PBXBuildFile; fileRef = F571FA232896CA2C003531CE /* Libuv-gRPC.xcframework */; };
		F571FA4B2896CA2D003531CE /* gRPC-Core.xcframework in Frameworks */ = {isa = PBXBuildFile; fileRef = F571FA242896CA2C003531CE /* gRPC-Core.xcframework */; };
		F571FA4D2896CA2D003531CE /* GoogleAppMeasurement.xcframework in Frameworks */ = {isa = PBXBuildFile; fileRef = F571FA252896CA2C003531CE /* GoogleAppMeasurement.xcframework */; };
		F571FA4F2896CA2D003531CE /* nanopb.xcframework in Frameworks */ = {isa = PBXBuildFile; fileRef = F571FA262896CA2C003531CE /* nanopb.xcframework */; };
		F571FA512896CA2D003531CE /* PromisesObjC.xcframework in Frameworks */ = {isa = PBXBuildFile; fileRef = F571FA272896CA2C003531CE /* PromisesObjC.xcframework */; };
		F571FA532896CA2D003531CE /* BoringSSL-GRPC.xcframework in Frameworks */ = {isa = PBXBuildFile; fileRef = F571FA282896CA2C003531CE /* BoringSSL-GRPC.xcframework */; };
		F571FA562896CA3B003531CE /* FirebaseAuth.xcframework in Frameworks */ = {isa = PBXBuildFile; fileRef = F571FA1A2896CA2C003531CE /* FirebaseAuth.xcframework */; };
		F571FA5F2896CCA5003531CE /* gRPCCertificates-Cpp.bundle in Resources */ = {isa = PBXBuildFile; fileRef = F571FA5E2896CCA5003531CE /* gRPCCertificates-Cpp.bundle */; };
		F571FA682896D137003531CE /* GoogleService-Info.plist in Resources */ = {isa = PBXBuildFile; fileRef = F571FA672896D137003531CE /* GoogleService-Info.plist */; };
		F57C641A2950A91000CD55CD /* SelectThemeColorContract.swift in Sources */ = {isa = PBXBuildFile; fileRef = F57C64192950A91000CD55CD /* SelectThemeColorContract.swift */; };
		F57C641C2950A99F00CD55CD /* SelectThemeColorPresenter.swift in Sources */ = {isa = PBXBuildFile; fileRef = F57C641B2950A99F00CD55CD /* SelectThemeColorPresenter.swift */; };
		F57C641E2950AA3400CD55CD /* SelectThemeColorView.swift in Sources */ = {isa = PBXBuildFile; fileRef = F57C641D2950AA3400CD55CD /* SelectThemeColorView.swift */; };
		F57C64212956BB7C00CD55CD /* SelectThemeColorViewModel.swift in Sources */ = {isa = PBXBuildFile; fileRef = F57C64202956BB7C00CD55CD /* SelectThemeColorViewModel.swift */; };
		F57C642D295FF60600CD55CD /* SelectThemeColorInteractor.swift in Sources */ = {isa = PBXBuildFile; fileRef = F57C642C295FF60600CD55CD /* SelectThemeColorInteractor.swift */; };
		F57C6430296120BD00CD55CD /* SettingInteractor.swift in Sources */ = {isa = PBXBuildFile; fileRef = F57C642F296120BD00CD55CD /* SettingInteractor.swift */; };
		F57C64322961366500CD55CD /* RoomAuthRepository.swift in Sources */ = {isa = PBXBuildFile; fileRef = F57C64312961366500CD55CD /* RoomAuthRepository.swift */; };
		F57C6434296136CC00CD55CD /* RoomAuthDataStore.swift in Sources */ = {isa = PBXBuildFile; fileRef = F57C6433296136CC00CD55CD /* RoomAuthDataStore.swift */; };
		F57C64362962F11C00CD55CD /* LocalStorage.swift in Sources */ = {isa = PBXBuildFile; fileRef = F57C64352962F11C00CD55CD /* LocalStorage.swift */; };
		F57C643A2963010E00CD55CD /* DependencyInjectable.swift in Sources */ = {isa = PBXBuildFile; fileRef = F57C64392963010E00CD55CD /* DependencyInjectable.swift */; };
		F57C643C2963134800CD55CD /* Presentation.swift in Sources */ = {isa = PBXBuildFile; fileRef = F57C643B2963134800CD55CD /* Presentation.swift */; };
		F57C643F2963B53800CD55CD /* EnterRoomInteractor.swift in Sources */ = {isa = PBXBuildFile; fileRef = F57C643E2963B53800CD55CD /* EnterRoomInteractor.swift */; };
		F57C644129653F1500CD55CD /* User.swift in Sources */ = {isa = PBXBuildFile; fileRef = F57C644029653F1500CD55CD /* User.swift */; };
		F5802CFB2931E6E000955949 /* FirestoreRef.swift in Sources */ = {isa = PBXBuildFile; fileRef = F5802CFA2931E6E000955949 /* FirestoreRef.swift */; };
		F5802CFE293207C700955949 /* CardListPresenter.swift in Sources */ = {isa = PBXBuildFile; fileRef = F5802CFD293207C700955949 /* CardListPresenter.swift */; };
		F5802D0329320DEF00955949 /* ModuleAssembler.swift in Sources */ = {isa = PBXBuildFile; fileRef = F5802D0229320DEF00955949 /* ModuleAssembler.swift */; };
		F5802D0529320F1B00955949 /* ModuleAssembler+Default.swift in Sources */ = {isa = PBXBuildFile; fileRef = F5802D0429320F1B00955949 /* ModuleAssembler+Default.swift */; };
		F5802D08293217D000955949 /* EnterRoomContract.swift in Sources */ = {isa = PBXBuildFile; fileRef = F5802D07293217D000955949 /* EnterRoomContract.swift */; };
		F5802D0B293218A800955949 /* CardListContract.swift in Sources */ = {isa = PBXBuildFile; fileRef = F5802D0A293218A800955949 /* CardListContract.swift */; };
		F588E30728BB8E2800C5CA9A /* Neumorphic in Frameworks */ = {isa = PBXBuildFile; productRef = F588E30628BB8E2800C5CA9A /* Neumorphic */; };
		F5B2FAD92944768600592363 /* SettingContract.swift in Sources */ = {isa = PBXBuildFile; fileRef = F5B2FAD82944768600592363 /* SettingContract.swift */; };
		F5B2FADB294476BA00592363 /* SettingPresenter.swift in Sources */ = {isa = PBXBuildFile; fileRef = F5B2FADA294476BA00592363 /* SettingPresenter.swift */; };
		F5B2FADE2944773C00592363 /* SettingViewModel.swift in Sources */ = {isa = PBXBuildFile; fileRef = F5B2FADD2944773C00592363 /* SettingViewModel.swift */; };
		F5B2FAE22949423200592363 /* CardListInteractor.swift in Sources */ = {isa = PBXBuildFile; fileRef = F5B2FAE12949423200592363 /* CardListInteractor.swift */; };
		F5C397DA289E9342008AEFF2 /* CardPackage.swift in Sources */ = {isa = PBXBuildFile; fileRef = F5C397D9289E9342008AEFF2 /* CardPackage.swift */; };
		F5C397DC289F40C6008AEFF2 /* Room.swift in Sources */ = {isa = PBXBuildFile; fileRef = F5C397DB289F40C6008AEFF2 /* Room.swift */; };
		F5C397E0289F420F008AEFF2 /* EnterRoomView.swift in Sources */ = {isa = PBXBuildFile; fileRef = F5C397DF289F420F008AEFF2 /* EnterRoomView.swift */; };
		F5E05171292BB05F006EA727 /* RoomRepository.swift in Sources */ = {isa = PBXBuildFile; fileRef = F5E05170292BB05F006EA727 /* RoomRepository.swift */; };
		F5E05175292BB134006EA727 /* RoomDataStore.swift in Sources */ = {isa = PBXBuildFile; fileRef = F5E05174292BB134006EA727 /* RoomDataStore.swift */; };
		F5E917CB287114DC00AE8421 /* ScrumdingerApp.swift in Sources */ = {isa = PBXBuildFile; fileRef = F5E917CA287114DC00AE8421 /* ScrumdingerApp.swift */; };
		F5E917CF287114E900AE8421 /* Assets.xcassets in Resources */ = {isa = PBXBuildFile; fileRef = F5E917CE287114E900AE8421 /* Assets.xcassets */; };
		F5E917D2287114E900AE8421 /* Preview Assets.xcassets in Resources */ = {isa = PBXBuildFile; fileRef = F5E917D1287114E900AE8421 /* Preview Assets.xcassets */; };
		F5E917DC287114EA00AE8421 /* ScrumdingerTests.swift in Sources */ = {isa = PBXBuildFile; fileRef = F5E917DB287114EA00AE8421 /* ScrumdingerTests.swift */; };
		F5E917E6287114EA00AE8421 /* ScrumdingerUITests.swift in Sources */ = {isa = PBXBuildFile; fileRef = F5E917E5287114EA00AE8421 /* ScrumdingerUITests.swift */; };
		F5E917E8287114EA00AE8421 /* ScrumdingerUITestsLaunchTests.swift in Sources */ = {isa = PBXBuildFile; fileRef = F5E917E7287114EA00AE8421 /* ScrumdingerUITestsLaunchTests.swift */; };
/* End PBXBuildFile section */

/* Begin PBXContainerItemProxy section */
		F5E917D8287114EA00AE8421 /* PBXContainerItemProxy */ = {
			isa = PBXContainerItemProxy;
			containerPortal = F5E917BF287114DC00AE8421 /* Project object */;
			proxyType = 1;
			remoteGlobalIDString = F5E917C6287114DC00AE8421;
			remoteInfo = Scrumdinger;
		};
		F5E917E2287114EA00AE8421 /* PBXContainerItemProxy */ = {
			isa = PBXContainerItemProxy;
			containerPortal = F5E917BF287114DC00AE8421 /* Project object */;
			proxyType = 1;
			remoteGlobalIDString = F5E917C6287114DC00AE8421;
			remoteInfo = Scrumdinger;
		};
/* End PBXContainerItemProxy section */

/* Begin PBXFileReference section */
		F50060F2294426EF005923A7 /* ActivityIndicator.swift */ = {isa = PBXFileReference; lastKnownFileType = sourcecode.swift; path = ActivityIndicator.swift; sourceTree = "<group>"; };
		F50060F8294437A3005923A7 /* SettingView.swift */ = {isa = PBXFileReference; lastKnownFileType = sourcecode.swift; path = SettingView.swift; sourceTree = "<group>"; };
		F5125F2D292E755600C822FE /* EnterRoomPresenter.swift */ = {isa = PBXFileReference; lastKnownFileType = sourcecode.swift; path = EnterRoomPresenter.swift; sourceTree = "<group>"; };
		F52366992891E837005B1F65 /* CardListView.swift */ = {isa = PBXFileReference; lastKnownFileType = sourcecode.swift; path = CardListView.swift; sourceTree = "<group>"; };
		F52366A12896382F005B1F65 /* CardView.swift */ = {isa = PBXFileReference; lastKnownFileType = sourcecode.swift; path = CardView.swift; sourceTree = "<group>"; };
		F525301329364D5200727472 /* EnterRoomViewModel.swift */ = {isa = PBXFileReference; lastKnownFileType = sourcecode.swift; path = EnterRoomViewModel.swift; sourceTree = "<group>"; };
		F52530152936560D00727472 /* CardListViewModel.swift */ = {isa = PBXFileReference; lastKnownFileType = sourcecode.swift; path = CardListViewModel.swift; sourceTree = "<group>"; };
		F533A3A3293FCD7300C833F7 /* OpenCardView.swift */ = {isa = PBXFileReference; lastKnownFileType = sourcecode.swift; path = OpenCardView.swift; sourceTree = "<group>"; };
		F571FA132896CA2C003531CE /* FirebaseFirestore.xcframework */ = {isa = PBXFileReference; lastKnownFileType = wrapper.xcframework; name = FirebaseFirestore.xcframework; path = Carthage/Build/FirebaseFirestore.xcframework; sourceTree = "<group>"; };
		F571FA142896CA2C003531CE /* GoogleAppMeasurementIdentitySupport.xcframework */ = {isa = PBXFileReference; lastKnownFileType = wrapper.xcframework; name = GoogleAppMeasurementIdentitySupport.xcframework; path = Carthage/Build/GoogleAppMeasurementIdentitySupport.xcframework; sourceTree = "<group>"; };
		F571FA152896CA2C003531CE /* GoogleDataTransport.xcframework */ = {isa = PBXFileReference; lastKnownFileType = wrapper.xcframework; name = GoogleDataTransport.xcframework; path = Carthage/Build/GoogleDataTransport.xcframework; sourceTree = "<group>"; };
		F571FA162896CA2C003531CE /* abseil.xcframework */ = {isa = PBXFileReference; lastKnownFileType = wrapper.xcframework; name = abseil.xcframework; path = Carthage/Build/abseil.xcframework; sourceTree = "<group>"; };
		F571FA172896CA2C003531CE /* FirebaseCore.xcframework */ = {isa = PBXFileReference; lastKnownFileType = wrapper.xcframework; name = FirebaseCore.xcframework; path = Carthage/Build/FirebaseCore.xcframework; sourceTree = "<group>"; };
		F571FA182896CA2C003531CE /* FirebaseAnalytics.xcframework */ = {isa = PBXFileReference; lastKnownFileType = wrapper.xcframework; name = FirebaseAnalytics.xcframework; path = Carthage/Build/FirebaseAnalytics.xcframework; sourceTree = "<group>"; };
		F571FA192896CA2C003531CE /* GoogleUtilities.xcframework */ = {isa = PBXFileReference; lastKnownFileType = wrapper.xcframework; name = GoogleUtilities.xcframework; path = Carthage/Build/GoogleUtilities.xcframework; sourceTree = "<group>"; };
		F571FA1A2896CA2C003531CE /* FirebaseAuth.xcframework */ = {isa = PBXFileReference; lastKnownFileType = wrapper.xcframework; name = FirebaseAuth.xcframework; path = Carthage/Build/FirebaseAuth.xcframework; sourceTree = "<group>"; };
		F571FA1B2896CA2C003531CE /* gRPC-C++.xcframework */ = {isa = PBXFileReference; lastKnownFileType = wrapper.xcframework; name = "gRPC-C++.xcframework"; path = "Carthage/Build/gRPC-C++.xcframework"; sourceTree = "<group>"; };
		F571FA1C2896CA2C003531CE /* GTMSessionFetcher.xcframework */ = {isa = PBXFileReference; lastKnownFileType = wrapper.xcframework; name = GTMSessionFetcher.xcframework; path = Carthage/Build/GTMSessionFetcher.xcframework; sourceTree = "<group>"; };
		F571FA1D2896CA2C003531CE /* FirebaseCoreDiagnostics.xcframework */ = {isa = PBXFileReference; lastKnownFileType = wrapper.xcframework; name = FirebaseCoreDiagnostics.xcframework; path = Carthage/Build/FirebaseCoreDiagnostics.xcframework; sourceTree = "<group>"; };
		F571FA1E2896CA2C003531CE /* FirebaseFirestoreSwift.xcframework */ = {isa = PBXFileReference; lastKnownFileType = wrapper.xcframework; name = FirebaseFirestoreSwift.xcframework; path = Carthage/Build/FirebaseFirestoreSwift.xcframework; sourceTree = "<group>"; };
		F571FA1F2896CA2C003531CE /* FirebaseInstallations.xcframework */ = {isa = PBXFileReference; lastKnownFileType = wrapper.xcframework; name = FirebaseInstallations.xcframework; path = Carthage/Build/FirebaseInstallations.xcframework; sourceTree = "<group>"; };
		F571FA202896CA2C003531CE /* leveldb-library.xcframework */ = {isa = PBXFileReference; lastKnownFileType = wrapper.xcframework; name = "leveldb-library.xcframework"; path = "Carthage/Build/leveldb-library.xcframework"; sourceTree = "<group>"; };
		F571FA212896CA2C003531CE /* FirebaseAnalyticsSwift.xcframework */ = {isa = PBXFileReference; lastKnownFileType = wrapper.xcframework; name = FirebaseAnalyticsSwift.xcframework; path = Carthage/Build/FirebaseAnalyticsSwift.xcframework; sourceTree = "<group>"; };
		F571FA222896CA2C003531CE /* FirebaseCoreInternal.xcframework */ = {isa = PBXFileReference; lastKnownFileType = wrapper.xcframework; name = FirebaseCoreInternal.xcframework; path = Carthage/Build/FirebaseCoreInternal.xcframework; sourceTree = "<group>"; };
		F571FA232896CA2C003531CE /* Libuv-gRPC.xcframework */ = {isa = PBXFileReference; lastKnownFileType = wrapper.xcframework; name = "Libuv-gRPC.xcframework"; path = "Carthage/Build/Libuv-gRPC.xcframework"; sourceTree = "<group>"; };
		F571FA242896CA2C003531CE /* gRPC-Core.xcframework */ = {isa = PBXFileReference; lastKnownFileType = wrapper.xcframework; name = "gRPC-Core.xcframework"; path = "Carthage/Build/gRPC-Core.xcframework"; sourceTree = "<group>"; };
		F571FA252896CA2C003531CE /* GoogleAppMeasurement.xcframework */ = {isa = PBXFileReference; lastKnownFileType = wrapper.xcframework; name = GoogleAppMeasurement.xcframework; path = Carthage/Build/GoogleAppMeasurement.xcframework; sourceTree = "<group>"; };
		F571FA262896CA2C003531CE /* nanopb.xcframework */ = {isa = PBXFileReference; lastKnownFileType = wrapper.xcframework; name = nanopb.xcframework; path = Carthage/Build/nanopb.xcframework; sourceTree = "<group>"; };
		F571FA272896CA2C003531CE /* PromisesObjC.xcframework */ = {isa = PBXFileReference; lastKnownFileType = wrapper.xcframework; name = PromisesObjC.xcframework; path = Carthage/Build/PromisesObjC.xcframework; sourceTree = "<group>"; };
		F571FA282896CA2C003531CE /* BoringSSL-GRPC.xcframework */ = {isa = PBXFileReference; lastKnownFileType = wrapper.xcframework; name = "BoringSSL-GRPC.xcframework"; path = "Carthage/Build/BoringSSL-GRPC.xcframework"; sourceTree = "<group>"; };
		F571FA5E2896CCA5003531CE /* gRPCCertificates-Cpp.bundle */ = {isa = PBXFileReference; lastKnownFileType = "wrapper.plug-in"; name = "gRPCCertificates-Cpp.bundle"; path = "Carthage/Build/gRPC-C++.xcframework/ios-arm64/gRPC-C++.framework/Resources/gRPCCertificates-Cpp.bundle"; sourceTree = "<group>"; };
		F571FA672896D137003531CE /* GoogleService-Info.plist */ = {isa = PBXFileReference; fileEncoding = 4; lastKnownFileType = text.plist.xml; path = "GoogleService-Info.plist"; sourceTree = "<group>"; };
		F57C64192950A91000CD55CD /* SelectThemeColorContract.swift */ = {isa = PBXFileReference; lastKnownFileType = sourcecode.swift; path = SelectThemeColorContract.swift; sourceTree = "<group>"; };
		F57C641B2950A99F00CD55CD /* SelectThemeColorPresenter.swift */ = {isa = PBXFileReference; lastKnownFileType = sourcecode.swift; path = SelectThemeColorPresenter.swift; sourceTree = "<group>"; };
		F57C641D2950AA3400CD55CD /* SelectThemeColorView.swift */ = {isa = PBXFileReference; lastKnownFileType = sourcecode.swift; path = SelectThemeColorView.swift; sourceTree = "<group>"; };
		F57C64202956BB7C00CD55CD /* SelectThemeColorViewModel.swift */ = {isa = PBXFileReference; lastKnownFileType = sourcecode.swift; path = SelectThemeColorViewModel.swift; sourceTree = "<group>"; };
		F57C642C295FF60600CD55CD /* SelectThemeColorInteractor.swift */ = {isa = PBXFileReference; lastKnownFileType = sourcecode.swift; path = SelectThemeColorInteractor.swift; sourceTree = "<group>"; };
		F57C642F296120BD00CD55CD /* SettingInteractor.swift */ = {isa = PBXFileReference; lastKnownFileType = sourcecode.swift; path = SettingInteractor.swift; sourceTree = "<group>"; };
		F57C64312961366500CD55CD /* RoomAuthRepository.swift */ = {isa = PBXFileReference; lastKnownFileType = sourcecode.swift; path = RoomAuthRepository.swift; sourceTree = "<group>"; };
		F57C6433296136CC00CD55CD /* RoomAuthDataStore.swift */ = {isa = PBXFileReference; lastKnownFileType = sourcecode.swift; path = RoomAuthDataStore.swift; sourceTree = "<group>"; };
		F57C64352962F11C00CD55CD /* LocalStorage.swift */ = {isa = PBXFileReference; lastKnownFileType = sourcecode.swift; path = LocalStorage.swift; sourceTree = "<group>"; };
		F57C64392963010E00CD55CD /* DependencyInjectable.swift */ = {isa = PBXFileReference; lastKnownFileType = sourcecode.swift; path = DependencyInjectable.swift; sourceTree = "<group>"; };
		F57C643B2963134800CD55CD /* Presentation.swift */ = {isa = PBXFileReference; lastKnownFileType = sourcecode.swift; path = Presentation.swift; sourceTree = "<group>"; };
		F57C643E2963B53800CD55CD /* EnterRoomInteractor.swift */ = {isa = PBXFileReference; lastKnownFileType = sourcecode.swift; path = EnterRoomInteractor.swift; sourceTree = "<group>"; };
		F57C644029653F1500CD55CD /* User.swift */ = {isa = PBXFileReference; lastKnownFileType = sourcecode.swift; path = User.swift; sourceTree = "<group>"; };
		F5802CFA2931E6E000955949 /* FirestoreRef.swift */ = {isa = PBXFileReference; lastKnownFileType = sourcecode.swift; path = FirestoreRef.swift; sourceTree = "<group>"; };
		F5802CFD293207C700955949 /* CardListPresenter.swift */ = {isa = PBXFileReference; lastKnownFileType = sourcecode.swift; path = CardListPresenter.swift; sourceTree = "<group>"; };
		F5802D0229320DEF00955949 /* ModuleAssembler.swift */ = {isa = PBXFileReference; lastKnownFileType = sourcecode.swift; path = ModuleAssembler.swift; sourceTree = "<group>"; };
		F5802D0429320F1B00955949 /* ModuleAssembler+Default.swift */ = {isa = PBXFileReference; lastKnownFileType = sourcecode.swift; path = "ModuleAssembler+Default.swift"; sourceTree = "<group>"; };
		F5802D07293217D000955949 /* EnterRoomContract.swift */ = {isa = PBXFileReference; lastKnownFileType = sourcecode.swift; path = EnterRoomContract.swift; sourceTree = "<group>"; };
		F5802D0A293218A800955949 /* CardListContract.swift */ = {isa = PBXFileReference; lastKnownFileType = sourcecode.swift; path = CardListContract.swift; sourceTree = "<group>"; };
		F5B2FAD82944768600592363 /* SettingContract.swift */ = {isa = PBXFileReference; lastKnownFileType = sourcecode.swift; path = SettingContract.swift; sourceTree = "<group>"; };
		F5B2FADA294476BA00592363 /* SettingPresenter.swift */ = {isa = PBXFileReference; lastKnownFileType = sourcecode.swift; path = SettingPresenter.swift; sourceTree = "<group>"; };
		F5B2FADD2944773C00592363 /* SettingViewModel.swift */ = {isa = PBXFileReference; lastKnownFileType = sourcecode.swift; path = SettingViewModel.swift; sourceTree = "<group>"; };
		F5B2FAE12949423200592363 /* CardListInteractor.swift */ = {isa = PBXFileReference; lastKnownFileType = sourcecode.swift; path = CardListInteractor.swift; sourceTree = "<group>"; };
		F5C397D9289E9342008AEFF2 /* CardPackage.swift */ = {isa = PBXFileReference; lastKnownFileType = sourcecode.swift; path = CardPackage.swift; sourceTree = "<group>"; };
		F5C397DB289F40C6008AEFF2 /* Room.swift */ = {isa = PBXFileReference; lastKnownFileType = sourcecode.swift; path = Room.swift; sourceTree = "<group>"; };
		F5C397DF289F420F008AEFF2 /* EnterRoomView.swift */ = {isa = PBXFileReference; lastKnownFileType = sourcecode.swift; path = EnterRoomView.swift; sourceTree = "<group>"; };
		F5E05170292BB05F006EA727 /* RoomRepository.swift */ = {isa = PBXFileReference; lastKnownFileType = sourcecode.swift; path = RoomRepository.swift; sourceTree = "<group>"; };
		F5E05174292BB134006EA727 /* RoomDataStore.swift */ = {isa = PBXFileReference; lastKnownFileType = sourcecode.swift; path = RoomDataStore.swift; sourceTree = "<group>"; };
		F5E917C7287114DC00AE8421 /* Scrumdinger.app */ = {isa = PBXFileReference; explicitFileType = wrapper.application; includeInIndex = 0; path = Scrumdinger.app; sourceTree = BUILT_PRODUCTS_DIR; };
		F5E917CA287114DC00AE8421 /* ScrumdingerApp.swift */ = {isa = PBXFileReference; lastKnownFileType = sourcecode.swift; path = ScrumdingerApp.swift; sourceTree = "<group>"; };
		F5E917CE287114E900AE8421 /* Assets.xcassets */ = {isa = PBXFileReference; lastKnownFileType = folder.assetcatalog; path = Assets.xcassets; sourceTree = "<group>"; };
		F5E917D1287114E900AE8421 /* Preview Assets.xcassets */ = {isa = PBXFileReference; lastKnownFileType = folder.assetcatalog; path = "Preview Assets.xcassets"; sourceTree = "<group>"; };
		F5E917D7287114EA00AE8421 /* ScrumdingerTests.xctest */ = {isa = PBXFileReference; explicitFileType = wrapper.cfbundle; includeInIndex = 0; path = ScrumdingerTests.xctest; sourceTree = BUILT_PRODUCTS_DIR; };
		F5E917DB287114EA00AE8421 /* ScrumdingerTests.swift */ = {isa = PBXFileReference; lastKnownFileType = sourcecode.swift; path = ScrumdingerTests.swift; sourceTree = "<group>"; };
		F5E917E1287114EA00AE8421 /* ScrumdingerUITests.xctest */ = {isa = PBXFileReference; explicitFileType = wrapper.cfbundle; includeInIndex = 0; path = ScrumdingerUITests.xctest; sourceTree = BUILT_PRODUCTS_DIR; };
		F5E917E5287114EA00AE8421 /* ScrumdingerUITests.swift */ = {isa = PBXFileReference; lastKnownFileType = sourcecode.swift; path = ScrumdingerUITests.swift; sourceTree = "<group>"; };
		F5E917E7287114EA00AE8421 /* ScrumdingerUITestsLaunchTests.swift */ = {isa = PBXFileReference; lastKnownFileType = sourcecode.swift; path = ScrumdingerUITestsLaunchTests.swift; sourceTree = "<group>"; };
/* End PBXFileReference section */

/* Begin PBXFrameworksBuildPhase section */
		F5E917C4287114DC00AE8421 /* Frameworks */ = {
			isa = PBXFrameworksBuildPhase;
			buildActionMask = 2147483647;
			files = (
				F571FA4D2896CA2D003531CE /* GoogleAppMeasurement.xcframework in Frameworks */,
				F571FA2D2896CA2C003531CE /* GoogleDataTransport.xcframework in Frameworks */,
				F571FA2F2896CA2C003531CE /* abseil.xcframework in Frameworks */,
				F571FA512896CA2D003531CE /* PromisesObjC.xcframework in Frameworks */,
				F571FA4F2896CA2D003531CE /* nanopb.xcframework in Frameworks */,
				F571FA432896CA2C003531CE /* leveldb-library.xcframework in Frameworks */,
				F571FA492896CA2C003531CE /* Libuv-gRPC.xcframework in Frameworks */,
				F571FA392896CA2C003531CE /* gRPC-C++.xcframework in Frameworks */,
				F571FA412896CA2C003531CE /* FirebaseInstallations.xcframework in Frameworks */,
				F571FA452896CA2C003531CE /* FirebaseAnalyticsSwift.xcframework in Frameworks */,
				F571FA4B2896CA2D003531CE /* gRPC-Core.xcframework in Frameworks */,
				F571FA352896CA2C003531CE /* GoogleUtilities.xcframework in Frameworks */,
				F571FA562896CA3B003531CE /* FirebaseAuth.xcframework in Frameworks */,
				F571FA3D2896CA2C003531CE /* FirebaseCoreDiagnostics.xcframework in Frameworks */,
				F588E30728BB8E2800C5CA9A /* Neumorphic in Frameworks */,
				F571FA3F2896CA2C003531CE /* FirebaseFirestoreSwift.xcframework in Frameworks */,
				F571FA312896CA2C003531CE /* FirebaseCore.xcframework in Frameworks */,
				F571FA292896CA2C003531CE /* FirebaseFirestore.xcframework in Frameworks */,
				F571FA532896CA2D003531CE /* BoringSSL-GRPC.xcframework in Frameworks */,
				F571FA472896CA2C003531CE /* FirebaseCoreInternal.xcframework in Frameworks */,
				F571FA3B2896CA2C003531CE /* GTMSessionFetcher.xcframework in Frameworks */,
				F571FA2B2896CA2C003531CE /* GoogleAppMeasurementIdentitySupport.xcframework in Frameworks */,
				F571FA332896CA2C003531CE /* FirebaseAnalytics.xcframework in Frameworks */,
			);
			runOnlyForDeploymentPostprocessing = 0;
		};
		F5E917D4287114EA00AE8421 /* Frameworks */ = {
			isa = PBXFrameworksBuildPhase;
			buildActionMask = 2147483647;
			files = (
			);
			runOnlyForDeploymentPostprocessing = 0;
		};
		F5E917DE287114EA00AE8421 /* Frameworks */ = {
			isa = PBXFrameworksBuildPhase;
			buildActionMask = 2147483647;
			files = (
			);
			runOnlyForDeploymentPostprocessing = 0;
		};
/* End PBXFrameworksBuildPhase section */

/* Begin PBXGroup section */
		F50060F62944376D005923A7 /* Setting */ = {
			isa = PBXGroup;
			children = (
				F5B2FAD62944766C00592363 /* Contract */,
				F50060F72944378C005923A7 /* View */,
				F5B2FAD72944767300592363 /* Presenter */,
				F57C642E296120A800CD55CD /* Interactor */,
			);
			path = Setting;
			sourceTree = "<group>";
		};
		F50060F72944378C005923A7 /* View */ = {
			isa = PBXGroup;
			children = (
				F50060F8294437A3005923A7 /* SettingView.swift */,
			);
			path = View;
			sourceTree = "<group>";
		};
		F5125F26292DF92700C822FE /* Modules */ = {
			isa = PBXGroup;
			children = (
				F5E051692929B421006EA727 /* Model */,
				F57C6438296300F400CD55CD /* Protocols */,
				F5802D0129320DDC00955949 /* ModuleAssembler */,
				F5E051682929B407006EA727 /* EnterRoom */,
				F5E051672929B125006EA727 /* CardList */,
				F50060F62944376D005923A7 /* Setting */,
				F57C64152950A8A600CD55CD /* SelectThemeColor */,
			);
			path = Modules;
			sourceTree = "<group>";
		};
		F5125F2C292E753700C822FE /* Presenter */ = {
			isa = PBXGroup;
			children = (
				F525301129364D1D00727472 /* ViewModel */,
				F5125F2D292E755600C822FE /* EnterRoomPresenter.swift */,
			);
			path = Presenter;
			sourceTree = "<group>";
		};
		F525301129364D1D00727472 /* ViewModel */ = {
			isa = PBXGroup;
			children = (
				F525301329364D5200727472 /* EnterRoomViewModel.swift */,
			);
			path = ViewModel;
			sourceTree = "<group>";
		};
		F525301229364D2C00727472 /* ViewModel */ = {
			isa = PBXGroup;
			children = (
				F52530152936560D00727472 /* CardListViewModel.swift */,
			);
			path = ViewModel;
			sourceTree = "<group>";
		};
		F571FA122896CA2B003531CE /* Frameworks */ = {
			isa = PBXGroup;
			children = (
				F571FA162896CA2C003531CE /* abseil.xcframework */,
				F571FA282896CA2C003531CE /* BoringSSL-GRPC.xcframework */,
				F571FA182896CA2C003531CE /* FirebaseAnalytics.xcframework */,
				F571FA212896CA2C003531CE /* FirebaseAnalyticsSwift.xcframework */,
				F571FA1A2896CA2C003531CE /* FirebaseAuth.xcframework */,
				F571FA172896CA2C003531CE /* FirebaseCore.xcframework */,
				F571FA1D2896CA2C003531CE /* FirebaseCoreDiagnostics.xcframework */,
				F571FA222896CA2C003531CE /* FirebaseCoreInternal.xcframework */,
				F571FA132896CA2C003531CE /* FirebaseFirestore.xcframework */,
				F571FA1E2896CA2C003531CE /* FirebaseFirestoreSwift.xcframework */,
				F571FA1F2896CA2C003531CE /* FirebaseInstallations.xcframework */,
				F571FA252896CA2C003531CE /* GoogleAppMeasurement.xcframework */,
				F571FA142896CA2C003531CE /* GoogleAppMeasurementIdentitySupport.xcframework */,
				F571FA152896CA2C003531CE /* GoogleDataTransport.xcframework */,
				F571FA192896CA2C003531CE /* GoogleUtilities.xcframework */,
				F571FA1B2896CA2C003531CE /* gRPC-C++.xcframework */,
				F571FA242896CA2C003531CE /* gRPC-Core.xcframework */,
				F571FA1C2896CA2C003531CE /* GTMSessionFetcher.xcframework */,
				F571FA202896CA2C003531CE /* leveldb-library.xcframework */,
				F571FA232896CA2C003531CE /* Libuv-gRPC.xcframework */,
				F571FA262896CA2C003531CE /* nanopb.xcframework */,
				F571FA272896CA2C003531CE /* PromisesObjC.xcframework */,
			);
			name = Frameworks;
			sourceTree = "<group>";
		};
		F57C64152950A8A600CD55CD /* SelectThemeColor */ = {
			isa = PBXGroup;
			children = (
				F57C64162950A8E200CD55CD /* Contract */,
				F57C64172950A8E800CD55CD /* View */,
				F57C64182950A8ED00CD55CD /* Presenter */,
				F57C642B295FF5E100CD55CD /* Interactor */,
			);
			path = SelectThemeColor;
			sourceTree = "<group>";
		};
		F57C64162950A8E200CD55CD /* Contract */ = {
			isa = PBXGroup;
			children = (
				F57C64192950A91000CD55CD /* SelectThemeColorContract.swift */,
			);
			path = Contract;
			sourceTree = "<group>";
		};
		F57C64172950A8E800CD55CD /* View */ = {
			isa = PBXGroup;
			children = (
				F57C641D2950AA3400CD55CD /* SelectThemeColorView.swift */,
			);
			path = View;
			sourceTree = "<group>";
		};
		F57C64182950A8ED00CD55CD /* Presenter */ = {
			isa = PBXGroup;
			children = (
				F57C641F2956BB5700CD55CD /* ViewModel */,
				F57C641B2950A99F00CD55CD /* SelectThemeColorPresenter.swift */,
			);
			path = Presenter;
			sourceTree = "<group>";
		};
		F57C641F2956BB5700CD55CD /* ViewModel */ = {
			isa = PBXGroup;
			children = (
				F57C64202956BB7C00CD55CD /* SelectThemeColorViewModel.swift */,
			);
			path = ViewModel;
			sourceTree = "<group>";
		};
		F57C642B295FF5E100CD55CD /* Interactor */ = {
			isa = PBXGroup;
			children = (
				F57C642C295FF60600CD55CD /* SelectThemeColorInteractor.swift */,
			);
			path = Interactor;
			sourceTree = "<group>";
		};
		F57C642E296120A800CD55CD /* Interactor */ = {
			isa = PBXGroup;
			children = (
				F57C642F296120BD00CD55CD /* SettingInteractor.swift */,
			);
			path = Interactor;
			sourceTree = "<group>";
		};
		F57C64372963003E00CD55CD /* LocalStorage */ = {
			isa = PBXGroup;
			children = (
				F57C64352962F11C00CD55CD /* LocalStorage.swift */,
			);
			path = LocalStorage;
			sourceTree = "<group>";
		};
		F57C6438296300F400CD55CD /* Protocols */ = {
			isa = PBXGroup;
			children = (
				F57C64392963010E00CD55CD /* DependencyInjectable.swift */,
				F57C643B2963134800CD55CD /* Presentation.swift */,
			);
			path = Protocols;
			sourceTree = "<group>";
		};
		F57C643D2963B51D00CD55CD /* Interactor */ = {
			isa = PBXGroup;
			children = (
				F57C643E2963B53800CD55CD /* EnterRoomInteractor.swift */,
			);
			path = Interactor;
			sourceTree = "<group>";
		};
		F5802CF92931E6D000955949 /* Firebase */ = {
			isa = PBXGroup;
			children = (
				F5802CFA2931E6E000955949 /* FirestoreRef.swift */,
			);
			path = Firebase;
			sourceTree = "<group>";
		};
		F5802CFC293207B400955949 /* Presenter */ = {
			isa = PBXGroup;
			children = (
				F525301229364D2C00727472 /* ViewModel */,
				F5802CFD293207C700955949 /* CardListPresenter.swift */,
			);
			path = Presenter;
			sourceTree = "<group>";
		};
		F5802D0129320DDC00955949 /* ModuleAssembler */ = {
			isa = PBXGroup;
			children = (
				F5802D0229320DEF00955949 /* ModuleAssembler.swift */,
				F5802D0429320F1B00955949 /* ModuleAssembler+Default.swift */,
			);
			path = ModuleAssembler;
			sourceTree = "<group>";
		};
		F5802D06293217C100955949 /* Contract */ = {
			isa = PBXGroup;
			children = (
				F5802D07293217D000955949 /* EnterRoomContract.swift */,
			);
			path = Contract;
			sourceTree = "<group>";
		};
		F5802D092932189C00955949 /* Contract */ = {
			isa = PBXGroup;
			children = (
				F5802D0A293218A800955949 /* CardListContract.swift */,
			);
			path = Contract;
			sourceTree = "<group>";
		};
		F5B2FAD62944766C00592363 /* Contract */ = {
			isa = PBXGroup;
			children = (
				F5B2FAD82944768600592363 /* SettingContract.swift */,
			);
			path = Contract;
			sourceTree = "<group>";
		};
		F5B2FAD72944767300592363 /* Presenter */ = {
			isa = PBXGroup;
			children = (
				F5B2FADC2944772C00592363 /* ViewModel */,
				F5B2FADA294476BA00592363 /* SettingPresenter.swift */,
			);
			path = Presenter;
			sourceTree = "<group>";
		};
		F5B2FADC2944772C00592363 /* ViewModel */ = {
			isa = PBXGroup;
			children = (
				F5B2FADD2944773C00592363 /* SettingViewModel.swift */,
			);
			path = ViewModel;
			sourceTree = "<group>";
		};
		F5B2FADF2947E0A700592363 /* ViewComponents */ = {
			isa = PBXGroup;
			children = (
				F52366A12896382F005B1F65 /* CardView.swift */,
				F533A3A3293FCD7300C833F7 /* OpenCardView.swift */,
			);
			path = ViewComponents;
			sourceTree = "<group>";
		};
		F5B2FAE02949420A00592363 /* Interactor */ = {
			isa = PBXGroup;
			children = (
				F5B2FAE12949423200592363 /* CardListInteractor.swift */,
			);
			path = Interactor;
			sourceTree = "<group>";
		};
		F5E051662929B116006EA727 /* View */ = {
			isa = PBXGroup;
			children = (
				F5C397DF289F420F008AEFF2 /* EnterRoomView.swift */,
			);
			path = View;
			sourceTree = "<group>";
		};
		F5E051672929B125006EA727 /* CardList */ = {
			isa = PBXGroup;
			children = (
				F5802D092932189C00955949 /* Contract */,
				F5E0516A2929B45C006EA727 /* View */,
				F5802CFC293207B400955949 /* Presenter */,
				F5B2FAE02949420A00592363 /* Interactor */,
			);
			path = CardList;
			sourceTree = "<group>";
		};
		F5E051682929B407006EA727 /* EnterRoom */ = {
			isa = PBXGroup;
			children = (
				F5802D06293217C100955949 /* Contract */,
				F5E051662929B116006EA727 /* View */,
				F5125F2C292E753700C822FE /* Presenter */,
				F57C643D2963B51D00CD55CD /* Interactor */,
			);
			path = EnterRoom;
			sourceTree = "<group>";
		};
		F5E051692929B421006EA727 /* Model */ = {
			isa = PBXGroup;
			children = (
				F57C644029653F1500CD55CD /* User.swift */,
				F5C397D9289E9342008AEFF2 /* CardPackage.swift */,
				F5C397DB289F40C6008AEFF2 /* Room.swift */,
			);
			path = Model;
			sourceTree = "<group>";
		};
		F5E0516A2929B45C006EA727 /* View */ = {
			isa = PBXGroup;
			children = (
				F5B2FADF2947E0A700592363 /* ViewComponents */,
				F52366992891E837005B1F65 /* CardListView.swift */,
			);
			path = View;
			sourceTree = "<group>";
		};
		F5E0516F292BAFF4006EA727 /* Data */ = {
			isa = PBXGroup;
			children = (
				F5802CF92931E6D000955949 /* Firebase */,
				F5E05172292BB0EF006EA727 /* Repository */,
				F5E05173292BB0FA006EA727 /* DataStore */,
				F57C64372963003E00CD55CD /* LocalStorage */,
			);
			path = Data;
			sourceTree = "<group>";
		};
		F5E05172292BB0EF006EA727 /* Repository */ = {
			isa = PBXGroup;
			children = (
				F5E05170292BB05F006EA727 /* RoomRepository.swift */,
				F57C64312961366500CD55CD /* RoomAuthRepository.swift */,
			);
			path = Repository;
			sourceTree = "<group>";
		};
		F5E05173292BB0FA006EA727 /* DataStore */ = {
			isa = PBXGroup;
			children = (
				F5E05174292BB134006EA727 /* RoomDataStore.swift */,
				F57C6433296136CC00CD55CD /* RoomAuthDataStore.swift */,
			);
			path = DataStore;
			sourceTree = "<group>";
		};
		F5E917BE287114DC00AE8421 = {
			isa = PBXGroup;
			children = (
				F571FA5E2896CCA5003531CE /* gRPCCertificates-Cpp.bundle */,
				F571FA122896CA2B003531CE /* Frameworks */,
				F5E917C8287114DC00AE8421 /* Products */,
				F5E917C9287114DC00AE8421 /* Scrumdinger */,
				F5E917DA287114EA00AE8421 /* ScrumdingerTests */,
				F5E917E4287114EA00AE8421 /* ScrumdingerUITests */,
			);
			sourceTree = "<group>";
		};
		F5E917C8287114DC00AE8421 /* Products */ = {
			isa = PBXGroup;
			children = (
				F5E917C7287114DC00AE8421 /* Scrumdinger.app */,
				F5E917D7287114EA00AE8421 /* ScrumdingerTests.xctest */,
				F5E917E1287114EA00AE8421 /* ScrumdingerUITests.xctest */,
			);
			name = Products;
			sourceTree = "<group>";
		};
		F5E917C9287114DC00AE8421 /* Scrumdinger */ = {
			isa = PBXGroup;
			children = (
				F5E0516F292BAFF4006EA727 /* Data */,
				F5125F26292DF92700C822FE /* Modules */,
				F5E917CA287114DC00AE8421 /* ScrumdingerApp.swift */,
				F50060F2294426EF005923A7 /* ActivityIndicator.swift */,
				F5E917CE287114E900AE8421 /* Assets.xcassets */,
				F571FA672896D137003531CE /* GoogleService-Info.plist */,
				F5E917D0287114E900AE8421 /* Preview Content */,
			);
			path = Scrumdinger;
			sourceTree = "<group>";
		};
		F5E917D0287114E900AE8421 /* Preview Content */ = {
			isa = PBXGroup;
			children = (
				F5E917D1287114E900AE8421 /* Preview Assets.xcassets */,
			);
			path = "Preview Content";
			sourceTree = "<group>";
		};
		F5E917DA287114EA00AE8421 /* ScrumdingerTests */ = {
			isa = PBXGroup;
			children = (
				F5E917DB287114EA00AE8421 /* ScrumdingerTests.swift */,
			);
			path = ScrumdingerTests;
			sourceTree = "<group>";
		};
		F5E917E4287114EA00AE8421 /* ScrumdingerUITests */ = {
			isa = PBXGroup;
			children = (
				F5E917E5287114EA00AE8421 /* ScrumdingerUITests.swift */,
				F5E917E7287114EA00AE8421 /* ScrumdingerUITestsLaunchTests.swift */,
			);
			path = ScrumdingerUITests;
			sourceTree = "<group>";
		};
/* End PBXGroup section */

/* Begin PBXNativeTarget section */
		F5E917C6287114DC00AE8421 /* Scrumdinger */ = {
			isa = PBXNativeTarget;
			buildConfigurationList = F5E917EB287114EA00AE8421 /* Build configuration list for PBXNativeTarget "Scrumdinger" */;
			buildPhases = (
				F5E917C3287114DC00AE8421 /* Sources */,
				F5E917C4287114DC00AE8421 /* Frameworks */,
				F5E917C5287114DC00AE8421 /* Resources */,
				F571FA602896CCC5003531CE /* ShellScript */,
			);
			buildRules = (
			);
			dependencies = (
			);
			name = Scrumdinger;
			packageProductDependencies = (
				F588E30628BB8E2800C5CA9A /* Neumorphic */,
			);
			productName = Scrumdinger;
			productReference = F5E917C7287114DC00AE8421 /* Scrumdinger.app */;
			productType = "com.apple.product-type.application";
		};
		F5E917D6287114EA00AE8421 /* ScrumdingerTests */ = {
			isa = PBXNativeTarget;
			buildConfigurationList = F5E917EE287114EA00AE8421 /* Build configuration list for PBXNativeTarget "ScrumdingerTests" */;
			buildPhases = (
				F5E917D3287114EA00AE8421 /* Sources */,
				F5E917D4287114EA00AE8421 /* Frameworks */,
				F5E917D5287114EA00AE8421 /* Resources */,
			);
			buildRules = (
			);
			dependencies = (
				F5E917D9287114EA00AE8421 /* PBXTargetDependency */,
			);
			name = ScrumdingerTests;
			productName = ScrumdingerTests;
			productReference = F5E917D7287114EA00AE8421 /* ScrumdingerTests.xctest */;
			productType = "com.apple.product-type.bundle.unit-test";
		};
		F5E917E0287114EA00AE8421 /* ScrumdingerUITests */ = {
			isa = PBXNativeTarget;
			buildConfigurationList = F5E917F1287114EA00AE8421 /* Build configuration list for PBXNativeTarget "ScrumdingerUITests" */;
			buildPhases = (
				F5E917DD287114EA00AE8421 /* Sources */,
				F5E917DE287114EA00AE8421 /* Frameworks */,
				F5E917DF287114EA00AE8421 /* Resources */,
			);
			buildRules = (
			);
			dependencies = (
				F5E917E3287114EA00AE8421 /* PBXTargetDependency */,
			);
			name = ScrumdingerUITests;
			productName = ScrumdingerUITests;
			productReference = F5E917E1287114EA00AE8421 /* ScrumdingerUITests.xctest */;
			productType = "com.apple.product-type.bundle.ui-testing";
		};
/* End PBXNativeTarget section */

/* Begin PBXProject section */
		F5E917BF287114DC00AE8421 /* Project object */ = {
			isa = PBXProject;
			attributes = {
				BuildIndependentTargetsInParallel = 1;
				LastSwiftUpdateCheck = 1340;
				LastUpgradeCheck = 1340;
				TargetAttributes = {
					F5E917C6287114DC00AE8421 = {
						CreatedOnToolsVersion = 13.4.1;
					};
					F5E917D6287114EA00AE8421 = {
						CreatedOnToolsVersion = 13.4.1;
						TestTargetID = F5E917C6287114DC00AE8421;
					};
					F5E917E0287114EA00AE8421 = {
						CreatedOnToolsVersion = 13.4.1;
						TestTargetID = F5E917C6287114DC00AE8421;
					};
				};
			};
			buildConfigurationList = F5E917C2287114DC00AE8421 /* Build configuration list for PBXProject "Scrumdinger" */;
			compatibilityVersion = "Xcode 13.0";
			developmentRegion = en;
			hasScannedForEncodings = 0;
			knownRegions = (
				en,
				Base,
			);
			mainGroup = F5E917BE287114DC00AE8421;
			packageReferences = (
				F588E30528BB8E2800C5CA9A /* XCRemoteSwiftPackageReference "neumorphic" */,
			);
			productRefGroup = F5E917C8287114DC00AE8421 /* Products */;
			projectDirPath = "";
			projectRoot = "";
			targets = (
				F5E917C6287114DC00AE8421 /* Scrumdinger */,
				F5E917D6287114EA00AE8421 /* ScrumdingerTests */,
				F5E917E0287114EA00AE8421 /* ScrumdingerUITests */,
			);
		};
/* End PBXProject section */

/* Begin PBXResourcesBuildPhase section */
		F5E917C5287114DC00AE8421 /* Resources */ = {
			isa = PBXResourcesBuildPhase;
			buildActionMask = 2147483647;
			files = (
				F571FA5F2896CCA5003531CE /* gRPCCertificates-Cpp.bundle in Resources */,
				F571FA682896D137003531CE /* GoogleService-Info.plist in Resources */,
				F5E917D2287114E900AE8421 /* Preview Assets.xcassets in Resources */,
				F5E917CF287114E900AE8421 /* Assets.xcassets in Resources */,
			);
			runOnlyForDeploymentPostprocessing = 0;
		};
		F5E917D5287114EA00AE8421 /* Resources */ = {
			isa = PBXResourcesBuildPhase;
			buildActionMask = 2147483647;
			files = (
			);
			runOnlyForDeploymentPostprocessing = 0;
		};
		F5E917DF287114EA00AE8421 /* Resources */ = {
			isa = PBXResourcesBuildPhase;
			buildActionMask = 2147483647;
			files = (
			);
			runOnlyForDeploymentPostprocessing = 0;
		};
/* End PBXResourcesBuildPhase section */

/* Begin PBXShellScriptBuildPhase section */
		F571FA602896CCC5003531CE /* ShellScript */ = {
			isa = PBXShellScriptBuildPhase;
			buildActionMask = 2147483647;
			files = (
			);
			inputFileListPaths = (
			);
			inputPaths = (
			);
			outputFileListPaths = (
			);
			outputPaths = (
			);
			runOnlyForDeploymentPostprocessing = 0;
			shellPath = /bin/sh;
			shellScript = "# Type a script or drag a script file from your workspace to insert its path.\n/usr/local/bin/carthage copy-frameworks\n";
		};
/* End PBXShellScriptBuildPhase section */

/* Begin PBXSourcesBuildPhase section */
		F5E917C3287114DC00AE8421 /* Sources */ = {
			isa = PBXSourcesBuildPhase;
			buildActionMask = 2147483647;
			files = (
				F57C641C2950A99F00CD55CD /* SelectThemeColorPresenter.swift in Sources */,
				F57C6434296136CC00CD55CD /* RoomAuthDataStore.swift in Sources */,
				F5802CFB2931E6E000955949 /* FirestoreRef.swift in Sources */,
				F57C64322961366500CD55CD /* RoomAuthRepository.swift in Sources */,
				F5E05175292BB134006EA727 /* RoomDataStore.swift in Sources */,
				F5C397E0289F420F008AEFF2 /* EnterRoomView.swift in Sources */,
				F52366A22896382F005B1F65 /* CardView.swift in Sources */,
				F57C641E2950AA3400CD55CD /* SelectThemeColorView.swift in Sources */,
				F57C643C2963134800CD55CD /* Presentation.swift in Sources */,
				F5C397DC289F40C6008AEFF2 /* Room.swift in Sources */,
				F5B2FAD92944768600592363 /* SettingContract.swift in Sources */,
				F57C64212956BB7C00CD55CD /* SelectThemeColorViewModel.swift in Sources */,
				F5B2FADB294476BA00592363 /* SettingPresenter.swift in Sources */,
				F5802D0B293218A800955949 /* CardListContract.swift in Sources */,
				F523669A2891E837005B1F65 /* CardListView.swift in Sources */,
				F5802D0529320F1B00955949 /* ModuleAssembler+Default.swift in Sources */,
				F57C642D295FF60600CD55CD /* SelectThemeColorInteractor.swift in Sources */,
				F5E05171292BB05F006EA727 /* RoomRepository.swift in Sources */,
				F57C643A2963010E00CD55CD /* DependencyInjectable.swift in Sources */,
				F5125F2E292E755600C822FE /* EnterRoomPresenter.swift in Sources */,
				F525301429364D5200727472 /* EnterRoomViewModel.swift in Sources */,
				F5B2FAE22949423200592363 /* CardListInteractor.swift in Sources */,
				F57C641A2950A91000CD55CD /* SelectThemeColorContract.swift in Sources */,
				F57C644129653F1500CD55CD /* User.swift in Sources */,
				F50060F3294426EF005923A7 /* ActivityIndicator.swift in Sources */,
				F5802D0329320DEF00955949 /* ModuleAssembler.swift in Sources */,
				F5E917CB287114DC00AE8421 /* ScrumdingerApp.swift in Sources */,
				F57C643F2963B53800CD55CD /* EnterRoomInteractor.swift in Sources */,
				F57C64362962F11C00CD55CD /* LocalStorage.swift in Sources */,
				F52530162936560D00727472 /* CardListViewModel.swift in Sources */,
				F5802D08293217D000955949 /* EnterRoomContract.swift in Sources */,
				F57C6430296120BD00CD55CD /* SettingInteractor.swift in Sources */,
				F5B2FADE2944773C00592363 /* SettingViewModel.swift in Sources */,
				F5C397DA289E9342008AEFF2 /* CardPackage.swift in Sources */,
				F5802CFE293207C700955949 /* CardListPresenter.swift in Sources */,
				F533A3A4293FCD7300C833F7 /* OpenCardView.swift in Sources */,
				F50060F9294437A3005923A7 /* SettingView.swift in Sources */,
			);
			runOnlyForDeploymentPostprocessing = 0;
		};
		F5E917D3287114EA00AE8421 /* Sources */ = {
			isa = PBXSourcesBuildPhase;
			buildActionMask = 2147483647;
			files = (
				F5E917DC287114EA00AE8421 /* ScrumdingerTests.swift in Sources */,
			);
			runOnlyForDeploymentPostprocessing = 0;
		};
		F5E917DD287114EA00AE8421 /* Sources */ = {
			isa = PBXSourcesBuildPhase;
			buildActionMask = 2147483647;
			files = (
				F5E917E8287114EA00AE8421 /* ScrumdingerUITestsLaunchTests.swift in Sources */,
				F5E917E6287114EA00AE8421 /* ScrumdingerUITests.swift in Sources */,
			);
			runOnlyForDeploymentPostprocessing = 0;
		};
/* End PBXSourcesBuildPhase section */

/* Begin PBXTargetDependency section */
		F5E917D9287114EA00AE8421 /* PBXTargetDependency */ = {
			isa = PBXTargetDependency;
			target = F5E917C6287114DC00AE8421 /* Scrumdinger */;
			targetProxy = F5E917D8287114EA00AE8421 /* PBXContainerItemProxy */;
		};
		F5E917E3287114EA00AE8421 /* PBXTargetDependency */ = {
			isa = PBXTargetDependency;
			target = F5E917C6287114DC00AE8421 /* Scrumdinger */;
			targetProxy = F5E917E2287114EA00AE8421 /* PBXContainerItemProxy */;
		};
/* End PBXTargetDependency section */

/* Begin XCBuildConfiguration section */
		F5E917E9287114EA00AE8421 /* Debug */ = {
			isa = XCBuildConfiguration;
			buildSettings = {
				ALWAYS_SEARCH_USER_PATHS = NO;
				CLANG_ANALYZER_NONNULL = YES;
				CLANG_ANALYZER_NUMBER_OBJECT_CONVERSION = YES_AGGRESSIVE;
				CLANG_CXX_LANGUAGE_STANDARD = "gnu++17";
				CLANG_ENABLE_MODULES = YES;
				CLANG_ENABLE_OBJC_ARC = YES;
				CLANG_ENABLE_OBJC_WEAK = YES;
				CLANG_WARN_BLOCK_CAPTURE_AUTORELEASING = YES;
				CLANG_WARN_BOOL_CONVERSION = YES;
				CLANG_WARN_COMMA = YES;
				CLANG_WARN_CONSTANT_CONVERSION = YES;
				CLANG_WARN_DEPRECATED_OBJC_IMPLEMENTATIONS = YES;
				CLANG_WARN_DIRECT_OBJC_ISA_USAGE = YES_ERROR;
				CLANG_WARN_DOCUMENTATION_COMMENTS = YES;
				CLANG_WARN_EMPTY_BODY = YES;
				CLANG_WARN_ENUM_CONVERSION = YES;
				CLANG_WARN_INFINITE_RECURSION = YES;
				CLANG_WARN_INT_CONVERSION = YES;
				CLANG_WARN_NON_LITERAL_NULL_CONVERSION = YES;
				CLANG_WARN_OBJC_IMPLICIT_RETAIN_SELF = YES;
				CLANG_WARN_OBJC_LITERAL_CONVERSION = YES;
				CLANG_WARN_OBJC_ROOT_CLASS = YES_ERROR;
				CLANG_WARN_QUOTED_INCLUDE_IN_FRAMEWORK_HEADER = YES;
				CLANG_WARN_RANGE_LOOP_ANALYSIS = YES;
				CLANG_WARN_STRICT_PROTOTYPES = YES;
				CLANG_WARN_SUSPICIOUS_MOVE = YES;
				CLANG_WARN_UNGUARDED_AVAILABILITY = YES_AGGRESSIVE;
				CLANG_WARN_UNREACHABLE_CODE = YES;
				CLANG_WARN__DUPLICATE_METHOD_MATCH = YES;
				COPY_PHASE_STRIP = NO;
				DEBUG_INFORMATION_FORMAT = dwarf;
				ENABLE_STRICT_OBJC_MSGSEND = YES;
				ENABLE_TESTABILITY = YES;
				GCC_C_LANGUAGE_STANDARD = gnu11;
				GCC_DYNAMIC_NO_PIC = NO;
				GCC_NO_COMMON_BLOCKS = YES;
				GCC_OPTIMIZATION_LEVEL = 0;
				GCC_PREPROCESSOR_DEFINITIONS = (
					"DEBUG=1",
					"$(inherited)",
				);
				GCC_WARN_64_TO_32_BIT_CONVERSION = YES;
				GCC_WARN_ABOUT_RETURN_TYPE = YES_ERROR;
				GCC_WARN_UNDECLARED_SELECTOR = YES;
				GCC_WARN_UNINITIALIZED_AUTOS = YES_AGGRESSIVE;
				GCC_WARN_UNUSED_FUNCTION = YES;
				GCC_WARN_UNUSED_VARIABLE = YES;
				IPHONEOS_DEPLOYMENT_TARGET = 15.0;
				MTL_ENABLE_DEBUG_INFO = INCLUDE_SOURCE;
				MTL_FAST_MATH = YES;
				ONLY_ACTIVE_ARCH = YES;
				SDKROOT = iphoneos;
				SWIFT_ACTIVE_COMPILATION_CONDITIONS = DEBUG;
				SWIFT_OPTIMIZATION_LEVEL = "-Onone";
			};
			name = Debug;
		};
		F5E917EA287114EA00AE8421 /* Release */ = {
			isa = XCBuildConfiguration;
			buildSettings = {
				ALWAYS_SEARCH_USER_PATHS = NO;
				CLANG_ANALYZER_NONNULL = YES;
				CLANG_ANALYZER_NUMBER_OBJECT_CONVERSION = YES_AGGRESSIVE;
				CLANG_CXX_LANGUAGE_STANDARD = "gnu++17";
				CLANG_ENABLE_MODULES = YES;
				CLANG_ENABLE_OBJC_ARC = YES;
				CLANG_ENABLE_OBJC_WEAK = YES;
				CLANG_WARN_BLOCK_CAPTURE_AUTORELEASING = YES;
				CLANG_WARN_BOOL_CONVERSION = YES;
				CLANG_WARN_COMMA = YES;
				CLANG_WARN_CONSTANT_CONVERSION = YES;
				CLANG_WARN_DEPRECATED_OBJC_IMPLEMENTATIONS = YES;
				CLANG_WARN_DIRECT_OBJC_ISA_USAGE = YES_ERROR;
				CLANG_WARN_DOCUMENTATION_COMMENTS = YES;
				CLANG_WARN_EMPTY_BODY = YES;
				CLANG_WARN_ENUM_CONVERSION = YES;
				CLANG_WARN_INFINITE_RECURSION = YES;
				CLANG_WARN_INT_CONVERSION = YES;
				CLANG_WARN_NON_LITERAL_NULL_CONVERSION = YES;
				CLANG_WARN_OBJC_IMPLICIT_RETAIN_SELF = YES;
				CLANG_WARN_OBJC_LITERAL_CONVERSION = YES;
				CLANG_WARN_OBJC_ROOT_CLASS = YES_ERROR;
				CLANG_WARN_QUOTED_INCLUDE_IN_FRAMEWORK_HEADER = YES;
				CLANG_WARN_RANGE_LOOP_ANALYSIS = YES;
				CLANG_WARN_STRICT_PROTOTYPES = YES;
				CLANG_WARN_SUSPICIOUS_MOVE = YES;
				CLANG_WARN_UNGUARDED_AVAILABILITY = YES_AGGRESSIVE;
				CLANG_WARN_UNREACHABLE_CODE = YES;
				CLANG_WARN__DUPLICATE_METHOD_MATCH = YES;
				COPY_PHASE_STRIP = NO;
				DEBUG_INFORMATION_FORMAT = "dwarf-with-dsym";
				ENABLE_NS_ASSERTIONS = NO;
				ENABLE_STRICT_OBJC_MSGSEND = YES;
				GCC_C_LANGUAGE_STANDARD = gnu11;
				GCC_NO_COMMON_BLOCKS = YES;
				GCC_WARN_64_TO_32_BIT_CONVERSION = YES;
				GCC_WARN_ABOUT_RETURN_TYPE = YES_ERROR;
				GCC_WARN_UNDECLARED_SELECTOR = YES;
				GCC_WARN_UNINITIALIZED_AUTOS = YES_AGGRESSIVE;
				GCC_WARN_UNUSED_FUNCTION = YES;
				GCC_WARN_UNUSED_VARIABLE = YES;
				IPHONEOS_DEPLOYMENT_TARGET = 15.0;
				MTL_ENABLE_DEBUG_INFO = NO;
				MTL_FAST_MATH = YES;
				SDKROOT = iphoneos;
				SWIFT_COMPILATION_MODE = wholemodule;
				SWIFT_OPTIMIZATION_LEVEL = "-O";
				VALIDATE_PRODUCT = YES;
			};
			name = Release;
		};
		F5E917EC287114EA00AE8421 /* Debug */ = {
			isa = XCBuildConfiguration;
			buildSettings = {
				ASSETCATALOG_COMPILER_APPICON_NAME = AppIcon;
				ASSETCATALOG_COMPILER_GLOBAL_ACCENT_COLOR_NAME = AccentColor;
				CODE_SIGN_STYLE = Automatic;
				CURRENT_PROJECT_VERSION = 1.1.0.0;
				DEVELOPMENT_ASSET_PATHS = "\"Scrumdinger/Preview Content\"";
				DEVELOPMENT_TEAM = KB4BJUD35F;
				ENABLE_PREVIEWS = YES;
				GENERATE_INFOPLIST_FILE = YES;
				INFOPLIST_KEY_CFBundleDisplayName = RemotePoker;
				INFOPLIST_KEY_LSApplicationCategoryType = "public.app-category.utilities";
				INFOPLIST_KEY_UIApplicationSceneManifest_Generation = YES;
				INFOPLIST_KEY_UIApplicationSupportsIndirectInputEvents = YES;
				INFOPLIST_KEY_UILaunchScreen_Generation = YES;
				INFOPLIST_KEY_UISupportedInterfaceOrientations = UIInterfaceOrientationPortrait;
				INFOPLIST_KEY_UISupportedInterfaceOrientations_iPad = "UIInterfaceOrientationLandscapeLeft UIInterfaceOrientationLandscapeRight UIInterfaceOrientationPortrait UIInterfaceOrientationPortraitUpsideDown";
				IPHONEOS_DEPLOYMENT_TARGET = 15.0;
				LD_RUNPATH_SEARCH_PATHS = (
					"$(inherited)",
					"@executable_path/Frameworks",
				);
				MARKETING_VERSION = 1.2.0;
				OTHER_LDFLAGS = (
					"$(OTHER_LDFLAGS)",
					"-ObjC",
				);
				PRODUCT_BUNDLE_IDENTIFIER = com.poker.remotepoker;
				PRODUCT_NAME = "$(TARGET_NAME)";
				SWIFT_EMIT_LOC_STRINGS = YES;
				SWIFT_VERSION = 5.0;
				TARGETED_DEVICE_FAMILY = "1,2";
			};
			name = Debug;
		};
		F5E917ED287114EA00AE8421 /* Release */ = {
			isa = XCBuildConfiguration;
			buildSettings = {
				ASSETCATALOG_COMPILER_APPICON_NAME = AppIcon;
				ASSETCATALOG_COMPILER_GLOBAL_ACCENT_COLOR_NAME = AccentColor;
				CODE_SIGN_STYLE = Automatic;
				CURRENT_PROJECT_VERSION = 1.1.0.0;
				DEVELOPMENT_ASSET_PATHS = "\"Scrumdinger/Preview Content\"";
				DEVELOPMENT_TEAM = KB4BJUD35F;
				ENABLE_PREVIEWS = YES;
				GENERATE_INFOPLIST_FILE = YES;
				INFOPLIST_KEY_CFBundleDisplayName = RemotePoker;
				INFOPLIST_KEY_LSApplicationCategoryType = "public.app-category.utilities";
				INFOPLIST_KEY_UIApplicationSceneManifest_Generation = YES;
				INFOPLIST_KEY_UIApplicationSupportsIndirectInputEvents = YES;
				INFOPLIST_KEY_UILaunchScreen_Generation = YES;
				INFOPLIST_KEY_UISupportedInterfaceOrientations = UIInterfaceOrientationPortrait;
				INFOPLIST_KEY_UISupportedInterfaceOrientations_iPad = "UIInterfaceOrientationLandscapeLeft UIInterfaceOrientationLandscapeRight UIInterfaceOrientationPortrait UIInterfaceOrientationPortraitUpsideDown";
				IPHONEOS_DEPLOYMENT_TARGET = 15.0;
				LD_RUNPATH_SEARCH_PATHS = (
					"$(inherited)",
					"@executable_path/Frameworks",
				);
				MARKETING_VERSION = 1.2.0;
				OTHER_LDFLAGS = (
					"$(OTHER_LDFLAGS)",
					"-ObjC",
				);
				PRODUCT_BUNDLE_IDENTIFIER = com.poker.remotepoker;
				PRODUCT_NAME = "$(TARGET_NAME)";
				SWIFT_EMIT_LOC_STRINGS = YES;
				SWIFT_VERSION = 5.0;
				TARGETED_DEVICE_FAMILY = "1,2";
			};
			name = Release;
		};
		F5E917EF287114EA00AE8421 /* Debug */ = {
			isa = XCBuildConfiguration;
			buildSettings = {
				ALWAYS_EMBED_SWIFT_STANDARD_LIBRARIES = YES;
				BUNDLE_LOADER = "$(TEST_HOST)";
				CODE_SIGN_STYLE = Automatic;
				CURRENT_PROJECT_VERSION = 1;
				DEVELOPMENT_TEAM = 3A32XTC8Y7;
				GENERATE_INFOPLIST_FILE = YES;
				IPHONEOS_DEPLOYMENT_TARGET = 15.0;
				MARKETING_VERSION = 1.0;
				PRODUCT_BUNDLE_IDENTIFIER = dinger.scrum.ScrumdingerTests;
				PRODUCT_NAME = "$(TARGET_NAME)";
				SWIFT_EMIT_LOC_STRINGS = NO;
				SWIFT_VERSION = 5.0;
				TARGETED_DEVICE_FAMILY = "1,2";
				TEST_HOST = "$(BUILT_PRODUCTS_DIR)/Scrumdinger.app/Scrumdinger";
			};
			name = Debug;
		};
		F5E917F0287114EA00AE8421 /* Release */ = {
			isa = XCBuildConfiguration;
			buildSettings = {
				ALWAYS_EMBED_SWIFT_STANDARD_LIBRARIES = YES;
				BUNDLE_LOADER = "$(TEST_HOST)";
				CODE_SIGN_STYLE = Automatic;
				CURRENT_PROJECT_VERSION = 1;
				DEVELOPMENT_TEAM = 3A32XTC8Y7;
				GENERATE_INFOPLIST_FILE = YES;
				IPHONEOS_DEPLOYMENT_TARGET = 15.0;
				MARKETING_VERSION = 1.0;
				PRODUCT_BUNDLE_IDENTIFIER = dinger.scrum.ScrumdingerTests;
				PRODUCT_NAME = "$(TARGET_NAME)";
				SWIFT_EMIT_LOC_STRINGS = NO;
				SWIFT_VERSION = 5.0;
				TARGETED_DEVICE_FAMILY = "1,2";
				TEST_HOST = "$(BUILT_PRODUCTS_DIR)/Scrumdinger.app/Scrumdinger";
			};
			name = Release;
		};
		F5E917F2287114EA00AE8421 /* Debug */ = {
			isa = XCBuildConfiguration;
			buildSettings = {
				ALWAYS_EMBED_SWIFT_STANDARD_LIBRARIES = YES;
				CODE_SIGN_STYLE = Automatic;
				CURRENT_PROJECT_VERSION = 1;
				DEVELOPMENT_TEAM = 3A32XTC8Y7;
				GENERATE_INFOPLIST_FILE = YES;
				MARKETING_VERSION = 1.0;
				PRODUCT_BUNDLE_IDENTIFIER = dinger.scrum.ScrumdingerUITests;
				PRODUCT_NAME = "$(TARGET_NAME)";
				SWIFT_EMIT_LOC_STRINGS = NO;
				SWIFT_VERSION = 5.0;
				TARGETED_DEVICE_FAMILY = "1,2";
				TEST_TARGET_NAME = Scrumdinger;
			};
			name = Debug;
		};
		F5E917F3287114EA00AE8421 /* Release */ = {
			isa = XCBuildConfiguration;
			buildSettings = {
				ALWAYS_EMBED_SWIFT_STANDARD_LIBRARIES = YES;
				CODE_SIGN_STYLE = Automatic;
				CURRENT_PROJECT_VERSION = 1;
				DEVELOPMENT_TEAM = 3A32XTC8Y7;
				GENERATE_INFOPLIST_FILE = YES;
				MARKETING_VERSION = 1.0;
				PRODUCT_BUNDLE_IDENTIFIER = dinger.scrum.ScrumdingerUITests;
				PRODUCT_NAME = "$(TARGET_NAME)";
				SWIFT_EMIT_LOC_STRINGS = NO;
				SWIFT_VERSION = 5.0;
				TARGETED_DEVICE_FAMILY = "1,2";
				TEST_TARGET_NAME = Scrumdinger;
			};
			name = Release;
		};
/* End XCBuildConfiguration section */

/* Begin XCConfigurationList section */
		F5E917C2287114DC00AE8421 /* Build configuration list for PBXProject "Scrumdinger" */ = {
			isa = XCConfigurationList;
			buildConfigurations = (
				F5E917E9287114EA00AE8421 /* Debug */,
				F5E917EA287114EA00AE8421 /* Release */,
			);
			defaultConfigurationIsVisible = 0;
			defaultConfigurationName = Release;
		};
		F5E917EB287114EA00AE8421 /* Build configuration list for PBXNativeTarget "Scrumdinger" */ = {
			isa = XCConfigurationList;
			buildConfigurations = (
				F5E917EC287114EA00AE8421 /* Debug */,
				F5E917ED287114EA00AE8421 /* Release */,
			);
			defaultConfigurationIsVisible = 0;
			defaultConfigurationName = Release;
		};
		F5E917EE287114EA00AE8421 /* Build configuration list for PBXNativeTarget "ScrumdingerTests" */ = {
			isa = XCConfigurationList;
			buildConfigurations = (
				F5E917EF287114EA00AE8421 /* Debug */,
				F5E917F0287114EA00AE8421 /* Release */,
			);
			defaultConfigurationIsVisible = 0;
			defaultConfigurationName = Release;
		};
		F5E917F1287114EA00AE8421 /* Build configuration list for PBXNativeTarget "ScrumdingerUITests" */ = {
			isa = XCConfigurationList;
			buildConfigurations = (
				F5E917F2287114EA00AE8421 /* Debug */,
				F5E917F3287114EA00AE8421 /* Release */,
			);
			defaultConfigurationIsVisible = 0;
			defaultConfigurationName = Release;
		};
/* End XCConfigurationList section */

/* Begin XCRemoteSwiftPackageReference section */
		F588E30528BB8E2800C5CA9A /* XCRemoteSwiftPackageReference "neumorphic" */ = {
			isa = XCRemoteSwiftPackageReference;
			repositoryURL = "https://github.com/costachung/neumorphic/";
			requirement = {
				kind = upToNextMajorVersion;
				minimumVersion = 2.0.5;
			};
		};
/* End XCRemoteSwiftPackageReference section */

/* Begin XCSwiftPackageProductDependency section */
		F588E30628BB8E2800C5CA9A /* Neumorphic */ = {
			isa = XCSwiftPackageProductDependency;
			package = F588E30528BB8E2800C5CA9A /* XCRemoteSwiftPackageReference "neumorphic" */;
			productName = Neumorphic;
		};
/* End XCSwiftPackageProductDependency section */
	};
	rootObject = F5E917BF287114DC00AE8421 /* Project object */;
}
