// !$*UTF8*$!
{
	archiveVersion = 1;
	classes = {
	};
	objectVersion = 55;
	objects = {

/* Begin PBXBuildFile section */
		F523669A2891E837005B1F65 /* PlanningPokerView.swift in Sources */ = {isa = PBXBuildFile; fileRef = F52366992891E837005B1F65 /* PlanningPokerView.swift */; };
		F523669C2891E8D8005B1F65 /* IndexView.swift in Sources */ = {isa = PBXBuildFile; fileRef = F523669B2891E8D8005B1F65 /* IndexView.swift */; };
		F52366A22896382F005B1F65 /* PokerCardView.swift in Sources */ = {isa = PBXBuildFile; fileRef = F52366A12896382F005B1F65 /* PokerCardView.swift */; };
		F52366A428963E62005B1F65 /* PokerCardModalView.swift in Sources */ = {isa = PBXBuildFile; fileRef = F52366A328963E62005B1F65 /* PokerCardModalView.swift */; };
		F53C2D852879C2FA0066D2F9 /* DetailEditView.swift in Sources */ = {isa = PBXBuildFile; fileRef = F53C2D842879C2FA0066D2F9 /* DetailEditView.swift */; };
		F53C2D87287A3A140066D2F9 /* ThemeView.swift in Sources */ = {isa = PBXBuildFile; fileRef = F53C2D86287A3A140066D2F9 /* ThemeView.swift */; };
		F53C2D89287A3CD00066D2F9 /* ThemePicker.swift in Sources */ = {isa = PBXBuildFile; fileRef = F53C2D88287A3CD00066D2F9 /* ThemePicker.swift */; };
		F53C2D8F287A4C9D0066D2F9 /* MeetingHeaderView.swift in Sources */ = {isa = PBXBuildFile; fileRef = F53C2D8E287A4C9D0066D2F9 /* MeetingHeaderView.swift */; };
		F53C2D91287A4F270066D2F9 /* ScrumProgressViewStyle.swift in Sources */ = {isa = PBXBuildFile; fileRef = F53C2D90287A4F270066D2F9 /* ScrumProgressViewStyle.swift */; };
		F53C2D93287A50ED0066D2F9 /* ScrumTimer.swift in Sources */ = {isa = PBXBuildFile; fileRef = F53C2D92287A50ED0066D2F9 /* ScrumTimer.swift */; };
		F53C2D95287A52300066D2F9 /* MeetingFooterView.swift in Sources */ = {isa = PBXBuildFile; fileRef = F53C2D94287A52300066D2F9 /* MeetingFooterView.swift */; };
		F53C2D97287A56650066D2F9 /* AVPlayer+Ding.swift in Sources */ = {isa = PBXBuildFile; fileRef = F53C2D96287A56650066D2F9 /* AVPlayer+Ding.swift */; };
		F53C2D99287A5BCF0066D2F9 /* History.swift in Sources */ = {isa = PBXBuildFile; fileRef = F53C2D98287A5BCF0066D2F9 /* History.swift */; };
		F53C2D9B287A6F660066D2F9 /* ScrumStore.swift in Sources */ = {isa = PBXBuildFile; fileRef = F53C2D9A287A6F660066D2F9 /* ScrumStore.swift */; };
		F571FA292896CA2C003531CE /* FirebaseFirestore.xcframework in Frameworks */ = {isa = PBXBuildFile; fileRef = F571FA132896CA2C003531CE /* FirebaseFirestore.xcframework */; };
		F571FA2B2896CA2C003531CE /* GoogleAppMeasurementIdentitySupport.xcframework in Frameworks */ = {isa = PBXBuildFile; fileRef = F571FA142896CA2C003531CE /* GoogleAppMeasurementIdentitySupport.xcframework */; };
		F571FA2D2896CA2C003531CE /* GoogleDataTransport.xcframework in Frameworks */ = {isa = PBXBuildFile; fileRef = F571FA152896CA2C003531CE /* GoogleDataTransport.xcframework */; };
		F571FA2F2896CA2C003531CE /* abseil.xcframework in Frameworks */ = {isa = PBXBuildFile; fileRef = F571FA162896CA2C003531CE /* abseil.xcframework */; };
		F571FA312896CA2C003531CE /* FirebaseCore.xcframework in Frameworks */ = {isa = PBXBuildFile; fileRef = F571FA172896CA2C003531CE /* FirebaseCore.xcframework */; };
		F571FA332896CA2C003531CE /* FirebaseAnalytics.xcframework in Frameworks */ = {isa = PBXBuildFile; fileRef = F571FA182896CA2C003531CE /* FirebaseAnalytics.xcframework */; };
		F571FA352896CA2C003531CE /* GoogleUtilities.xcframework in Frameworks */ = {isa = PBXBuildFile; fileRef = F571FA192896CA2C003531CE /* GoogleUtilities.xcframework */; };
		F571FA392896CA2C003531CE /* gRPC-C++.xcframework in Frameworks */ = {isa = PBXBuildFile; fileRef = F571FA1B2896CA2C003531CE /* gRPC-C++.xcframework */; };
		F571FA3B2896CA2C003531CE /* GTMSessionFetcher.xcframework in Frameworks */ = {isa = PBXBuildFile; fileRef = F571FA1C2896CA2C003531CE /* GTMSessionFetcher.xcframework */; };
		F571FA3D2896CA2C003531CE /* FirebaseCoreDiagnostics.xcframework in Frameworks */ = {isa = PBXBuildFile; fileRef = F571FA1D2896CA2C003531CE /* FirebaseCoreDiagnostics.xcframework */; };
		F571FA3F2896CA2C003531CE /* FirebaseFirestoreSwift.xcframework in Frameworks */ = {isa = PBXBuildFile; fileRef = F571FA1E2896CA2C003531CE /* FirebaseFirestoreSwift.xcframework */; };
		F571FA412896CA2C003531CE /* FirebaseInstallations.xcframework in Frameworks */ = {isa = PBXBuildFile; fileRef = F571FA1F2896CA2C003531CE /* FirebaseInstallations.xcframework */; };
		F571FA432896CA2C003531CE /* leveldb-library.xcframework in Frameworks */ = {isa = PBXBuildFile; fileRef = F571FA202896CA2C003531CE /* leveldb-library.xcframework */; };
		F571FA452896CA2C003531CE /* FirebaseAnalyticsSwift.xcframework in Frameworks */ = {isa = PBXBuildFile; fileRef = F571FA212896CA2C003531CE /* FirebaseAnalyticsSwift.xcframework */; };
		F571FA472896CA2C003531CE /* FirebaseCoreInternal.xcframework in Frameworks */ = {isa = PBXBuildFile; fileRef = F571FA222896CA2C003531CE /* FirebaseCoreInternal.xcframework */; };
		F571FA492896CA2C003531CE /* Libuv-gRPC.xcframework in Frameworks */ = {isa = PBXBuildFile; fileRef = F571FA232896CA2C003531CE /* Libuv-gRPC.xcframework */; };
		F571FA4B2896CA2D003531CE /* gRPC-Core.xcframework in Frameworks */ = {isa = PBXBuildFile; fileRef = F571FA242896CA2C003531CE /* gRPC-Core.xcframework */; };
		F571FA4D2896CA2D003531CE /* GoogleAppMeasurement.xcframework in Frameworks */ = {isa = PBXBuildFile; fileRef = F571FA252896CA2C003531CE /* GoogleAppMeasurement.xcframework */; };
		F571FA4F2896CA2D003531CE /* nanopb.xcframework in Frameworks */ = {isa = PBXBuildFile; fileRef = F571FA262896CA2C003531CE /* nanopb.xcframework */; };
		F571FA512896CA2D003531CE /* PromisesObjC.xcframework in Frameworks */ = {isa = PBXBuildFile; fileRef = F571FA272896CA2C003531CE /* PromisesObjC.xcframework */; };
		F571FA532896CA2D003531CE /* BoringSSL-GRPC.xcframework in Frameworks */ = {isa = PBXBuildFile; fileRef = F571FA282896CA2C003531CE /* BoringSSL-GRPC.xcframework */; };
		F571FA562896CA3B003531CE /* FirebaseAuth.xcframework in Frameworks */ = {isa = PBXBuildFile; fileRef = F571FA1A2896CA2C003531CE /* FirebaseAuth.xcframework */; };
		F571FA5F2896CCA5003531CE /* gRPCCertificates-Cpp.bundle in Resources */ = {isa = PBXBuildFile; fileRef = F571FA5E2896CCA5003531CE /* gRPCCertificates-Cpp.bundle */; };
		F571FA682896D137003531CE /* GoogleService-Info.plist in Resources */ = {isa = PBXBuildFile; fileRef = F571FA672896D137003531CE /* GoogleService-Info.plist */; };
		F5C397DA289E9342008AEFF2 /* EstimateNumberSetModel.swift in Sources */ = {isa = PBXBuildFile; fileRef = F5C397D9289E9342008AEFF2 /* EstimateNumberSetModel.swift */; };
		F5C397DC289F40C6008AEFF2 /* RoomModel.swift in Sources */ = {isa = PBXBuildFile; fileRef = F5C397DB289F40C6008AEFF2 /* RoomModel.swift */; };
		F5C397E0289F420F008AEFF2 /* EnterRoomView.swift in Sources */ = {isa = PBXBuildFile; fileRef = F5C397DF289F420F008AEFF2 /* EnterRoomView.swift */; };
		F5D21DE4287F7C16000C34E1 /* ErrorWrapper.swift in Sources */ = {isa = PBXBuildFile; fileRef = F5D21DE3287F7C16000C34E1 /* ErrorWrapper.swift */; };
		F5D21DE6287F7CA9000C34E1 /* ErrorView.swift in Sources */ = {isa = PBXBuildFile; fileRef = F5D21DE5287F7CA9000C34E1 /* ErrorView.swift */; };
		F5D21DE828803426000C34E1 /* MeetingTimerView.swift in Sources */ = {isa = PBXBuildFile; fileRef = F5D21DE728803426000C34E1 /* MeetingTimerView.swift */; };
		F5D21DEA28803615000C34E1 /* SpeakerArc.swift in Sources */ = {isa = PBXBuildFile; fileRef = F5D21DE928803615000C34E1 /* SpeakerArc.swift */; };
		F5D21DED28828D3E000C34E1 /* SpeechRecognizer.swift in Sources */ = {isa = PBXBuildFile; fileRef = F5D21DEC28828D3E000C34E1 /* SpeechRecognizer.swift */; };
		F5D21DF228829207000C34E1 /* HistoryView.swift in Sources */ = {isa = PBXBuildFile; fileRef = F5D21DF128829207000C34E1 /* HistoryView.swift */; };
		F5E917CB287114DC00AE8421 /* ScrumdingerApp.swift in Sources */ = {isa = PBXBuildFile; fileRef = F5E917CA287114DC00AE8421 /* ScrumdingerApp.swift */; };
		F5E917CD287114DC00AE8421 /* MeetingView.swift in Sources */ = {isa = PBXBuildFile; fileRef = F5E917CC287114DC00AE8421 /* MeetingView.swift */; };
		F5E917CF287114E900AE8421 /* Assets.xcassets in Resources */ = {isa = PBXBuildFile; fileRef = F5E917CE287114E900AE8421 /* Assets.xcassets */; };
		F5E917D2287114E900AE8421 /* Preview Assets.xcassets in Resources */ = {isa = PBXBuildFile; fileRef = F5E917D1287114E900AE8421 /* Preview Assets.xcassets */; };
		F5E917DC287114EA00AE8421 /* ScrumdingerTests.swift in Sources */ = {isa = PBXBuildFile; fileRef = F5E917DB287114EA00AE8421 /* ScrumdingerTests.swift */; };
		F5E917E6287114EA00AE8421 /* ScrumdingerUITests.swift in Sources */ = {isa = PBXBuildFile; fileRef = F5E917E5287114EA00AE8421 /* ScrumdingerUITests.swift */; };
		F5E917E8287114EA00AE8421 /* ScrumdingerUITestsLaunchTests.swift in Sources */ = {isa = PBXBuildFile; fileRef = F5E917E7287114EA00AE8421 /* ScrumdingerUITestsLaunchTests.swift */; };
		F5E917F628711E0C00AE8421 /* Theme.swift in Sources */ = {isa = PBXBuildFile; fileRef = F5E917F528711E0C00AE8421 /* Theme.swift */; };
		F5E917F828711EE200AE8421 /* DailyScrum.swift in Sources */ = {isa = PBXBuildFile; fileRef = F5E917F728711EE200AE8421 /* DailyScrum.swift */; };
		F5E917FE28711FF100AE8421 /* CardView.swift in Sources */ = {isa = PBXBuildFile; fileRef = F5E917FD28711FF100AE8421 /* CardView.swift */; };
		F5E918012871229500AE8421 /* TrailingIconLabelStyle.swift in Sources */ = {isa = PBXBuildFile; fileRef = F5E918002871229500AE8421 /* TrailingIconLabelStyle.swift */; };
		F5E91803287387B100AE8421 /* ScrumsView.swift in Sources */ = {isa = PBXBuildFile; fileRef = F5E91802287387B100AE8421 /* ScrumsView.swift */; };
		F5E9180528738BDA00AE8421 /* DetailView.swift in Sources */ = {isa = PBXBuildFile; fileRef = F5E9180428738BDA00AE8421 /* DetailView.swift */; };
/* End PBXBuildFile section */

/* Begin PBXContainerItemProxy section */
		F5E917D8287114EA00AE8421 /* PBXContainerItemProxy */ = {
			isa = PBXContainerItemProxy;
			containerPortal = F5E917BF287114DC00AE8421 /* Project object */;
			proxyType = 1;
			remoteGlobalIDString = F5E917C6287114DC00AE8421;
			remoteInfo = Scrumdinger;
		};
		F5E917E2287114EA00AE8421 /* PBXContainerItemProxy */ = {
			isa = PBXContainerItemProxy;
			containerPortal = F5E917BF287114DC00AE8421 /* Project object */;
			proxyType = 1;
			remoteGlobalIDString = F5E917C6287114DC00AE8421;
			remoteInfo = Scrumdinger;
		};
/* End PBXContainerItemProxy section */

/* Begin PBXFileReference section */
		F52366992891E837005B1F65 /* PlanningPokerView.swift */ = {isa = PBXFileReference; lastKnownFileType = sourcecode.swift; path = PlanningPokerView.swift; sourceTree = "<group>"; };
		F523669B2891E8D8005B1F65 /* IndexView.swift */ = {isa = PBXFileReference; lastKnownFileType = sourcecode.swift; path = IndexView.swift; sourceTree = "<group>"; };
		F52366A12896382F005B1F65 /* PokerCardView.swift */ = {isa = PBXFileReference; lastKnownFileType = sourcecode.swift; path = PokerCardView.swift; sourceTree = "<group>"; };
		F52366A328963E62005B1F65 /* PokerCardModalView.swift */ = {isa = PBXFileReference; lastKnownFileType = sourcecode.swift; path = PokerCardModalView.swift; sourceTree = "<group>"; };
		F53C2D842879C2FA0066D2F9 /* DetailEditView.swift */ = {isa = PBXFileReference; lastKnownFileType = sourcecode.swift; path = DetailEditView.swift; sourceTree = "<group>"; };
		F53C2D86287A3A140066D2F9 /* ThemeView.swift */ = {isa = PBXFileReference; lastKnownFileType = sourcecode.swift; path = ThemeView.swift; sourceTree = "<group>"; };
		F53C2D88287A3CD00066D2F9 /* ThemePicker.swift */ = {isa = PBXFileReference; lastKnownFileType = sourcecode.swift; path = ThemePicker.swift; sourceTree = "<group>"; };
		F53C2D8E287A4C9D0066D2F9 /* MeetingHeaderView.swift */ = {isa = PBXFileReference; lastKnownFileType = sourcecode.swift; path = MeetingHeaderView.swift; sourceTree = "<group>"; };
		F53C2D90287A4F270066D2F9 /* ScrumProgressViewStyle.swift */ = {isa = PBXFileReference; lastKnownFileType = sourcecode.swift; path = ScrumProgressViewStyle.swift; sourceTree = "<group>"; };
		F53C2D92287A50ED0066D2F9 /* ScrumTimer.swift */ = {isa = PBXFileReference; lastKnownFileType = sourcecode.swift; path = ScrumTimer.swift; sourceTree = "<group>"; };
		F53C2D94287A52300066D2F9 /* MeetingFooterView.swift */ = {isa = PBXFileReference; lastKnownFileType = sourcecode.swift; path = MeetingFooterView.swift; sourceTree = "<group>"; };
		F53C2D96287A56650066D2F9 /* AVPlayer+Ding.swift */ = {isa = PBXFileReference; lastKnownFileType = sourcecode.swift; path = "AVPlayer+Ding.swift"; sourceTree = "<group>"; };
		F53C2D98287A5BCF0066D2F9 /* History.swift */ = {isa = PBXFileReference; lastKnownFileType = sourcecode.swift; path = History.swift; sourceTree = "<group>"; };
		F53C2D9A287A6F660066D2F9 /* ScrumStore.swift */ = {isa = PBXFileReference; lastKnownFileType = sourcecode.swift; path = ScrumStore.swift; sourceTree = "<group>"; };
		F571FA132896CA2C003531CE /* FirebaseFirestore.xcframework */ = {isa = PBXFileReference; lastKnownFileType = wrapper.xcframework; name = FirebaseFirestore.xcframework; path = Carthage/Build/FirebaseFirestore.xcframework; sourceTree = "<group>"; };
		F571FA142896CA2C003531CE /* GoogleAppMeasurementIdentitySupport.xcframework */ = {isa = PBXFileReference; lastKnownFileType = wrapper.xcframework; name = GoogleAppMeasurementIdentitySupport.xcframework; path = Carthage/Build/GoogleAppMeasurementIdentitySupport.xcframework; sourceTree = "<group>"; };
		F571FA152896CA2C003531CE /* GoogleDataTransport.xcframework */ = {isa = PBXFileReference; lastKnownFileType = wrapper.xcframework; name = GoogleDataTransport.xcframework; path = Carthage/Build/GoogleDataTransport.xcframework; sourceTree = "<group>"; };
		F571FA162896CA2C003531CE /* abseil.xcframework */ = {isa = PBXFileReference; lastKnownFileType = wrapper.xcframework; name = abseil.xcframework; path = Carthage/Build/abseil.xcframework; sourceTree = "<group>"; };
		F571FA172896CA2C003531CE /* FirebaseCore.xcframework */ = {isa = PBXFileReference; lastKnownFileType = wrapper.xcframework; name = FirebaseCore.xcframework; path = Carthage/Build/FirebaseCore.xcframework; sourceTree = "<group>"; };
		F571FA182896CA2C003531CE /* FirebaseAnalytics.xcframework */ = {isa = PBXFileReference; lastKnownFileType = wrapper.xcframework; name = FirebaseAnalytics.xcframework; path = Carthage/Build/FirebaseAnalytics.xcframework; sourceTree = "<group>"; };
		F571FA192896CA2C003531CE /* GoogleUtilities.xcframework */ = {isa = PBXFileReference; lastKnownFileType = wrapper.xcframework; name = GoogleUtilities.xcframework; path = Carthage/Build/GoogleUtilities.xcframework; sourceTree = "<group>"; };
		F571FA1A2896CA2C003531CE /* FirebaseAuth.xcframework */ = {isa = PBXFileReference; lastKnownFileType = wrapper.xcframework; name = FirebaseAuth.xcframework; path = Carthage/Build/FirebaseAuth.xcframework; sourceTree = "<group>"; };
		F571FA1B2896CA2C003531CE /* gRPC-C++.xcframework */ = {isa = PBXFileReference; lastKnownFileType = wrapper.xcframework; name = "gRPC-C++.xcframework"; path = "Carthage/Build/gRPC-C++.xcframework"; sourceTree = "<group>"; };
		F571FA1C2896CA2C003531CE /* GTMSessionFetcher.xcframework */ = {isa = PBXFileReference; lastKnownFileType = wrapper.xcframework; name = GTMSessionFetcher.xcframework; path = Carthage/Build/GTMSessionFetcher.xcframework; sourceTree = "<group>"; };
		F571FA1D2896CA2C003531CE /* FirebaseCoreDiagnostics.xcframework */ = {isa = PBXFileReference; lastKnownFileType = wrapper.xcframework; name = FirebaseCoreDiagnostics.xcframework; path = Carthage/Build/FirebaseCoreDiagnostics.xcframework; sourceTree = "<group>"; };
		F571FA1E2896CA2C003531CE /* FirebaseFirestoreSwift.xcframework */ = {isa = PBXFileReference; lastKnownFileType = wrapper.xcframework; name = FirebaseFirestoreSwift.xcframework; path = Carthage/Build/FirebaseFirestoreSwift.xcframework; sourceTree = "<group>"; };
		F571FA1F2896CA2C003531CE /* FirebaseInstallations.xcframework */ = {isa = PBXFileReference; lastKnownFileType = wrapper.xcframework; name = FirebaseInstallations.xcframework; path = Carthage/Build/FirebaseInstallations.xcframework; sourceTree = "<group>"; };
		F571FA202896CA2C003531CE /* leveldb-library.xcframework */ = {isa = PBXFileReference; lastKnownFileType = wrapper.xcframework; name = "leveldb-library.xcframework"; path = "Carthage/Build/leveldb-library.xcframework"; sourceTree = "<group>"; };
		F571FA212896CA2C003531CE /* FirebaseAnalyticsSwift.xcframework */ = {isa = PBXFileReference; lastKnownFileType = wrapper.xcframework; name = FirebaseAnalyticsSwift.xcframework; path = Carthage/Build/FirebaseAnalyticsSwift.xcframework; sourceTree = "<group>"; };
		F571FA222896CA2C003531CE /* FirebaseCoreInternal.xcframework */ = {isa = PBXFileReference; lastKnownFileType = wrapper.xcframework; name = FirebaseCoreInternal.xcframework; path = Carthage/Build/FirebaseCoreInternal.xcframework; sourceTree = "<group>"; };
		F571FA232896CA2C003531CE /* Libuv-gRPC.xcframework */ = {isa = PBXFileReference; lastKnownFileType = wrapper.xcframework; name = "Libuv-gRPC.xcframework"; path = "Carthage/Build/Libuv-gRPC.xcframework"; sourceTree = "<group>"; };
		F571FA242896CA2C003531CE /* gRPC-Core.xcframework */ = {isa = PBXFileReference; lastKnownFileType = wrapper.xcframework; name = "gRPC-Core.xcframework"; path = "Carthage/Build/gRPC-Core.xcframework"; sourceTree = "<group>"; };
		F571FA252896CA2C003531CE /* GoogleAppMeasurement.xcframework */ = {isa = PBXFileReference; lastKnownFileType = wrapper.xcframework; name = GoogleAppMeasurement.xcframework; path = Carthage/Build/GoogleAppMeasurement.xcframework; sourceTree = "<group>"; };
		F571FA262896CA2C003531CE /* nanopb.xcframework */ = {isa = PBXFileReference; lastKnownFileType = wrapper.xcframework; name = nanopb.xcframework; path = Carthage/Build/nanopb.xcframework; sourceTree = "<group>"; };
		F571FA272896CA2C003531CE /* PromisesObjC.xcframework */ = {isa = PBXFileReference; lastKnownFileType = wrapper.xcframework; name = PromisesObjC.xcframework; path = Carthage/Build/PromisesObjC.xcframework; sourceTree = "<group>"; };
		F571FA282896CA2C003531CE /* BoringSSL-GRPC.xcframework */ = {isa = PBXFileReference; lastKnownFileType = wrapper.xcframework; name = "BoringSSL-GRPC.xcframework"; path = "Carthage/Build/BoringSSL-GRPC.xcframework"; sourceTree = "<group>"; };
		F571FA5E2896CCA5003531CE /* gRPCCertificates-Cpp.bundle */ = {isa = PBXFileReference; lastKnownFileType = "wrapper.plug-in"; name = "gRPCCertificates-Cpp.bundle"; path = "Carthage/Build/gRPC-C++.xcframework/ios-arm64/gRPC-C++.framework/Resources/gRPCCertificates-Cpp.bundle"; sourceTree = "<group>"; };
		F571FA672896D137003531CE /* GoogleService-Info.plist */ = {isa = PBXFileReference; fileEncoding = 4; lastKnownFileType = text.plist.xml; path = "GoogleService-Info.plist"; sourceTree = "<group>"; };
		F5C397D9289E9342008AEFF2 /* EstimateNumberSetModel.swift */ = {isa = PBXFileReference; lastKnownFileType = sourcecode.swift; path = EstimateNumberSetModel.swift; sourceTree = "<group>"; };
		F5C397DB289F40C6008AEFF2 /* RoomModel.swift */ = {isa = PBXFileReference; lastKnownFileType = sourcecode.swift; path = RoomModel.swift; sourceTree = "<group>"; };
		F5C397DF289F420F008AEFF2 /* EnterRoomView.swift */ = {isa = PBXFileReference; lastKnownFileType = sourcecode.swift; path = EnterRoomView.swift; sourceTree = "<group>"; };
		F5D21DE3287F7C16000C34E1 /* ErrorWrapper.swift */ = {isa = PBXFileReference; lastKnownFileType = sourcecode.swift; path = ErrorWrapper.swift; sourceTree = "<group>"; };
		F5D21DE5287F7CA9000C34E1 /* ErrorView.swift */ = {isa = PBXFileReference; lastKnownFileType = sourcecode.swift; path = ErrorView.swift; sourceTree = "<group>"; };
		F5D21DE728803426000C34E1 /* MeetingTimerView.swift */ = {isa = PBXFileReference; lastKnownFileType = sourcecode.swift; path = MeetingTimerView.swift; sourceTree = "<group>"; };
		F5D21DE928803615000C34E1 /* SpeakerArc.swift */ = {isa = PBXFileReference; lastKnownFileType = sourcecode.swift; path = SpeakerArc.swift; sourceTree = "<group>"; };
		F5D21DEC28828D3E000C34E1 /* SpeechRecognizer.swift */ = {isa = PBXFileReference; lastKnownFileType = sourcecode.swift; path = SpeechRecognizer.swift; sourceTree = "<group>"; };
		F5D21DF128829207000C34E1 /* HistoryView.swift */ = {isa = PBXFileReference; lastKnownFileType = sourcecode.swift; path = HistoryView.swift; sourceTree = "<group>"; };
		F5E917C7287114DC00AE8421 /* Scrumdinger.app */ = {isa = PBXFileReference; explicitFileType = wrapper.application; includeInIndex = 0; path = Scrumdinger.app; sourceTree = BUILT_PRODUCTS_DIR; };
		F5E917CA287114DC00AE8421 /* ScrumdingerApp.swift */ = {isa = PBXFileReference; lastKnownFileType = sourcecode.swift; path = ScrumdingerApp.swift; sourceTree = "<group>"; };
		F5E917CC287114DC00AE8421 /* MeetingView.swift */ = {isa = PBXFileReference; lastKnownFileType = sourcecode.swift; path = MeetingView.swift; sourceTree = "<group>"; };
		F5E917CE287114E900AE8421 /* Assets.xcassets */ = {isa = PBXFileReference; lastKnownFileType = folder.assetcatalog; path = Assets.xcassets; sourceTree = "<group>"; };
		F5E917D1287114E900AE8421 /* Preview Assets.xcassets */ = {isa = PBXFileReference; lastKnownFileType = folder.assetcatalog; path = "Preview Assets.xcassets"; sourceTree = "<group>"; };
		F5E917D7287114EA00AE8421 /* ScrumdingerTests.xctest */ = {isa = PBXFileReference; explicitFileType = wrapper.cfbundle; includeInIndex = 0; path = ScrumdingerTests.xctest; sourceTree = BUILT_PRODUCTS_DIR; };
		F5E917DB287114EA00AE8421 /* ScrumdingerTests.swift */ = {isa = PBXFileReference; lastKnownFileType = sourcecode.swift; path = ScrumdingerTests.swift; sourceTree = "<group>"; };
		F5E917E1287114EA00AE8421 /* ScrumdingerUITests.xctest */ = {isa = PBXFileReference; explicitFileType = wrapper.cfbundle; includeInIndex = 0; path = ScrumdingerUITests.xctest; sourceTree = BUILT_PRODUCTS_DIR; };
		F5E917E5287114EA00AE8421 /* ScrumdingerUITests.swift */ = {isa = PBXFileReference; lastKnownFileType = sourcecode.swift; path = ScrumdingerUITests.swift; sourceTree = "<group>"; };
		F5E917E7287114EA00AE8421 /* ScrumdingerUITestsLaunchTests.swift */ = {isa = PBXFileReference; lastKnownFileType = sourcecode.swift; path = ScrumdingerUITestsLaunchTests.swift; sourceTree = "<group>"; };
		F5E917F528711E0C00AE8421 /* Theme.swift */ = {isa = PBXFileReference; lastKnownFileType = sourcecode.swift; path = Theme.swift; sourceTree = "<group>"; };
		F5E917F728711EE200AE8421 /* DailyScrum.swift */ = {isa = PBXFileReference; lastKnownFileType = sourcecode.swift; path = DailyScrum.swift; sourceTree = "<group>"; };
		F5E917FD28711FF100AE8421 /* CardView.swift */ = {isa = PBXFileReference; lastKnownFileType = sourcecode.swift; path = CardView.swift; sourceTree = "<group>"; };
		F5E918002871229500AE8421 /* TrailingIconLabelStyle.swift */ = {isa = PBXFileReference; lastKnownFileType = sourcecode.swift; path = TrailingIconLabelStyle.swift; sourceTree = "<group>"; };
		F5E91802287387B100AE8421 /* ScrumsView.swift */ = {isa = PBXFileReference; lastKnownFileType = sourcecode.swift; path = ScrumsView.swift; sourceTree = "<group>"; };
		F5E9180428738BDA00AE8421 /* DetailView.swift */ = {isa = PBXFileReference; lastKnownFileType = sourcecode.swift; path = DetailView.swift; sourceTree = "<group>"; };
/* End PBXFileReference section */

/* Begin PBXFrameworksBuildPhase section */
		F5E917C4287114DC00AE8421 /* Frameworks */ = {
			isa = PBXFrameworksBuildPhase;
			buildActionMask = 2147483647;
			files = (
				F571FA4D2896CA2D003531CE /* GoogleAppMeasurement.xcframework in Frameworks */,
				F571FA2D2896CA2C003531CE /* GoogleDataTransport.xcframework in Frameworks */,
				F571FA2F2896CA2C003531CE /* abseil.xcframework in Frameworks */,
				F571FA512896CA2D003531CE /* PromisesObjC.xcframework in Frameworks */,
				F571FA4F2896CA2D003531CE /* nanopb.xcframework in Frameworks */,
				F571FA432896CA2C003531CE /* leveldb-library.xcframework in Frameworks */,
				F571FA492896CA2C003531CE /* Libuv-gRPC.xcframework in Frameworks */,
				F571FA392896CA2C003531CE /* gRPC-C++.xcframework in Frameworks */,
				F571FA412896CA2C003531CE /* FirebaseInstallations.xcframework in Frameworks */,
				F571FA452896CA2C003531CE /* FirebaseAnalyticsSwift.xcframework in Frameworks */,
				F571FA4B2896CA2D003531CE /* gRPC-Core.xcframework in Frameworks */,
				F571FA352896CA2C003531CE /* GoogleUtilities.xcframework in Frameworks */,
				F571FA562896CA3B003531CE /* FirebaseAuth.xcframework in Frameworks */,
				F571FA3D2896CA2C003531CE /* FirebaseCoreDiagnostics.xcframework in Frameworks */,
				F571FA3F2896CA2C003531CE /* FirebaseFirestoreSwift.xcframework in Frameworks */,
				F571FA312896CA2C003531CE /* FirebaseCore.xcframework in Frameworks */,
				F571FA292896CA2C003531CE /* FirebaseFirestore.xcframework in Frameworks */,
				F571FA532896CA2D003531CE /* BoringSSL-GRPC.xcframework in Frameworks */,
				F571FA472896CA2C003531CE /* FirebaseCoreInternal.xcframework in Frameworks */,
				F571FA3B2896CA2C003531CE /* GTMSessionFetcher.xcframework in Frameworks */,
				F571FA2B2896CA2C003531CE /* GoogleAppMeasurementIdentitySupport.xcframework in Frameworks */,
				F571FA332896CA2C003531CE /* FirebaseAnalytics.xcframework in Frameworks */,
			);
			runOnlyForDeploymentPostprocessing = 0;
		};
		F5E917D4287114EA00AE8421 /* Frameworks */ = {
			isa = PBXFrameworksBuildPhase;
			buildActionMask = 2147483647;
			files = (
			);
			runOnlyForDeploymentPostprocessing = 0;
		};
		F5E917DE287114EA00AE8421 /* Frameworks */ = {
			isa = PBXFrameworksBuildPhase;
			buildActionMask = 2147483647;
			files = (
			);
			runOnlyForDeploymentPostprocessing = 0;
		};
/* End PBXFrameworksBuildPhase section */

/* Begin PBXGroup section */
		F52366972891E7E6005B1F65 /* PlanningPokerView */ = {
			isa = PBXGroup;
			children = (
				F5C397DD289F41BC008AEFF2 /* EnterRoomView */,
				F5C397DE289F41DF008AEFF2 /* CardListView */,
			);
			path = PlanningPokerView;
			sourceTree = "<group>";
		};
		F52366982891E803005B1F65 /* PlanningPokerModel */ = {
			isa = PBXGroup;
			children = (
				F5C397DB289F40C6008AEFF2 /* RoomModel.swift */,
				F5C397D9289E9342008AEFF2 /* EstimateNumberSetModel.swift */,
			);
			path = PlanningPokerModel;
			sourceTree = "<group>";
		};
		F53C2D8A287A3EAD0066D2F9 /* DetailEditView */ = {
			isa = PBXGroup;
			children = (
				F53C2D842879C2FA0066D2F9 /* DetailEditView.swift */,
				F53C2D86287A3A140066D2F9 /* ThemeView.swift */,
				F53C2D88287A3CD00066D2F9 /* ThemePicker.swift */,
			);
			path = DetailEditView;
			sourceTree = "<group>";
		};
		F53C2D8B287A4BD80066D2F9 /* MeetingView */ = {
			isa = PBXGroup;
			children = (
				F5E917CC287114DC00AE8421 /* MeetingView.swift */,
				F53C2D8E287A4C9D0066D2F9 /* MeetingHeaderView.swift */,
				F5D21DE728803426000C34E1 /* MeetingTimerView.swift */,
				F53C2D94287A52300066D2F9 /* MeetingFooterView.swift */,
				F53C2D90287A4F270066D2F9 /* ScrumProgressViewStyle.swift */,
			);
			path = MeetingView;
			sourceTree = "<group>";
		};
		F53C2D8C287A4C100066D2F9 /* TopView */ = {
			isa = PBXGroup;
			children = (
				F5E91802287387B100AE8421 /* ScrumsView.swift */,
				F5E917FD28711FF100AE8421 /* CardView.swift */,
			);
			path = TopView;
			sourceTree = "<group>";
		};
		F53C2D8D287A4C510066D2F9 /* DetailView */ = {
			isa = PBXGroup;
			children = (
				F5E9180428738BDA00AE8421 /* DetailView.swift */,
			);
			path = DetailView;
			sourceTree = "<group>";
		};
		F571FA122896CA2B003531CE /* Frameworks */ = {
			isa = PBXGroup;
			children = (
				F571FA162896CA2C003531CE /* abseil.xcframework */,
				F571FA282896CA2C003531CE /* BoringSSL-GRPC.xcframework */,
				F571FA182896CA2C003531CE /* FirebaseAnalytics.xcframework */,
				F571FA212896CA2C003531CE /* FirebaseAnalyticsSwift.xcframework */,
				F571FA1A2896CA2C003531CE /* FirebaseAuth.xcframework */,
				F571FA172896CA2C003531CE /* FirebaseCore.xcframework */,
				F571FA1D2896CA2C003531CE /* FirebaseCoreDiagnostics.xcframework */,
				F571FA222896CA2C003531CE /* FirebaseCoreInternal.xcframework */,
				F571FA132896CA2C003531CE /* FirebaseFirestore.xcframework */,
				F571FA1E2896CA2C003531CE /* FirebaseFirestoreSwift.xcframework */,
				F571FA1F2896CA2C003531CE /* FirebaseInstallations.xcframework */,
				F571FA252896CA2C003531CE /* GoogleAppMeasurement.xcframework */,
				F571FA142896CA2C003531CE /* GoogleAppMeasurementIdentitySupport.xcframework */,
				F571FA152896CA2C003531CE /* GoogleDataTransport.xcframework */,
				F571FA192896CA2C003531CE /* GoogleUtilities.xcframework */,
				F571FA1B2896CA2C003531CE /* gRPC-C++.xcframework */,
				F571FA242896CA2C003531CE /* gRPC-Core.xcframework */,
				F571FA1C2896CA2C003531CE /* GTMSessionFetcher.xcframework */,
				F571FA202896CA2C003531CE /* leveldb-library.xcframework */,
				F571FA232896CA2C003531CE /* Libuv-gRPC.xcframework */,
				F571FA262896CA2C003531CE /* nanopb.xcframework */,
				F571FA272896CA2C003531CE /* PromisesObjC.xcframework */,
			);
			name = Frameworks;
			sourceTree = "<group>";
		};
		F5C397DD289F41BC008AEFF2 /* EnterRoomView */ = {
			isa = PBXGroup;
			children = (
				F5C397DF289F420F008AEFF2 /* EnterRoomView.swift */,
			);
			path = EnterRoomView;
			sourceTree = "<group>";
		};
		F5C397DE289F41DF008AEFF2 /* CardListView */ = {
			isa = PBXGroup;
			children = (
				F52366992891E837005B1F65 /* PlanningPokerView.swift */,
				F52366A12896382F005B1F65 /* PokerCardView.swift */,
				F52366A328963E62005B1F65 /* PokerCardModalView.swift */,
			);
			path = CardListView;
			sourceTree = "<group>";
		};
		F5D21DEB28803B71000C34E1 /* MeetingModel */ = {
			isa = PBXGroup;
			children = (
				F5D21DE928803615000C34E1 /* SpeakerArc.swift */,
				F5D21DEC28828D3E000C34E1 /* SpeechRecognizer.swift */,
				F53C2D96287A56650066D2F9 /* AVPlayer+Ding.swift */,
				F53C2D92287A50ED0066D2F9 /* ScrumTimer.swift */,
			);
			path = MeetingModel;
			sourceTree = "<group>";
		};
		F5D21DEF28829134000C34E1 /* HistoryView */ = {
			isa = PBXGroup;
			children = (
				F5D21DF128829207000C34E1 /* HistoryView.swift */,
			);
			path = HistoryView;
			sourceTree = "<group>";
		};
		F5D21DF028829153000C34E1 /* HistoryModel */ = {
			isa = PBXGroup;
			children = (
				F53C2D98287A5BCF0066D2F9 /* History.swift */,
			);
			path = HistoryModel;
			sourceTree = "<group>";
		};
		F5D21DF328829790000C34E1 /* DetailEditModel */ = {
			isa = PBXGroup;
			children = (
				F5E917F528711E0C00AE8421 /* Theme.swift */,
			);
			path = DetailEditModel;
			sourceTree = "<group>";
		};
		F5D21DF728829A3D000C34E1 /* ScrumsModel */ = {
			isa = PBXGroup;
			children = (
				F5D21DFB28829D80000C34E1 /* TopDetailModel */,
				F5D21DF328829790000C34E1 /* DetailEditModel */,
				F5D21DEB28803B71000C34E1 /* MeetingModel */,
				F5D21DF028829153000C34E1 /* HistoryModel */,
				F53C2D9A287A6F660066D2F9 /* ScrumStore.swift */,
			);
			path = ScrumsModel;
			sourceTree = "<group>";
		};
		F5D21DFB28829D80000C34E1 /* TopDetailModel */ = {
			isa = PBXGroup;
			children = (
				F5E917F728711EE200AE8421 /* DailyScrum.swift */,
			);
			path = TopDetailModel;
			sourceTree = "<group>";
		};
		F5E917BE287114DC00AE8421 = {
			isa = PBXGroup;
			children = (
				F571FA5E2896CCA5003531CE /* gRPCCertificates-Cpp.bundle */,
				F571FA122896CA2B003531CE /* Frameworks */,
				F5E917C8287114DC00AE8421 /* Products */,
				F5E917C9287114DC00AE8421 /* Scrumdinger */,
				F5E917DA287114EA00AE8421 /* ScrumdingerTests */,
				F5E917E4287114EA00AE8421 /* ScrumdingerUITests */,
			);
			sourceTree = "<group>";
		};
		F5E917C8287114DC00AE8421 /* Products */ = {
			isa = PBXGroup;
			children = (
				F5E917C7287114DC00AE8421 /* Scrumdinger.app */,
				F5E917D7287114EA00AE8421 /* ScrumdingerTests.xctest */,
				F5E917E1287114EA00AE8421 /* ScrumdingerUITests.xctest */,
			);
			name = Products;
			sourceTree = "<group>";
		};
		F5E917C9287114DC00AE8421 /* Scrumdinger */ = {
			isa = PBXGroup;
			children = (
				F5E917FA28711FAE00AE8421 /* Views */,
				F5E917F428711DF100AE8421 /* Models */,
				F5E917CA287114DC00AE8421 /* ScrumdingerApp.swift */,
				F5E917CE287114E900AE8421 /* Assets.xcassets */,
				F571FA672896D137003531CE /* GoogleService-Info.plist */,
				F5E917D0287114E900AE8421 /* Preview Content */,
			);
			path = Scrumdinger;
			sourceTree = "<group>";
		};
		F5E917D0287114E900AE8421 /* Preview Content */ = {
			isa = PBXGroup;
			children = (
				F5E917D1287114E900AE8421 /* Preview Assets.xcassets */,
			);
			path = "Preview Content";
			sourceTree = "<group>";
		};
		F5E917DA287114EA00AE8421 /* ScrumdingerTests */ = {
			isa = PBXGroup;
			children = (
				F5E917DB287114EA00AE8421 /* ScrumdingerTests.swift */,
			);
			path = ScrumdingerTests;
			sourceTree = "<group>";
		};
		F5E917E4287114EA00AE8421 /* ScrumdingerUITests */ = {
			isa = PBXGroup;
			children = (
				F5E917E5287114EA00AE8421 /* ScrumdingerUITests.swift */,
				F5E917E7287114EA00AE8421 /* ScrumdingerUITestsLaunchTests.swift */,
			);
			path = ScrumdingerUITests;
			sourceTree = "<group>";
		};
		F5E917F428711DF100AE8421 /* Models */ = {
			isa = PBXGroup;
			children = (
				F52366982891E803005B1F65 /* PlanningPokerModel */,
				F5D21DF728829A3D000C34E1 /* ScrumsModel */,
				F5D21DE3287F7C16000C34E1 /* ErrorWrapper.swift */,
			);
			path = Models;
			sourceTree = "<group>";
		};
		F5E917FA28711FAE00AE8421 /* Views */ = {
			isa = PBXGroup;
			children = (
				F52366972891E7E6005B1F65 /* PlanningPokerView */,
				F5E9180628738C5C00AE8421 /* ScrumsView */,
				F523669B2891E8D8005B1F65 /* IndexView.swift */,
				F5D21DE5287F7CA9000C34E1 /* ErrorView.swift */,
			);
			path = Views;
			sourceTree = "<group>";
		};
		F5E917FF2871228300AE8421 /* Components */ = {
			isa = PBXGroup;
			children = (
				F5E918002871229500AE8421 /* TrailingIconLabelStyle.swift */,
			);
			path = Components;
			sourceTree = "<group>";
		};
		F5E9180628738C5C00AE8421 /* ScrumsView */ = {
			isa = PBXGroup;
			children = (
				F53C2D8C287A4C100066D2F9 /* TopView */,
				F53C2D8D287A4C510066D2F9 /* DetailView */,
				F53C2D8A287A3EAD0066D2F9 /* DetailEditView */,
				F53C2D8B287A4BD80066D2F9 /* MeetingView */,
				F5D21DEF28829134000C34E1 /* HistoryView */,
				F5E917FF2871228300AE8421 /* Components */,
			);
			path = ScrumsView;
			sourceTree = "<group>";
		};
/* End PBXGroup section */

/* Begin PBXNativeTarget section */
		F5E917C6287114DC00AE8421 /* Scrumdinger */ = {
			isa = PBXNativeTarget;
			buildConfigurationList = F5E917EB287114EA00AE8421 /* Build configuration list for PBXNativeTarget "Scrumdinger" */;
			buildPhases = (
				F5E917C3287114DC00AE8421 /* Sources */,
				F5E917C4287114DC00AE8421 /* Frameworks */,
				F5E917C5287114DC00AE8421 /* Resources */,
				F571FA602896CCC5003531CE /* ShellScript */,
			);
			buildRules = (
			);
			dependencies = (
			);
			name = Scrumdinger;
			productName = Scrumdinger;
			productReference = F5E917C7287114DC00AE8421 /* Scrumdinger.app */;
			productType = "com.apple.product-type.application";
		};
		F5E917D6287114EA00AE8421 /* ScrumdingerTests */ = {
			isa = PBXNativeTarget;
			buildConfigurationList = F5E917EE287114EA00AE8421 /* Build configuration list for PBXNativeTarget "ScrumdingerTests" */;
			buildPhases = (
				F5E917D3287114EA00AE8421 /* Sources */,
				F5E917D4287114EA00AE8421 /* Frameworks */,
				F5E917D5287114EA00AE8421 /* Resources */,
			);
			buildRules = (
			);
			dependencies = (
				F5E917D9287114EA00AE8421 /* PBXTargetDependency */,
			);
			name = ScrumdingerTests;
			productName = ScrumdingerTests;
			productReference = F5E917D7287114EA00AE8421 /* ScrumdingerTests.xctest */;
			productType = "com.apple.product-type.bundle.unit-test";
		};
		F5E917E0287114EA00AE8421 /* ScrumdingerUITests */ = {
			isa = PBXNativeTarget;
			buildConfigurationList = F5E917F1287114EA00AE8421 /* Build configuration list for PBXNativeTarget "ScrumdingerUITests" */;
			buildPhases = (
				F5E917DD287114EA00AE8421 /* Sources */,
				F5E917DE287114EA00AE8421 /* Frameworks */,
				F5E917DF287114EA00AE8421 /* Resources */,
			);
			buildRules = (
			);
			dependencies = (
				F5E917E3287114EA00AE8421 /* PBXTargetDependency */,
			);
			name = ScrumdingerUITests;
			productName = ScrumdingerUITests;
			productReference = F5E917E1287114EA00AE8421 /* ScrumdingerUITests.xctest */;
			productType = "com.apple.product-type.bundle.ui-testing";
		};
/* End PBXNativeTarget section */

/* Begin PBXProject section */
		F5E917BF287114DC00AE8421 /* Project object */ = {
			isa = PBXProject;
			attributes = {
				BuildIndependentTargetsInParallel = 1;
				LastSwiftUpdateCheck = 1340;
				LastUpgradeCheck = 1340;
				TargetAttributes = {
					F5E917C6287114DC00AE8421 = {
						CreatedOnToolsVersion = 13.4.1;
					};
					F5E917D6287114EA00AE8421 = {
						CreatedOnToolsVersion = 13.4.1;
						TestTargetID = F5E917C6287114DC00AE8421;
					};
					F5E917E0287114EA00AE8421 = {
						CreatedOnToolsVersion = 13.4.1;
						TestTargetID = F5E917C6287114DC00AE8421;
					};
				};
			};
			buildConfigurationList = F5E917C2287114DC00AE8421 /* Build configuration list for PBXProject "Scrumdinger" */;
			compatibilityVersion = "Xcode 13.0";
			developmentRegion = en;
			hasScannedForEncodings = 0;
			knownRegions = (
				en,
				Base,
			);
			mainGroup = F5E917BE287114DC00AE8421;
			productRefGroup = F5E917C8287114DC00AE8421 /* Products */;
			projectDirPath = "";
			projectRoot = "";
			targets = (
				F5E917C6287114DC00AE8421 /* Scrumdinger */,
				F5E917D6287114EA00AE8421 /* ScrumdingerTests */,
				F5E917E0287114EA00AE8421 /* ScrumdingerUITests */,
			);
		};
/* End PBXProject section */

/* Begin PBXResourcesBuildPhase section */
		F5E917C5287114DC00AE8421 /* Resources */ = {
			isa = PBXResourcesBuildPhase;
			buildActionMask = 2147483647;
			files = (
				F571FA5F2896CCA5003531CE /* gRPCCertificates-Cpp.bundle in Resources */,
				F571FA682896D137003531CE /* GoogleService-Info.plist in Resources */,
				F5E917D2287114E900AE8421 /* Preview Assets.xcassets in Resources */,
				F5E917CF287114E900AE8421 /* Assets.xcassets in Resources */,
			);
			runOnlyForDeploymentPostprocessing = 0;
		};
		F5E917D5287114EA00AE8421 /* Resources */ = {
			isa = PBXResourcesBuildPhase;
			buildActionMask = 2147483647;
			files = (
			);
			runOnlyForDeploymentPostprocessing = 0;
		};
		F5E917DF287114EA00AE8421 /* Resources */ = {
			isa = PBXResourcesBuildPhase;
			buildActionMask = 2147483647;
			files = (
			);
			runOnlyForDeploymentPostprocessing = 0;
		};
/* End PBXResourcesBuildPhase section */

/* Begin PBXShellScriptBuildPhase section */
		F571FA602896CCC5003531CE /* ShellScript */ = {
			isa = PBXShellScriptBuildPhase;
			buildActionMask = 2147483647;
			files = (
			);
			inputFileListPaths = (
			);
			inputPaths = (
			);
			outputFileListPaths = (
			);
			outputPaths = (
			);
			runOnlyForDeploymentPostprocessing = 0;
			shellPath = /bin/sh;
			shellScript = "# Type a script or drag a script file from your workspace to insert its path.\n/usr/local/bin/carthage copy-frameworks\n";
		};
/* End PBXShellScriptBuildPhase section */

/* Begin PBXSourcesBuildPhase section */
		F5E917C3287114DC00AE8421 /* Sources */ = {
			isa = PBXSourcesBuildPhase;
			buildActionMask = 2147483647;
			files = (
				F53C2D99287A5BCF0066D2F9 /* History.swift in Sources */,
				F5D21DF228829207000C34E1 /* HistoryView.swift in Sources */,
				F53C2D89287A3CD00066D2F9 /* ThemePicker.swift in Sources */,
				F53C2D91287A4F270066D2F9 /* ScrumProgressViewStyle.swift in Sources */,
				F53C2D95287A52300066D2F9 /* MeetingFooterView.swift in Sources */,
				F5C397E0289F420F008AEFF2 /* EnterRoomView.swift in Sources */,
				F53C2D9B287A6F660066D2F9 /* ScrumStore.swift in Sources */,
				F53C2D93287A50ED0066D2F9 /* ScrumTimer.swift in Sources */,
				F5E917F828711EE200AE8421 /* DailyScrum.swift in Sources */,
				F5E9180528738BDA00AE8421 /* DetailView.swift in Sources */,
				F53C2D8F287A4C9D0066D2F9 /* MeetingHeaderView.swift in Sources */,
				F5D21DE828803426000C34E1 /* MeetingTimerView.swift in Sources */,
				F523669C2891E8D8005B1F65 /* IndexView.swift in Sources */,
				F52366A22896382F005B1F65 /* PokerCardView.swift in Sources */,
				F53C2D852879C2FA0066D2F9 /* DetailEditView.swift in Sources */,
				F5C397DC289F40C6008AEFF2 /* RoomModel.swift in Sources */,
				F5D21DE4287F7C16000C34E1 /* ErrorWrapper.swift in Sources */,
				F5E918012871229500AE8421 /* TrailingIconLabelStyle.swift in Sources */,
				F5E917F628711E0C00AE8421 /* Theme.swift in Sources */,
				F5E91803287387B100AE8421 /* ScrumsView.swift in Sources */,
				F5E917CD287114DC00AE8421 /* MeetingView.swift in Sources */,
				F523669A2891E837005B1F65 /* PlanningPokerView.swift in Sources */,
				F52366A428963E62005B1F65 /* PokerCardModalView.swift in Sources */,
				F5D21DED28828D3E000C34E1 /* SpeechRecognizer.swift in Sources */,
				F5D21DE6287F7CA9000C34E1 /* ErrorView.swift in Sources */,
				F5E917CB287114DC00AE8421 /* ScrumdingerApp.swift in Sources */,
				F53C2D87287A3A140066D2F9 /* ThemeView.swift in Sources */,
				F5E917FE28711FF100AE8421 /* CardView.swift in Sources */,
				F5C397DA289E9342008AEFF2 /* EstimateNumberSetModel.swift in Sources */,
				F5D21DEA28803615000C34E1 /* SpeakerArc.swift in Sources */,
				F53C2D97287A56650066D2F9 /* AVPlayer+Ding.swift in Sources */,
			);
			runOnlyForDeploymentPostprocessing = 0;
		};
		F5E917D3287114EA00AE8421 /* Sources */ = {
			isa = PBXSourcesBuildPhase;
			buildActionMask = 2147483647;
			files = (
				F5E917DC287114EA00AE8421 /* ScrumdingerTests.swift in Sources */,
			);
			runOnlyForDeploymentPostprocessing = 0;
		};
		F5E917DD287114EA00AE8421 /* Sources */ = {
			isa = PBXSourcesBuildPhase;
			buildActionMask = 2147483647;
			files = (
				F5E917E8287114EA00AE8421 /* ScrumdingerUITestsLaunchTests.swift in Sources */,
				F5E917E6287114EA00AE8421 /* ScrumdingerUITests.swift in Sources */,
			);
			runOnlyForDeploymentPostprocessing = 0;
		};
/* End PBXSourcesBuildPhase section */

/* Begin PBXTargetDependency section */
		F5E917D9287114EA00AE8421 /* PBXTargetDependency */ = {
			isa = PBXTargetDependency;
			target = F5E917C6287114DC00AE8421 /* Scrumdinger */;
			targetProxy = F5E917D8287114EA00AE8421 /* PBXContainerItemProxy */;
		};
		F5E917E3287114EA00AE8421 /* PBXTargetDependency */ = {
			isa = PBXTargetDependency;
			target = F5E917C6287114DC00AE8421 /* Scrumdinger */;
			targetProxy = F5E917E2287114EA00AE8421 /* PBXContainerItemProxy */;
		};
/* End PBXTargetDependency section */

/* Begin XCBuildConfiguration section */
		F5E917E9287114EA00AE8421 /* Debug */ = {
			isa = XCBuildConfiguration;
			buildSettings = {
				ALWAYS_SEARCH_USER_PATHS = NO;
				CLANG_ANALYZER_NONNULL = YES;
				CLANG_ANALYZER_NUMBER_OBJECT_CONVERSION = YES_AGGRESSIVE;
				CLANG_CXX_LANGUAGE_STANDARD = "gnu++17";
				CLANG_ENABLE_MODULES = YES;
				CLANG_ENABLE_OBJC_ARC = YES;
				CLANG_ENABLE_OBJC_WEAK = YES;
				CLANG_WARN_BLOCK_CAPTURE_AUTORELEASING = YES;
				CLANG_WARN_BOOL_CONVERSION = YES;
				CLANG_WARN_COMMA = YES;
				CLANG_WARN_CONSTANT_CONVERSION = YES;
				CLANG_WARN_DEPRECATED_OBJC_IMPLEMENTATIONS = YES;
				CLANG_WARN_DIRECT_OBJC_ISA_USAGE = YES_ERROR;
				CLANG_WARN_DOCUMENTATION_COMMENTS = YES;
				CLANG_WARN_EMPTY_BODY = YES;
				CLANG_WARN_ENUM_CONVERSION = YES;
				CLANG_WARN_INFINITE_RECURSION = YES;
				CLANG_WARN_INT_CONVERSION = YES;
				CLANG_WARN_NON_LITERAL_NULL_CONVERSION = YES;
				CLANG_WARN_OBJC_IMPLICIT_RETAIN_SELF = YES;
				CLANG_WARN_OBJC_LITERAL_CONVERSION = YES;
				CLANG_WARN_OBJC_ROOT_CLASS = YES_ERROR;
				CLANG_WARN_QUOTED_INCLUDE_IN_FRAMEWORK_HEADER = YES;
				CLANG_WARN_RANGE_LOOP_ANALYSIS = YES;
				CLANG_WARN_STRICT_PROTOTYPES = YES;
				CLANG_WARN_SUSPICIOUS_MOVE = YES;
				CLANG_WARN_UNGUARDED_AVAILABILITY = YES_AGGRESSIVE;
				CLANG_WARN_UNREACHABLE_CODE = YES;
				CLANG_WARN__DUPLICATE_METHOD_MATCH = YES;
				COPY_PHASE_STRIP = NO;
				DEBUG_INFORMATION_FORMAT = dwarf;
				ENABLE_STRICT_OBJC_MSGSEND = YES;
				ENABLE_TESTABILITY = YES;
				GCC_C_LANGUAGE_STANDARD = gnu11;
				GCC_DYNAMIC_NO_PIC = NO;
				GCC_NO_COMMON_BLOCKS = YES;
				GCC_OPTIMIZATION_LEVEL = 0;
				GCC_PREPROCESSOR_DEFINITIONS = (
					"DEBUG=1",
					"$(inherited)",
				);
				GCC_WARN_64_TO_32_BIT_CONVERSION = YES;
				GCC_WARN_ABOUT_RETURN_TYPE = YES_ERROR;
				GCC_WARN_UNDECLARED_SELECTOR = YES;
				GCC_WARN_UNINITIALIZED_AUTOS = YES_AGGRESSIVE;
				GCC_WARN_UNUSED_FUNCTION = YES;
				GCC_WARN_UNUSED_VARIABLE = YES;
				IPHONEOS_DEPLOYMENT_TARGET = 15.0;
				MTL_ENABLE_DEBUG_INFO = INCLUDE_SOURCE;
				MTL_FAST_MATH = YES;
				ONLY_ACTIVE_ARCH = YES;
				SDKROOT = iphoneos;
				SWIFT_ACTIVE_COMPILATION_CONDITIONS = DEBUG;
				SWIFT_OPTIMIZATION_LEVEL = "-Onone";
			};
			name = Debug;
		};
		F5E917EA287114EA00AE8421 /* Release */ = {
			isa = XCBuildConfiguration;
			buildSettings = {
				ALWAYS_SEARCH_USER_PATHS = NO;
				CLANG_ANALYZER_NONNULL = YES;
				CLANG_ANALYZER_NUMBER_OBJECT_CONVERSION = YES_AGGRESSIVE;
				CLANG_CXX_LANGUAGE_STANDARD = "gnu++17";
				CLANG_ENABLE_MODULES = YES;
				CLANG_ENABLE_OBJC_ARC = YES;
				CLANG_ENABLE_OBJC_WEAK = YES;
				CLANG_WARN_BLOCK_CAPTURE_AUTORELEASING = YES;
				CLANG_WARN_BOOL_CONVERSION = YES;
				CLANG_WARN_COMMA = YES;
				CLANG_WARN_CONSTANT_CONVERSION = YES;
				CLANG_WARN_DEPRECATED_OBJC_IMPLEMENTATIONS = YES;
				CLANG_WARN_DIRECT_OBJC_ISA_USAGE = YES_ERROR;
				CLANG_WARN_DOCUMENTATION_COMMENTS = YES;
				CLANG_WARN_EMPTY_BODY = YES;
				CLANG_WARN_ENUM_CONVERSION = YES;
				CLANG_WARN_INFINITE_RECURSION = YES;
				CLANG_WARN_INT_CONVERSION = YES;
				CLANG_WARN_NON_LITERAL_NULL_CONVERSION = YES;
				CLANG_WARN_OBJC_IMPLICIT_RETAIN_SELF = YES;
				CLANG_WARN_OBJC_LITERAL_CONVERSION = YES;
				CLANG_WARN_OBJC_ROOT_CLASS = YES_ERROR;
				CLANG_WARN_QUOTED_INCLUDE_IN_FRAMEWORK_HEADER = YES;
				CLANG_WARN_RANGE_LOOP_ANALYSIS = YES;
				CLANG_WARN_STRICT_PROTOTYPES = YES;
				CLANG_WARN_SUSPICIOUS_MOVE = YES;
				CLANG_WARN_UNGUARDED_AVAILABILITY = YES_AGGRESSIVE;
				CLANG_WARN_UNREACHABLE_CODE = YES;
				CLANG_WARN__DUPLICATE_METHOD_MATCH = YES;
				COPY_PHASE_STRIP = NO;
				DEBUG_INFORMATION_FORMAT = "dwarf-with-dsym";
				ENABLE_NS_ASSERTIONS = NO;
				ENABLE_STRICT_OBJC_MSGSEND = YES;
				GCC_C_LANGUAGE_STANDARD = gnu11;
				GCC_NO_COMMON_BLOCKS = YES;
				GCC_WARN_64_TO_32_BIT_CONVERSION = YES;
				GCC_WARN_ABOUT_RETURN_TYPE = YES_ERROR;
				GCC_WARN_UNDECLARED_SELECTOR = YES;
				GCC_WARN_UNINITIALIZED_AUTOS = YES_AGGRESSIVE;
				GCC_WARN_UNUSED_FUNCTION = YES;
				GCC_WARN_UNUSED_VARIABLE = YES;
				IPHONEOS_DEPLOYMENT_TARGET = 15.0;
				MTL_ENABLE_DEBUG_INFO = NO;
				MTL_FAST_MATH = YES;
				SDKROOT = iphoneos;
				SWIFT_COMPILATION_MODE = wholemodule;
				SWIFT_OPTIMIZATION_LEVEL = "-O";
				VALIDATE_PRODUCT = YES;
			};
			name = Release;
		};
		F5E917EC287114EA00AE8421 /* Debug */ = {
			isa = XCBuildConfiguration;
			buildSettings = {
				ASSETCATALOG_COMPILER_APPICON_NAME = AppIcon;
				ASSETCATALOG_COMPILER_GLOBAL_ACCENT_COLOR_NAME = AccentColor;
				CODE_SIGN_STYLE = Automatic;
				CURRENT_PROJECT_VERSION = 1;
				DEVELOPMENT_ASSET_PATHS = "\"Scrumdinger/Preview Content\"";
				DEVELOPMENT_TEAM = 9X7BDJWVT4;
				ENABLE_PREVIEWS = YES;
				GENERATE_INFOPLIST_FILE = YES;
				INFOPLIST_KEY_NSMicrophoneUsageDescription = "Audio is recorded to transcribe the meeting. Audio recordings are discarded after transcription.";
				INFOPLIST_KEY_NSSpeechRecognitionUsageDescription = "You can view a text transcription of your meeting in the app.";
				INFOPLIST_KEY_UIApplicationSceneManifest_Generation = YES;
				INFOPLIST_KEY_UIApplicationSupportsIndirectInputEvents = YES;
				INFOPLIST_KEY_UILaunchScreen_Generation = YES;
				INFOPLIST_KEY_UISupportedInterfaceOrientations_iPad = "UIInterfaceOrientationPortrait UIInterfaceOrientationPortraitUpsideDown UIInterfaceOrientationLandscapeLeft UIInterfaceOrientationLandscapeRight";
				INFOPLIST_KEY_UISupportedInterfaceOrientations_iPhone = "UIInterfaceOrientationPortrait UIInterfaceOrientationLandscapeLeft UIInterfaceOrientationLandscapeRight";
				IPHONEOS_DEPLOYMENT_TARGET = 15.0;
				LD_RUNPATH_SEARCH_PATHS = (
					"$(inherited)",
					"@executable_path/Frameworks",
				);
				MARKETING_VERSION = 1.0;
				OTHER_LDFLAGS = (
					"$(OTHER_LDFLAGS)",
					"-ObjC",
				);
				PRODUCT_BUNDLE_IDENTIFIER = com.scrum.scrumdinger;
				PRODUCT_NAME = "$(TARGET_NAME)";
				SWIFT_EMIT_LOC_STRINGS = YES;
				SWIFT_VERSION = 5.0;
				TARGETED_DEVICE_FAMILY = "1,2";
			};
			name = Debug;
		};
		F5E917ED287114EA00AE8421 /* Release */ = {
			isa = XCBuildConfiguration;
			buildSettings = {
				ASSETCATALOG_COMPILER_APPICON_NAME = AppIcon;
				ASSETCATALOG_COMPILER_GLOBAL_ACCENT_COLOR_NAME = AccentColor;
				CODE_SIGN_STYLE = Automatic;
				CURRENT_PROJECT_VERSION = 1;
				DEVELOPMENT_ASSET_PATHS = "\"Scrumdinger/Preview Content\"";
				DEVELOPMENT_TEAM = 9X7BDJWVT4;
				ENABLE_PREVIEWS = YES;
				GENERATE_INFOPLIST_FILE = YES;
				INFOPLIST_KEY_NSMicrophoneUsageDescription = "Audio is recorded to transcribe the meeting. Audio recordings are discarded after transcription.";
				INFOPLIST_KEY_NSSpeechRecognitionUsageDescription = "You can view a text transcription of your meeting in the app.";
				INFOPLIST_KEY_UIApplicationSceneManifest_Generation = YES;
				INFOPLIST_KEY_UIApplicationSupportsIndirectInputEvents = YES;
				INFOPLIST_KEY_UILaunchScreen_Generation = YES;
				INFOPLIST_KEY_UISupportedInterfaceOrientations_iPad = "UIInterfaceOrientationPortrait UIInterfaceOrientationPortraitUpsideDown UIInterfaceOrientationLandscapeLeft UIInterfaceOrientationLandscapeRight";
				INFOPLIST_KEY_UISupportedInterfaceOrientations_iPhone = "UIInterfaceOrientationPortrait UIInterfaceOrientationLandscapeLeft UIInterfaceOrientationLandscapeRight";
				IPHONEOS_DEPLOYMENT_TARGET = 15.0;
				LD_RUNPATH_SEARCH_PATHS = (
					"$(inherited)",
					"@executable_path/Frameworks",
				);
				MARKETING_VERSION = 1.0;
				OTHER_LDFLAGS = (
					"$(OTHER_LDFLAGS)",
					"-ObjC",
				);
				PRODUCT_BUNDLE_IDENTIFIER = com.scrum.scrumdinger;
				PRODUCT_NAME = "$(TARGET_NAME)";
				SWIFT_EMIT_LOC_STRINGS = YES;
				SWIFT_VERSION = 5.0;
				TARGETED_DEVICE_FAMILY = "1,2";
			};
			name = Release;
		};
		F5E917EF287114EA00AE8421 /* Debug */ = {
			isa = XCBuildConfiguration;
			buildSettings = {
				ALWAYS_EMBED_SWIFT_STANDARD_LIBRARIES = YES;
				BUNDLE_LOADER = "$(TEST_HOST)";
				CODE_SIGN_STYLE = Automatic;
				CURRENT_PROJECT_VERSION = 1;
				DEVELOPMENT_TEAM = 3A32XTC8Y7;
				GENERATE_INFOPLIST_FILE = YES;
				IPHONEOS_DEPLOYMENT_TARGET = 15.5;
				MARKETING_VERSION = 1.0;
				PRODUCT_BUNDLE_IDENTIFIER = dinger.scrum.ScrumdingerTests;
				PRODUCT_NAME = "$(TARGET_NAME)";
				SWIFT_EMIT_LOC_STRINGS = NO;
				SWIFT_VERSION = 5.0;
				TARGETED_DEVICE_FAMILY = "1,2";
				TEST_HOST = "$(BUILT_PRODUCTS_DIR)/Scrumdinger.app/Scrumdinger";
			};
			name = Debug;
		};
		F5E917F0287114EA00AE8421 /* Release */ = {
			isa = XCBuildConfiguration;
			buildSettings = {
				ALWAYS_EMBED_SWIFT_STANDARD_LIBRARIES = YES;
				BUNDLE_LOADER = "$(TEST_HOST)";
				CODE_SIGN_STYLE = Automatic;
				CURRENT_PROJECT_VERSION = 1;
				DEVELOPMENT_TEAM = 3A32XTC8Y7;
				GENERATE_INFOPLIST_FILE = YES;
				IPHONEOS_DEPLOYMENT_TARGET = 15.5;
				MARKETING_VERSION = 1.0;
				PRODUCT_BUNDLE_IDENTIFIER = dinger.scrum.ScrumdingerTests;
				PRODUCT_NAME = "$(TARGET_NAME)";
				SWIFT_EMIT_LOC_STRINGS = NO;
				SWIFT_VERSION = 5.0;
				TARGETED_DEVICE_FAMILY = "1,2";
				TEST_HOST = "$(BUILT_PRODUCTS_DIR)/Scrumdinger.app/Scrumdinger";
			};
			name = Release;
		};
		F5E917F2287114EA00AE8421 /* Debug */ = {
			isa = XCBuildConfiguration;
			buildSettings = {
				ALWAYS_EMBED_SWIFT_STANDARD_LIBRARIES = YES;
				CODE_SIGN_STYLE = Automatic;
				CURRENT_PROJECT_VERSION = 1;
				DEVELOPMENT_TEAM = 3A32XTC8Y7;
				GENERATE_INFOPLIST_FILE = YES;
				MARKETING_VERSION = 1.0;
				PRODUCT_BUNDLE_IDENTIFIER = dinger.scrum.ScrumdingerUITests;
				PRODUCT_NAME = "$(TARGET_NAME)";
				SWIFT_EMIT_LOC_STRINGS = NO;
				SWIFT_VERSION = 5.0;
				TARGETED_DEVICE_FAMILY = "1,2";
				TEST_TARGET_NAME = Scrumdinger;
			};
			name = Debug;
		};
		F5E917F3287114EA00AE8421 /* Release */ = {
			isa = XCBuildConfiguration;
			buildSettings = {
				ALWAYS_EMBED_SWIFT_STANDARD_LIBRARIES = YES;
				CODE_SIGN_STYLE = Automatic;
				CURRENT_PROJECT_VERSION = 1;
				DEVELOPMENT_TEAM = 3A32XTC8Y7;
				GENERATE_INFOPLIST_FILE = YES;
				MARKETING_VERSION = 1.0;
				PRODUCT_BUNDLE_IDENTIFIER = dinger.scrum.ScrumdingerUITests;
				PRODUCT_NAME = "$(TARGET_NAME)";
				SWIFT_EMIT_LOC_STRINGS = NO;
				SWIFT_VERSION = 5.0;
				TARGETED_DEVICE_FAMILY = "1,2";
				TEST_TARGET_NAME = Scrumdinger;
			};
			name = Release;
		};
/* End XCBuildConfiguration section */

/* Begin XCConfigurationList section */
		F5E917C2287114DC00AE8421 /* Build configuration list for PBXProject "Scrumdinger" */ = {
			isa = XCConfigurationList;
			buildConfigurations = (
				F5E917E9287114EA00AE8421 /* Debug */,
				F5E917EA287114EA00AE8421 /* Release */,
			);
			defaultConfigurationIsVisible = 0;
			defaultConfigurationName = Release;
		};
		F5E917EB287114EA00AE8421 /* Build configuration list for PBXNativeTarget "Scrumdinger" */ = {
			isa = XCConfigurationList;
			buildConfigurations = (
				F5E917EC287114EA00AE8421 /* Debug */,
				F5E917ED287114EA00AE8421 /* Release */,
			);
			defaultConfigurationIsVisible = 0;
			defaultConfigurationName = Release;
		};
		F5E917EE287114EA00AE8421 /* Build configuration list for PBXNativeTarget "ScrumdingerTests" */ = {
			isa = XCConfigurationList;
			buildConfigurations = (
				F5E917EF287114EA00AE8421 /* Debug */,
				F5E917F0287114EA00AE8421 /* Release */,
			);
			defaultConfigurationIsVisible = 0;
			defaultConfigurationName = Release;
		};
		F5E917F1287114EA00AE8421 /* Build configuration list for PBXNativeTarget "ScrumdingerUITests" */ = {
			isa = XCConfigurationList;
			buildConfigurations = (
				F5E917F2287114EA00AE8421 /* Debug */,
				F5E917F3287114EA00AE8421 /* Release */,
			);
			defaultConfigurationIsVisible = 0;
			defaultConfigurationName = Release;
		};
/* End XCConfigurationList section */
	};
	rootObject = F5E917BF287114DC00AE8421 /* Project object */;
}
