// !$*UTF8*$!
{
	archiveVersion = 1;
	classes = {
	};
	objectVersion = 55;
	objects = {

/* Begin PBXBuildFile section */
		F5E917CB287114DC00AE8421 /* ScrumdingerApp.swift in Sources */ = {isa = PBXBuildFile; fileRef = F5E917CA287114DC00AE8421 /* ScrumdingerApp.swift */; };
		F5E917CD287114DC00AE8421 /* MeetingView.swift in Sources */ = {isa = PBXBuildFile; fileRef = F5E917CC287114DC00AE8421 /* MeetingView.swift */; };
		F5E917CF287114E900AE8421 /* Assets.xcassets in Resources */ = {isa = PBXBuildFile; fileRef = F5E917CE287114E900AE8421 /* Assets.xcassets */; };
		F5E917D2287114E900AE8421 /* Preview Assets.xcassets in Resources */ = {isa = PBXBuildFile; fileRef = F5E917D1287114E900AE8421 /* Preview Assets.xcassets */; };
		F5E917DC287114EA00AE8421 /* ScrumdingerTests.swift in Sources */ = {isa = PBXBuildFile; fileRef = F5E917DB287114EA00AE8421 /* ScrumdingerTests.swift */; };
		F5E917E6287114EA00AE8421 /* ScrumdingerUITests.swift in Sources */ = {isa = PBXBuildFile; fileRef = F5E917E5287114EA00AE8421 /* ScrumdingerUITests.swift */; };
		F5E917E8287114EA00AE8421 /* ScrumdingerUITestsLaunchTests.swift in Sources */ = {isa = PBXBuildFile; fileRef = F5E917E7287114EA00AE8421 /* ScrumdingerUITestsLaunchTests.swift */; };
		F5E917F628711E0C00AE8421 /* Theme.swift in Sources */ = {isa = PBXBuildFile; fileRef = F5E917F528711E0C00AE8421 /* Theme.swift */; };
		F5E917F828711EE200AE8421 /* DailyScrum.swift in Sources */ = {isa = PBXBuildFile; fileRef = F5E917F728711EE200AE8421 /* DailyScrum.swift */; };
		F5E917FE28711FF100AE8421 /* CardView.swift in Sources */ = {isa = PBXBuildFile; fileRef = F5E917FD28711FF100AE8421 /* CardView.swift */; };
		F5E918012871229500AE8421 /* TrailingIconLabelStyle.swift in Sources */ = {isa = PBXBuildFile; fileRef = F5E918002871229500AE8421 /* TrailingIconLabelStyle.swift */; };
		F5E91803287387B100AE8421 /* ScrumsView.swift in Sources */ = {isa = PBXBuildFile; fileRef = F5E91802287387B100AE8421 /* ScrumsView.swift */; };
/* End PBXBuildFile section */

/* Begin PBXContainerItemProxy section */
		F5E917D8287114EA00AE8421 /* PBXContainerItemProxy */ = {
			isa = PBXContainerItemProxy;
			containerPortal = F5E917BF287114DC00AE8421 /* Project object */;
			proxyType = 1;
			remoteGlobalIDString = F5E917C6287114DC00AE8421;
			remoteInfo = Scrumdinger;
		};
		F5E917E2287114EA00AE8421 /* PBXContainerItemProxy */ = {
			isa = PBXContainerItemProxy;
			containerPortal = F5E917BF287114DC00AE8421 /* Project object */;
			proxyType = 1;
			remoteGlobalIDString = F5E917C6287114DC00AE8421;
			remoteInfo = Scrumdinger;
		};
/* End PBXContainerItemProxy section */

/* Begin PBXFileReference section */
		F5E917C7287114DC00AE8421 /* Scrumdinger.app */ = {isa = PBXFileReference; explicitFileType = wrapper.application; includeInIndex = 0; path = Scrumdinger.app; sourceTree = BUILT_PRODUCTS_DIR; };
		F5E917CA287114DC00AE8421 /* ScrumdingerApp.swift */ = {isa = PBXFileReference; lastKnownFileType = sourcecode.swift; path = ScrumdingerApp.swift; sourceTree = "<group>"; };
		F5E917CC287114DC00AE8421 /* MeetingView.swift */ = {isa = PBXFileReference; lastKnownFileType = sourcecode.swift; path = MeetingView.swift; sourceTree = "<group>"; };
		F5E917CE287114E900AE8421 /* Assets.xcassets */ = {isa = PBXFileReference; lastKnownFileType = folder.assetcatalog; path = Assets.xcassets; sourceTree = "<group>"; };
		F5E917D1287114E900AE8421 /* Preview Assets.xcassets */ = {isa = PBXFileReference; lastKnownFileType = folder.assetcatalog; path = "Preview Assets.xcassets"; sourceTree = "<group>"; };
		F5E917D7287114EA00AE8421 /* ScrumdingerTests.xctest */ = {isa = PBXFileReference; explicitFileType = wrapper.cfbundle; includeInIndex = 0; path = ScrumdingerTests.xctest; sourceTree = BUILT_PRODUCTS_DIR; };
		F5E917DB287114EA00AE8421 /* ScrumdingerTests.swift */ = {isa = PBXFileReference; lastKnownFileType = sourcecode.swift; path = ScrumdingerTests.swift; sourceTree = "<group>"; };
		F5E917E1287114EA00AE8421 /* ScrumdingerUITests.xctest */ = {isa = PBXFileReference; explicitFileType = wrapper.cfbundle; includeInIndex = 0; path = ScrumdingerUITests.xctest; sourceTree = BUILT_PRODUCTS_DIR; };
		F5E917E5287114EA00AE8421 /* ScrumdingerUITests.swift */ = {isa = PBXFileReference; lastKnownFileType = sourcecode.swift; path = ScrumdingerUITests.swift; sourceTree = "<group>"; };
		F5E917E7287114EA00AE8421 /* ScrumdingerUITestsLaunchTests.swift */ = {isa = PBXFileReference; lastKnownFileType = sourcecode.swift; path = ScrumdingerUITestsLaunchTests.swift; sourceTree = "<group>"; };
		F5E917F528711E0C00AE8421 /* Theme.swift */ = {isa = PBXFileReference; lastKnownFileType = sourcecode.swift; path = Theme.swift; sourceTree = "<group>"; };
		F5E917F728711EE200AE8421 /* DailyScrum.swift */ = {isa = PBXFileReference; lastKnownFileType = sourcecode.swift; path = DailyScrum.swift; sourceTree = "<group>"; };
		F5E917FD28711FF100AE8421 /* CardView.swift */ = {isa = PBXFileReference; lastKnownFileType = sourcecode.swift; path = CardView.swift; sourceTree = "<group>"; };
		F5E918002871229500AE8421 /* TrailingIconLabelStyle.swift */ = {isa = PBXFileReference; lastKnownFileType = sourcecode.swift; path = TrailingIconLabelStyle.swift; sourceTree = "<group>"; };
		F5E91802287387B100AE8421 /* ScrumsView.swift */ = {isa = PBXFileReference; lastKnownFileType = sourcecode.swift; path = ScrumsView.swift; sourceTree = "<group>"; };
/* End PBXFileReference section */

/* Begin PBXFrameworksBuildPhase section */
		F5E917C4287114DC00AE8421 /* Frameworks */ = {
			isa = PBXFrameworksBuildPhase;
			buildActionMask = 2147483647;
			files = (
			);
			runOnlyForDeploymentPostprocessing = 0;
		};
		F5E917D4287114EA00AE8421 /* Frameworks */ = {
			isa = PBXFrameworksBuildPhase;
			buildActionMask = 2147483647;
			files = (
			);
			runOnlyForDeploymentPostprocessing = 0;
		};
		F5E917DE287114EA00AE8421 /* Frameworks */ = {
			isa = PBXFrameworksBuildPhase;
			buildActionMask = 2147483647;
			files = (
			);
			runOnlyForDeploymentPostprocessing = 0;
		};
/* End PBXFrameworksBuildPhase section */

/* Begin PBXGroup section */
		F5E917BE287114DC00AE8421 = {
			isa = PBXGroup;
			children = (
				F5E917C9287114DC00AE8421 /* Scrumdinger */,
				F5E917DA287114EA00AE8421 /* ScrumdingerTests */,
				F5E917E4287114EA00AE8421 /* ScrumdingerUITests */,
				F5E917C8287114DC00AE8421 /* Products */,
			);
			sourceTree = "<group>";
		};
		F5E917C8287114DC00AE8421 /* Products */ = {
			isa = PBXGroup;
			children = (
				F5E917C7287114DC00AE8421 /* Scrumdinger.app */,
				F5E917D7287114EA00AE8421 /* ScrumdingerTests.xctest */,
				F5E917E1287114EA00AE8421 /* ScrumdingerUITests.xctest */,
			);
			name = Products;
			sourceTree = "<group>";
		};
		F5E917C9287114DC00AE8421 /* Scrumdinger */ = {
			isa = PBXGroup;
			children = (
				F5E917FA28711FAE00AE8421 /* Views */,
				F5E917F428711DF100AE8421 /* Models */,
				F5E917CA287114DC00AE8421 /* ScrumdingerApp.swift */,
				F5E917CE287114E900AE8421 /* Assets.xcassets */,
				F5E917D0287114E900AE8421 /* Preview Content */,
			);
			path = Scrumdinger;
			sourceTree = "<group>";
		};
		F5E917D0287114E900AE8421 /* Preview Content */ = {
			isa = PBXGroup;
			children = (
				F5E917D1287114E900AE8421 /* Preview Assets.xcassets */,
			);
			path = "Preview Content";
			sourceTree = "<group>";
		};
		F5E917DA287114EA00AE8421 /* ScrumdingerTests */ = {
			isa = PBXGroup;
			children = (
				F5E917DB287114EA00AE8421 /* ScrumdingerTests.swift */,
			);
			path = ScrumdingerTests;
			sourceTree = "<group>";
		};
		F5E917E4287114EA00AE8421 /* ScrumdingerUITests */ = {
			isa = PBXGroup;
			children = (
				F5E917E5287114EA00AE8421 /* ScrumdingerUITests.swift */,
				F5E917E7287114EA00AE8421 /* ScrumdingerUITestsLaunchTests.swift */,
			);
			path = ScrumdingerUITests;
			sourceTree = "<group>";
		};
		F5E917F428711DF100AE8421 /* Models */ = {
			isa = PBXGroup;
			children = (
				F5E917F728711EE200AE8421 /* DailyScrum.swift */,
				F5E917F528711E0C00AE8421 /* Theme.swift */,
			);
			path = Models;
			sourceTree = "<group>";
		};
		F5E917FA28711FAE00AE8421 /* Views */ = {
			isa = PBXGroup;
			children = (
				F5E917FF2871228300AE8421 /* Components */,
				F5E917FD28711FF100AE8421 /* CardView.swift */,
				F5E917CC287114DC00AE8421 /* MeetingView.swift */,
				F5E91802287387B100AE8421 /* ScrumsView.swift */,
			);
			path = Views;
			sourceTree = "<group>";
		};
		F5E917FF2871228300AE8421 /* Components */ = {
			isa = PBXGroup;
			children = (
				F5E918002871229500AE8421 /* TrailingIconLabelStyle.swift */,
			);
			path = Components;
			sourceTree = "<group>";
		};
/* End PBXGroup section */

/* Begin PBXNativeTarget section */
		F5E917C6287114DC00AE8421 /* Scrumdinger */ = {
			isa = PBXNativeTarget;
			buildConfigurationList = F5E917EB287114EA00AE8421 /* Build configuration list for PBXNativeTarget "Scrumdinger" */;
			buildPhases = (
				F5E917C3287114DC00AE8421 /* Sources */,
				F5E917C4287114DC00AE8421 /* Frameworks */,
				F5E917C5287114DC00AE8421 /* Resources */,
			);
			buildRules = (
			);
			dependencies = (
			);
			name = Scrumdinger;
			productName = Scrumdinger;
			productReference = F5E917C7287114DC00AE8421 /* Scrumdinger.app */;
			productType = "com.apple.product-type.application";
		};
		F5E917D6287114EA00AE8421 /* ScrumdingerTests */ = {
			isa = PBXNativeTarget;
			buildConfigurationList = F5E917EE287114EA00AE8421 /* Build configuration list for PBXNativeTarget "ScrumdingerTests" */;
			buildPhases = (
				F5E917D3287114EA00AE8421 /* Sources */,
				F5E917D4287114EA00AE8421 /* Frameworks */,
				F5E917D5287114EA00AE8421 /* Resources */,
			);
			buildRules = (
			);
			dependencies = (
				F5E917D9287114EA00AE8421 /* PBXTargetDependency */,
			);
			name = ScrumdingerTests;
			productName = ScrumdingerTests;
			productReference = F5E917D7287114EA00AE8421 /* ScrumdingerTests.xctest */;
			productType = "com.apple.product-type.bundle.unit-test";
		};
		F5E917E0287114EA00AE8421 /* ScrumdingerUITests */ = {
			isa = PBXNativeTarget;
			buildConfigurationList = F5E917F1287114EA00AE8421 /* Build configuration list for PBXNativeTarget "ScrumdingerUITests" */;
			buildPhases = (
				F5E917DD287114EA00AE8421 /* Sources */,
				F5E917DE287114EA00AE8421 /* Frameworks */,
				F5E917DF287114EA00AE8421 /* Resources */,
			);
			buildRules = (
			);
			dependencies = (
				F5E917E3287114EA00AE8421 /* PBXTargetDependency */,
			);
			name = ScrumdingerUITests;
			productName = ScrumdingerUITests;
			productReference = F5E917E1287114EA00AE8421 /* ScrumdingerUITests.xctest */;
			productType = "com.apple.product-type.bundle.ui-testing";
		};
/* End PBXNativeTarget section */

/* Begin PBXProject section */
		F5E917BF287114DC00AE8421 /* Project object */ = {
			isa = PBXProject;
			attributes = {
				BuildIndependentTargetsInParallel = 1;
				LastSwiftUpdateCheck = 1340;
				LastUpgradeCheck = 1340;
				TargetAttributes = {
					F5E917C6287114DC00AE8421 = {
						CreatedOnToolsVersion = 13.4.1;
					};
					F5E917D6287114EA00AE8421 = {
						CreatedOnToolsVersion = 13.4.1;
						TestTargetID = F5E917C6287114DC00AE8421;
					};
					F5E917E0287114EA00AE8421 = {
						CreatedOnToolsVersion = 13.4.1;
						TestTargetID = F5E917C6287114DC00AE8421;
					};
				};
			};
			buildConfigurationList = F5E917C2287114DC00AE8421 /* Build configuration list for PBXProject "Scrumdinger" */;
			compatibilityVersion = "Xcode 13.0";
			developmentRegion = en;
			hasScannedForEncodings = 0;
			knownRegions = (
				en,
				Base,
			);
			mainGroup = F5E917BE287114DC00AE8421;
			productRefGroup = F5E917C8287114DC00AE8421 /* Products */;
			projectDirPath = "";
			projectRoot = "";
			targets = (
				F5E917C6287114DC00AE8421 /* Scrumdinger */,
				F5E917D6287114EA00AE8421 /* ScrumdingerTests */,
				F5E917E0287114EA00AE8421 /* ScrumdingerUITests */,
			);
		};
/* End PBXProject section */

/* Begin PBXResourcesBuildPhase section */
		F5E917C5287114DC00AE8421 /* Resources */ = {
			isa = PBXResourcesBuildPhase;
			buildActionMask = 2147483647;
			files = (
				F5E917D2287114E900AE8421 /* Preview Assets.xcassets in Resources */,
				F5E917CF287114E900AE8421 /* Assets.xcassets in Resources */,
			);
			runOnlyForDeploymentPostprocessing = 0;
		};
		F5E917D5287114EA00AE8421 /* Resources */ = {
			isa = PBXResourcesBuildPhase;
			buildActionMask = 2147483647;
			files = (
			);
			runOnlyForDeploymentPostprocessing = 0;
		};
		F5E917DF287114EA00AE8421 /* Resources */ = {
			isa = PBXResourcesBuildPhase;
			buildActionMask = 2147483647;
			files = (
			);
			runOnlyForDeploymentPostprocessing = 0;
		};
/* End PBXResourcesBuildPhase section */

/* Begin PBXSourcesBuildPhase section */
		F5E917C3287114DC00AE8421 /* Sources */ = {
			isa = PBXSourcesBuildPhase;
			buildActionMask = 2147483647;
			files = (
				F5E917F828711EE200AE8421 /* DailyScrum.swift in Sources */,
				F5E918012871229500AE8421 /* TrailingIconLabelStyle.swift in Sources */,
				F5E917F628711E0C00AE8421 /* Theme.swift in Sources */,
				F5E91803287387B100AE8421 /* ScrumsView.swift in Sources */,
				F5E917CD287114DC00AE8421 /* MeetingView.swift in Sources */,
				F5E917CB287114DC00AE8421 /* ScrumdingerApp.swift in Sources */,
				F5E917FE28711FF100AE8421 /* CardView.swift in Sources */,
			);
			runOnlyForDeploymentPostprocessing = 0;
		};
		F5E917D3287114EA00AE8421 /* Sources */ = {
			isa = PBXSourcesBuildPhase;
			buildActionMask = 2147483647;
			files = (
				F5E917DC287114EA00AE8421 /* ScrumdingerTests.swift in Sources */,
			);
			runOnlyForDeploymentPostprocessing = 0;
		};
		F5E917DD287114EA00AE8421 /* Sources */ = {
			isa = PBXSourcesBuildPhase;
			buildActionMask = 2147483647;
			files = (
				F5E917E8287114EA00AE8421 /* ScrumdingerUITestsLaunchTests.swift in Sources */,
				F5E917E6287114EA00AE8421 /* ScrumdingerUITests.swift in Sources */,
			);
			runOnlyForDeploymentPostprocessing = 0;
		};
/* End PBXSourcesBuildPhase section */

/* Begin PBXTargetDependency section */
		F5E917D9287114EA00AE8421 /* PBXTargetDependency */ = {
			isa = PBXTargetDependency;
			target = F5E917C6287114DC00AE8421 /* Scrumdinger */;
			targetProxy = F5E917D8287114EA00AE8421 /* PBXContainerItemProxy */;
		};
		F5E917E3287114EA00AE8421 /* PBXTargetDependency */ = {
			isa = PBXTargetDependency;
			target = F5E917C6287114DC00AE8421 /* Scrumdinger */;
			targetProxy = F5E917E2287114EA00AE8421 /* PBXContainerItemProxy */;
		};
/* End PBXTargetDependency section */

/* Begin XCBuildConfiguration section */
		F5E917E9287114EA00AE8421 /* Debug */ = {
			isa = XCBuildConfiguration;
			buildSettings = {
				ALWAYS_SEARCH_USER_PATHS = NO;
				CLANG_ANALYZER_NONNULL = YES;
				CLANG_ANALYZER_NUMBER_OBJECT_CONVERSION = YES_AGGRESSIVE;
				CLANG_CXX_LANGUAGE_STANDARD = "gnu++17";
				CLANG_ENABLE_MODULES = YES;
				CLANG_ENABLE_OBJC_ARC = YES;
				CLANG_ENABLE_OBJC_WEAK = YES;
				CLANG_WARN_BLOCK_CAPTURE_AUTORELEASING = YES;
				CLANG_WARN_BOOL_CONVERSION = YES;
				CLANG_WARN_COMMA = YES;
				CLANG_WARN_CONSTANT_CONVERSION = YES;
				CLANG_WARN_DEPRECATED_OBJC_IMPLEMENTATIONS = YES;
				CLANG_WARN_DIRECT_OBJC_ISA_USAGE = YES_ERROR;
				CLANG_WARN_DOCUMENTATION_COMMENTS = YES;
				CLANG_WARN_EMPTY_BODY = YES;
				CLANG_WARN_ENUM_CONVERSION = YES;
				CLANG_WARN_INFINITE_RECURSION = YES;
				CLANG_WARN_INT_CONVERSION = YES;
				CLANG_WARN_NON_LITERAL_NULL_CONVERSION = YES;
				CLANG_WARN_OBJC_IMPLICIT_RETAIN_SELF = YES;
				CLANG_WARN_OBJC_LITERAL_CONVERSION = YES;
				CLANG_WARN_OBJC_ROOT_CLASS = YES_ERROR;
				CLANG_WARN_QUOTED_INCLUDE_IN_FRAMEWORK_HEADER = YES;
				CLANG_WARN_RANGE_LOOP_ANALYSIS = YES;
				CLANG_WARN_STRICT_PROTOTYPES = YES;
				CLANG_WARN_SUSPICIOUS_MOVE = YES;
				CLANG_WARN_UNGUARDED_AVAILABILITY = YES_AGGRESSIVE;
				CLANG_WARN_UNREACHABLE_CODE = YES;
				CLANG_WARN__DUPLICATE_METHOD_MATCH = YES;
				COPY_PHASE_STRIP = NO;
				DEBUG_INFORMATION_FORMAT = dwarf;
				ENABLE_STRICT_OBJC_MSGSEND = YES;
				ENABLE_TESTABILITY = YES;
				GCC_C_LANGUAGE_STANDARD = gnu11;
				GCC_DYNAMIC_NO_PIC = NO;
				GCC_NO_COMMON_BLOCKS = YES;
				GCC_OPTIMIZATION_LEVEL = 0;
				GCC_PREPROCESSOR_DEFINITIONS = (
					"DEBUG=1",
					"$(inherited)",
				);
				GCC_WARN_64_TO_32_BIT_CONVERSION = YES;
				GCC_WARN_ABOUT_RETURN_TYPE = YES_ERROR;
				GCC_WARN_UNDECLARED_SELECTOR = YES;
				GCC_WARN_UNINITIALIZED_AUTOS = YES_AGGRESSIVE;
				GCC_WARN_UNUSED_FUNCTION = YES;
				GCC_WARN_UNUSED_VARIABLE = YES;
				IPHONEOS_DEPLOYMENT_TARGET = 15.5;
				MTL_ENABLE_DEBUG_INFO = INCLUDE_SOURCE;
				MTL_FAST_MATH = YES;
				ONLY_ACTIVE_ARCH = YES;
				SDKROOT = iphoneos;
				SWIFT_ACTIVE_COMPILATION_CONDITIONS = DEBUG;
				SWIFT_OPTIMIZATION_LEVEL = "-Onone";
			};
			name = Debug;
		};
		F5E917EA287114EA00AE8421 /* Release */ = {
			isa = XCBuildConfiguration;
			buildSettings = {
				ALWAYS_SEARCH_USER_PATHS = NO;
				CLANG_ANALYZER_NONNULL = YES;
				CLANG_ANALYZER_NUMBER_OBJECT_CONVERSION = YES_AGGRESSIVE;
				CLANG_CXX_LANGUAGE_STANDARD = "gnu++17";
				CLANG_ENABLE_MODULES = YES;
				CLANG_ENABLE_OBJC_ARC = YES;
				CLANG_ENABLE_OBJC_WEAK = YES;
				CLANG_WARN_BLOCK_CAPTURE_AUTORELEASING = YES;
				CLANG_WARN_BOOL_CONVERSION = YES;
				CLANG_WARN_COMMA = YES;
				CLANG_WARN_CONSTANT_CONVERSION = YES;
				CLANG_WARN_DEPRECATED_OBJC_IMPLEMENTATIONS = YES;
				CLANG_WARN_DIRECT_OBJC_ISA_USAGE = YES_ERROR;
				CLANG_WARN_DOCUMENTATION_COMMENTS = YES;
				CLANG_WARN_EMPTY_BODY = YES;
				CLANG_WARN_ENUM_CONVERSION = YES;
				CLANG_WARN_INFINITE_RECURSION = YES;
				CLANG_WARN_INT_CONVERSION = YES;
				CLANG_WARN_NON_LITERAL_NULL_CONVERSION = YES;
				CLANG_WARN_OBJC_IMPLICIT_RETAIN_SELF = YES;
				CLANG_WARN_OBJC_LITERAL_CONVERSION = YES;
				CLANG_WARN_OBJC_ROOT_CLASS = YES_ERROR;
				CLANG_WARN_QUOTED_INCLUDE_IN_FRAMEWORK_HEADER = YES;
				CLANG_WARN_RANGE_LOOP_ANALYSIS = YES;
				CLANG_WARN_STRICT_PROTOTYPES = YES;
				CLANG_WARN_SUSPICIOUS_MOVE = YES;
				CLANG_WARN_UNGUARDED_AVAILABILITY = YES_AGGRESSIVE;
				CLANG_WARN_UNREACHABLE_CODE = YES;
				CLANG_WARN__DUPLICATE_METHOD_MATCH = YES;
				COPY_PHASE_STRIP = NO;
				DEBUG_INFORMATION_FORMAT = "dwarf-with-dsym";
				ENABLE_NS_ASSERTIONS = NO;
				ENABLE_STRICT_OBJC_MSGSEND = YES;
				GCC_C_LANGUAGE_STANDARD = gnu11;
				GCC_NO_COMMON_BLOCKS = YES;
				GCC_WARN_64_TO_32_BIT_CONVERSION = YES;
				GCC_WARN_ABOUT_RETURN_TYPE = YES_ERROR;
				GCC_WARN_UNDECLARED_SELECTOR = YES;
				GCC_WARN_UNINITIALIZED_AUTOS = YES_AGGRESSIVE;
				GCC_WARN_UNUSED_FUNCTION = YES;
				GCC_WARN_UNUSED_VARIABLE = YES;
				IPHONEOS_DEPLOYMENT_TARGET = 15.5;
				MTL_ENABLE_DEBUG_INFO = NO;
				MTL_FAST_MATH = YES;
				SDKROOT = iphoneos;
				SWIFT_COMPILATION_MODE = wholemodule;
				SWIFT_OPTIMIZATION_LEVEL = "-O";
				VALIDATE_PRODUCT = YES;
			};
			name = Release;
		};
		F5E917EC287114EA00AE8421 /* Debug */ = {
			isa = XCBuildConfiguration;
			buildSettings = {
				ASSETCATALOG_COMPILER_APPICON_NAME = AppIcon;
				ASSETCATALOG_COMPILER_GLOBAL_ACCENT_COLOR_NAME = AccentColor;
				CODE_SIGN_STYLE = Automatic;
				CURRENT_PROJECT_VERSION = 1;
				DEVELOPMENT_ASSET_PATHS = "\"Scrumdinger/Preview Content\"";
				DEVELOPMENT_TEAM = 3A32XTC8Y7;
				ENABLE_PREVIEWS = YES;
				GENERATE_INFOPLIST_FILE = YES;
				INFOPLIST_KEY_UIApplicationSceneManifest_Generation = YES;
				INFOPLIST_KEY_UIApplicationSupportsIndirectInputEvents = YES;
				INFOPLIST_KEY_UILaunchScreen_Generation = YES;
				INFOPLIST_KEY_UISupportedInterfaceOrientations_iPad = "UIInterfaceOrientationPortrait UIInterfaceOrientationPortraitUpsideDown UIInterfaceOrientationLandscapeLeft UIInterfaceOrientationLandscapeRight";
				INFOPLIST_KEY_UISupportedInterfaceOrientations_iPhone = "UIInterfaceOrientationPortrait UIInterfaceOrientationLandscapeLeft UIInterfaceOrientationLandscapeRight";
				LD_RUNPATH_SEARCH_PATHS = (
					"$(inherited)",
					"@executable_path/Frameworks",
				);
				MARKETING_VERSION = 1.0;
				PRODUCT_BUNDLE_IDENTIFIER = dinger.scrum.Scrumdinger;
				PRODUCT_NAME = "$(TARGET_NAME)";
				SWIFT_EMIT_LOC_STRINGS = YES;
				SWIFT_VERSION = 5.0;
				TARGETED_DEVICE_FAMILY = "1,2";
			};
			name = Debug;
		};
		F5E917ED287114EA00AE8421 /* Release */ = {
			isa = XCBuildConfiguration;
			buildSettings = {
				ASSETCATALOG_COMPILER_APPICON_NAME = AppIcon;
				ASSETCATALOG_COMPILER_GLOBAL_ACCENT_COLOR_NAME = AccentColor;
				CODE_SIGN_STYLE = Automatic;
				CURRENT_PROJECT_VERSION = 1;
				DEVELOPMENT_ASSET_PATHS = "\"Scrumdinger/Preview Content\"";
				DEVELOPMENT_TEAM = 3A32XTC8Y7;
				ENABLE_PREVIEWS = YES;
				GENERATE_INFOPLIST_FILE = YES;
				INFOPLIST_KEY_UIApplicationSceneManifest_Generation = YES;
				INFOPLIST_KEY_UIApplicationSupportsIndirectInputEvents = YES;
				INFOPLIST_KEY_UILaunchScreen_Generation = YES;
				INFOPLIST_KEY_UISupportedInterfaceOrientations_iPad = "UIInterfaceOrientationPortrait UIInterfaceOrientationPortraitUpsideDown UIInterfaceOrientationLandscapeLeft UIInterfaceOrientationLandscapeRight";
				INFOPLIST_KEY_UISupportedInterfaceOrientations_iPhone = "UIInterfaceOrientationPortrait UIInterfaceOrientationLandscapeLeft UIInterfaceOrientationLandscapeRight";
				LD_RUNPATH_SEARCH_PATHS = (
					"$(inherited)",
					"@executable_path/Frameworks",
				);
				MARKETING_VERSION = 1.0;
				PRODUCT_BUNDLE_IDENTIFIER = dinger.scrum.Scrumdinger;
				PRODUCT_NAME = "$(TARGET_NAME)";
				SWIFT_EMIT_LOC_STRINGS = YES;
				SWIFT_VERSION = 5.0;
				TARGETED_DEVICE_FAMILY = "1,2";
			};
			name = Release;
		};
		F5E917EF287114EA00AE8421 /* Debug */ = {
			isa = XCBuildConfiguration;
			buildSettings = {
				ALWAYS_EMBED_SWIFT_STANDARD_LIBRARIES = YES;
				BUNDLE_LOADER = "$(TEST_HOST)";
				CODE_SIGN_STYLE = Automatic;
				CURRENT_PROJECT_VERSION = 1;
				DEVELOPMENT_TEAM = 3A32XTC8Y7;
				GENERATE_INFOPLIST_FILE = YES;
				IPHONEOS_DEPLOYMENT_TARGET = 15.5;
				MARKETING_VERSION = 1.0;
				PRODUCT_BUNDLE_IDENTIFIER = dinger.scrum.ScrumdingerTests;
				PRODUCT_NAME = "$(TARGET_NAME)";
				SWIFT_EMIT_LOC_STRINGS = NO;
				SWIFT_VERSION = 5.0;
				TARGETED_DEVICE_FAMILY = "1,2";
				TEST_HOST = "$(BUILT_PRODUCTS_DIR)/Scrumdinger.app/Scrumdinger";
			};
			name = Debug;
		};
		F5E917F0287114EA00AE8421 /* Release */ = {
			isa = XCBuildConfiguration;
			buildSettings = {
				ALWAYS_EMBED_SWIFT_STANDARD_LIBRARIES = YES;
				BUNDLE_LOADER = "$(TEST_HOST)";
				CODE_SIGN_STYLE = Automatic;
				CURRENT_PROJECT_VERSION = 1;
				DEVELOPMENT_TEAM = 3A32XTC8Y7;
				GENERATE_INFOPLIST_FILE = YES;
				IPHONEOS_DEPLOYMENT_TARGET = 15.5;
				MARKETING_VERSION = 1.0;
				PRODUCT_BUNDLE_IDENTIFIER = dinger.scrum.ScrumdingerTests;
				PRODUCT_NAME = "$(TARGET_NAME)";
				SWIFT_EMIT_LOC_STRINGS = NO;
				SWIFT_VERSION = 5.0;
				TARGETED_DEVICE_FAMILY = "1,2";
				TEST_HOST = "$(BUILT_PRODUCTS_DIR)/Scrumdinger.app/Scrumdinger";
			};
			name = Release;
		};
		F5E917F2287114EA00AE8421 /* Debug */ = {
			isa = XCBuildConfiguration;
			buildSettings = {
				ALWAYS_EMBED_SWIFT_STANDARD_LIBRARIES = YES;
				CODE_SIGN_STYLE = Automatic;
				CURRENT_PROJECT_VERSION = 1;
				DEVELOPMENT_TEAM = 3A32XTC8Y7;
				GENERATE_INFOPLIST_FILE = YES;
				MARKETING_VERSION = 1.0;
				PRODUCT_BUNDLE_IDENTIFIER = dinger.scrum.ScrumdingerUITests;
				PRODUCT_NAME = "$(TARGET_NAME)";
				SWIFT_EMIT_LOC_STRINGS = NO;
				SWIFT_VERSION = 5.0;
				TARGETED_DEVICE_FAMILY = "1,2";
				TEST_TARGET_NAME = Scrumdinger;
			};
			name = Debug;
		};
		F5E917F3287114EA00AE8421 /* Release */ = {
			isa = XCBuildConfiguration;
			buildSettings = {
				ALWAYS_EMBED_SWIFT_STANDARD_LIBRARIES = YES;
				CODE_SIGN_STYLE = Automatic;
				CURRENT_PROJECT_VERSION = 1;
				DEVELOPMENT_TEAM = 3A32XTC8Y7;
				GENERATE_INFOPLIST_FILE = YES;
				MARKETING_VERSION = 1.0;
				PRODUCT_BUNDLE_IDENTIFIER = dinger.scrum.ScrumdingerUITests;
				PRODUCT_NAME = "$(TARGET_NAME)";
				SWIFT_EMIT_LOC_STRINGS = NO;
				SWIFT_VERSION = 5.0;
				TARGETED_DEVICE_FAMILY = "1,2";
				TEST_TARGET_NAME = Scrumdinger;
			};
			name = Release;
		};
/* End XCBuildConfiguration section */

/* Begin XCConfigurationList section */
		F5E917C2287114DC00AE8421 /* Build configuration list for PBXProject "Scrumdinger" */ = {
			isa = XCConfigurationList;
			buildConfigurations = (
				F5E917E9287114EA00AE8421 /* Debug */,
				F5E917EA287114EA00AE8421 /* Release */,
			);
			defaultConfigurationIsVisible = 0;
			defaultConfigurationName = Release;
		};
		F5E917EB287114EA00AE8421 /* Build configuration list for PBXNativeTarget "Scrumdinger" */ = {
			isa = XCConfigurationList;
			buildConfigurations = (
				F5E917EC287114EA00AE8421 /* Debug */,
				F5E917ED287114EA00AE8421 /* Release */,
			);
			defaultConfigurationIsVisible = 0;
			defaultConfigurationName = Release;
		};
		F5E917EE287114EA00AE8421 /* Build configuration list for PBXNativeTarget "ScrumdingerTests" */ = {
			isa = XCConfigurationList;
			buildConfigurations = (
				F5E917EF287114EA00AE8421 /* Debug */,
				F5E917F0287114EA00AE8421 /* Release */,
			);
			defaultConfigurationIsVisible = 0;
			defaultConfigurationName = Release;
		};
		F5E917F1287114EA00AE8421 /* Build configuration list for PBXNativeTarget "ScrumdingerUITests" */ = {
			isa = XCConfigurationList;
			buildConfigurations = (
				F5E917F2287114EA00AE8421 /* Debug */,
				F5E917F3287114EA00AE8421 /* Release */,
			);
			defaultConfigurationIsVisible = 0;
			defaultConfigurationName = Release;
		};
/* End XCConfigurationList section */
	};
	rootObject = F5E917BF287114DC00AE8421 /* Project object */;
}
