{
  "pins" : [
    {
      "identity" : "loaderui",
      "kind" : "remoteSourceControl",
      "location" : "https://github.com/ninjaprox/LoaderUI",
      "state" : {
        "revision" : "90ca7c0f9086d48c37057d7b71a1b1332d5c58e4",
        "version" : "0.1.0"
      }
    },
    {
      "identity" : "neumorphic",
      "kind" : "remoteSourceControl",
      "location" : "https://github.com/costachung/neumorphic/",
      "state" : {
        "revision" : "03c6f7b3d27bfb28a082db2e9ffae45fbc69cb8b",
        "version" : "2.0.6"
      }
    }
  ],
  "version" : 2
}
