// !$*UTF8*$!
{
	archiveVersion = 1;
	classes = {
	};
	objectVersion = 55;
	objects = {

/* Begin PBXBuildFile section */
		F516285D2A651B5E0098E078 /* LaunchApp.swift in Sources */ = {isa = PBXBuildFile; fileRef = F516285C2A651B5E0098E078 /* LaunchApp.swift */; };
		F51628602A651DE50098E078 /* LaunchView.swift in Sources */ = {isa = PBXBuildFile; fileRef = F516285F2A651DE50098E078 /* LaunchView.swift */; };
		F539F02829E6DE4300C5C9C0 /* FirebaseAnalytics in Frameworks */ = {isa = PBXBuildFile; productRef = F539F02729E6DE4300C5C9C0 /* FirebaseAnalytics */; };
		F539F02A29E6DE4400C5C9C0 /* FirebaseAnalyticsOnDeviceConversion in Frameworks */ = {isa = PBXBuildFile; productRef = F539F02929E6DE4300C5C9C0 /* FirebaseAnalyticsOnDeviceConversion */; };
		F539F02C29E6DE4400C5C9C0 /* FirebaseAnalyticsSwift in Frameworks */ = {isa = PBXBuildFile; productRef = F539F02B29E6DE4400C5C9C0 /* FirebaseAnalyticsSwift */; };
		F539F02E29E6DE4400C5C9C0 /* FirebaseAnalyticsWithoutAdIdSupport in Frameworks */ = {isa = PBXBuildFile; productRef = F539F02D29E6DE4400C5C9C0 /* FirebaseAnalyticsWithoutAdIdSupport */; };
		F539F03029E6DE4400C5C9C0 /* FirebaseAuth in Frameworks */ = {isa = PBXBuildFile; productRef = F539F02F29E6DE4400C5C9C0 /* FirebaseAuth */; };
		F539F03229E6DE4400C5C9C0 /* FirebaseFirestore in Frameworks */ = {isa = PBXBuildFile; productRef = F539F03129E6DE4400C5C9C0 /* FirebaseFirestore */; };
		F539F03429E6DE4400C5C9C0 /* FirebaseInstallations in Frameworks */ = {isa = PBXBuildFile; productRef = F539F03329E6DE4400C5C9C0 /* FirebaseInstallations */; };
		F539F03629E6DEFE00C5C9C0 /* FirebaseFirestoreSwift in Frameworks */ = {isa = PBXBuildFile; productRef = F539F03529E6DEFE00C5C9C0 /* FirebaseFirestoreSwift */; };
		F558B9F629EB90A600B7ADD9 /* RemotePokerDomains in Frameworks */ = {isa = PBXBuildFile; productRef = F558B9F529EB90A600B7ADD9 /* RemotePokerDomains */; };
		F571FA682896D137003531CE /* GoogleService-Info.plist in Resources */ = {isa = PBXBuildFile; fileRef = F571FA672896D137003531CE /* GoogleService-Info.plist */; };
		F57A44BA29D09F9A00A077DD /* GoogleService-Info-Dev.plist in Resources */ = {isa = PBXBuildFile; fileRef = F57A44B929D09F9900A077DD /* GoogleService-Info-Dev.plist */; };
		F588E30728BB8E2800C5CA9A /* Neumorphic in Frameworks */ = {isa = PBXBuildFile; productRef = F588E30628BB8E2800C5CA9A /* Neumorphic */; };
		F5A9D18F29EAFE430002865B /* RemotePokerData in Frameworks */ = {isa = PBXBuildFile; productRef = F5A9D18E29EAFE430002865B /* RemotePokerData */; };
		F5D079A32A500A9F00170BEA /* RemotePokerTests.swift in Sources */ = {isa = PBXBuildFile; fileRef = F5D079A22A500A9F00170BEA /* RemotePokerTests.swift */; };
		F5DD230829EACF390091B84C /* RemotePokerViews in Frameworks */ = {isa = PBXBuildFile; productRef = F5DD230729EACF390091B84C /* RemotePokerViews */; };
		F5DD230A29EAD45E0091B84C /* Assets.xcassets in Resources */ = {isa = PBXBuildFile; fileRef = F5DD230929EAD44F0091B84C /* Assets.xcassets */; };
		F5E917CB287114DC00AE8421 /* RemotePokerApp.swift in Sources */ = {isa = PBXBuildFile; fileRef = F5E917CA287114DC00AE8421 /* RemotePokerApp.swift */; };
		F5E917D2287114E900AE8421 /* Preview Assets.xcassets in Resources */ = {isa = PBXBuildFile; fileRef = F5E917D1287114E900AE8421 /* Preview Assets.xcassets */; };
		F5E917E6287114EA00AE8421 /* RemotePokerUITests.swift in Sources */ = {isa = PBXBuildFile; fileRef = F5E917E5287114EA00AE8421 /* RemotePokerUITests.swift */; };
		F5E917E8287114EA00AE8421 /* RemotePokerUITestsLaunchTests.swift in Sources */ = {isa = PBXBuildFile; fileRef = F5E917E7287114EA00AE8421 /* RemotePokerUITestsLaunchTests.swift */; };
/* End PBXBuildFile section */

/* Begin PBXContainerItemProxy section */
		F5E917D8287114EA00AE8421 /* PBXContainerItemProxy */ = {
			isa = PBXContainerItemProxy;
			containerPortal = F5E917BF287114DC00AE8421 /* Project object */;
			proxyType = 1;
			remoteGlobalIDString = F5E917C6287114DC00AE8421;
			remoteInfo = Scrumdinger;
		};
		F5E917E2287114EA00AE8421 /* PBXContainerItemProxy */ = {
			isa = PBXContainerItemProxy;
			containerPortal = F5E917BF287114DC00AE8421 /* Project object */;
			proxyType = 1;
			remoteGlobalIDString = F5E917C6287114DC00AE8421;
			remoteInfo = Scrumdinger;
		};
/* End PBXContainerItemProxy section */

/* Begin PBXFileReference section */
		F503D9712A4FD363003D3779 /* Info.plist */ = {isa = PBXFileReference; lastKnownFileType = text.plist; path = Info.plist; sourceTree = "<group>"; };
		F516285C2A651B5E0098E078 /* LaunchApp.swift */ = {isa = PBXFileReference; lastKnownFileType = sourcecode.swift; path = LaunchApp.swift; sourceTree = "<group>"; };
		F516285F2A651DE50098E078 /* LaunchView.swift */ = {isa = PBXFileReference; lastKnownFileType = sourcecode.swift; path = LaunchView.swift; sourceTree = "<group>"; };
		F558B9F429EB898100B7ADD9 /* RemotePokerDomains */ = {isa = PBXFileReference; lastKnownFileType = wrapper; path = RemotePokerDomains; sourceTree = "<group>"; };
		F571FA672896D137003531CE /* GoogleService-Info.plist */ = {isa = PBXFileReference; fileEncoding = 4; lastKnownFileType = text.plist.xml; path = "GoogleService-Info.plist"; sourceTree = "<group>"; };
		F57A44B929D09F9900A077DD /* GoogleService-Info-Dev.plist */ = {isa = PBXFileReference; fileEncoding = 4; lastKnownFileType = text.plist.xml; path = "GoogleService-Info-Dev.plist"; sourceTree = "<group>"; };
		F595FE6A29AFA22D00B58250 /* ci_post_clone.sh */ = {isa = PBXFileReference; lastKnownFileType = text.script.sh; path = ci_post_clone.sh; sourceTree = "<group>"; };
		F595FE6B29AFA2D500B58250 /* README.md */ = {isa = PBXFileReference; lastKnownFileType = net.daringfireball.markdown; path = README.md; sourceTree = "<group>"; };
		F595FE6C29AFA45A00B58250 /* ci_pre_xcodebuild.sh */ = {isa = PBXFileReference; lastKnownFileType = text.script.sh; path = ci_pre_xcodebuild.sh; sourceTree = "<group>"; };
		F5A9E74729EAFC0900CFE053 /* RemotePokerData */ = {isa = PBXFileReference; lastKnownFileType = wrapper; path = RemotePokerData; sourceTree = "<group>"; };
		F5D079A22A500A9F00170BEA /* RemotePokerTests.swift */ = {isa = PBXFileReference; lastKnownFileType = sourcecode.swift; path = RemotePokerTests.swift; sourceTree = "<group>"; };
		F5D0FEC729EACCD6006769AD /* RemotePokerViews */ = {isa = PBXFileReference; lastKnownFileType = wrapper; path = RemotePokerViews; sourceTree = "<group>"; };
		F5DD230929EAD44F0091B84C /* Assets.xcassets */ = {isa = PBXFileReference; lastKnownFileType = folder.assetcatalog; path = Assets.xcassets; sourceTree = "<group>"; };
		F5E917C7287114DC00AE8421 /* RemotePoker.app */ = {isa = PBXFileReference; explicitFileType = wrapper.application; includeInIndex = 0; path = RemotePoker.app; sourceTree = BUILT_PRODUCTS_DIR; };
		F5E917CA287114DC00AE8421 /* RemotePokerApp.swift */ = {isa = PBXFileReference; lastKnownFileType = sourcecode.swift; path = RemotePokerApp.swift; sourceTree = "<group>"; };
		F5E917D1287114E900AE8421 /* Preview Assets.xcassets */ = {isa = PBXFileReference; lastKnownFileType = folder.assetcatalog; path = "Preview Assets.xcassets"; sourceTree = "<group>"; };
		F5E917D7287114EA00AE8421 /* RemotePokerTests.xctest */ = {isa = PBXFileReference; explicitFileType = wrapper.cfbundle; includeInIndex = 0; path = RemotePokerTests.xctest; sourceTree = BUILT_PRODUCTS_DIR; };
		F5E917E1287114EA00AE8421 /* RemotePokerUITests.xctest */ = {isa = PBXFileReference; explicitFileType = wrapper.cfbundle; includeInIndex = 0; path = RemotePokerUITests.xctest; sourceTree = BUILT_PRODUCTS_DIR; };
		F5E917E5287114EA00AE8421 /* RemotePokerUITests.swift */ = {isa = PBXFileReference; lastKnownFileType = sourcecode.swift; path = RemotePokerUITests.swift; sourceTree = "<group>"; };
		F5E917E7287114EA00AE8421 /* RemotePokerUITestsLaunchTests.swift */ = {isa = PBXFileReference; lastKnownFileType = sourcecode.swift; path = RemotePokerUITestsLaunchTests.swift; sourceTree = "<group>"; };
/* End PBXFileReference section */

/* Begin PBXFrameworksBuildPhase section */
		F5E917C4287114DC00AE8421 /* Frameworks */ = {
			isa = PBXFrameworksBuildPhase;
			buildActionMask = 2147483647;
			files = (
				F539F02C29E6DE4400C5C9C0 /* FirebaseAnalyticsSwift in Frameworks */,
				F5A9D18F29EAFE430002865B /* RemotePokerData in Frameworks */,
				F5DD230829EACF390091B84C /* RemotePokerViews in Frameworks */,
				F539F03029E6DE4400C5C9C0 /* FirebaseAuth in Frameworks */,
				F539F02E29E6DE4400C5C9C0 /* FirebaseAnalyticsWithoutAdIdSupport in Frameworks */,
				F539F03429E6DE4400C5C9C0 /* FirebaseInstallations in Frameworks */,
				F558B9F629EB90A600B7ADD9 /* RemotePokerDomains in Frameworks */,
				F539F02829E6DE4300C5C9C0 /* FirebaseAnalytics in Frameworks */,
				F539F02A29E6DE4400C5C9C0 /* FirebaseAnalyticsOnDeviceConversion in Frameworks */,
				F588E30728BB8E2800C5CA9A /* Neumorphic in Frameworks */,
				F539F03229E6DE4400C5C9C0 /* FirebaseFirestore in Frameworks */,
				F539F03629E6DEFE00C5C9C0 /* FirebaseFirestoreSwift in Frameworks */,
			);
			runOnlyForDeploymentPostprocessing = 0;
		};
		F5E917D4287114EA00AE8421 /* Frameworks */ = {
			isa = PBXFrameworksBuildPhase;
			buildActionMask = 2147483647;
			files = (
			);
			runOnlyForDeploymentPostprocessing = 0;
		};
		F5E917DE287114EA00AE8421 /* Frameworks */ = {
			isa = PBXFrameworksBuildPhase;
			buildActionMask = 2147483647;
			files = (
			);
			runOnlyForDeploymentPostprocessing = 0;
		};
/* End PBXFrameworksBuildPhase section */

/* Begin PBXGroup section */
		F595FE6929AFA11300B58250 /* ci_scripts */ = {
			isa = PBXGroup;
			children = (
				F595FE6A29AFA22D00B58250 /* ci_post_clone.sh */,
				F595FE6C29AFA45A00B58250 /* ci_pre_xcodebuild.sh */,
				F595FE6B29AFA2D500B58250 /* README.md */,
			);
			path = ci_scripts;
			sourceTree = "<group>";
		};
		F5D079A12A500A8000170BEA /* RemotePokerTests */ = {
			isa = PBXGroup;
			children = (
				F5D079A22A500A9F00170BEA /* RemotePokerTests.swift */,
			);
			path = RemotePokerTests;
			sourceTree = "<group>";
		};
		F5DD230629EACF390091B84C /* Frameworks */ = {
			isa = PBXGroup;
			children = (
			);
			name = Frameworks;
			sourceTree = "<group>";
		};
		F5E917BE287114DC00AE8421 = {
			isa = PBXGroup;
			children = (
				F595FE6929AFA11300B58250 /* ci_scripts */,
				F5E917C8287114DC00AE8421 /* Products */,
				F5DD230629EACF390091B84C /* Frameworks */,
				F5E917C9287114DC00AE8421 /* RemotePoker */,
				F5D079A12A500A8000170BEA /* RemotePokerTests */,
				F5E917E4287114EA00AE8421 /* RemotePokerUITests */,
				F5D0FEC729EACCD6006769AD /* RemotePokerViews */,
				F5A9E74729EAFC0900CFE053 /* RemotePokerData */,
				F558B9F429EB898100B7ADD9 /* RemotePokerDomains */,
			);
			sourceTree = "<group>";
		};
		F5E917C8287114DC00AE8421 /* Products */ = {
			isa = PBXGroup;
			children = (
				F5E917C7287114DC00AE8421 /* RemotePoker.app */,
				F5E917D7287114EA00AE8421 /* RemotePokerTests.xctest */,
				F5E917E1287114EA00AE8421 /* RemotePokerUITests.xctest */,
			);
			name = Products;
			sourceTree = "<group>";
		};
		F5E917C9287114DC00AE8421 /* RemotePoker */ = {
			isa = PBXGroup;
			children = (
				F503D9712A4FD363003D3779 /* Info.plist */,
				F5E917CA287114DC00AE8421 /* RemotePokerApp.swift */,
				F516285C2A651B5E0098E078 /* LaunchApp.swift */,
				F516285F2A651DE50098E078 /* LaunchView.swift */,
				F5DD230929EAD44F0091B84C /* Assets.xcassets */,
				F571FA672896D137003531CE /* GoogleService-Info.plist */,
				F57A44B929D09F9900A077DD /* GoogleService-Info-Dev.plist */,
				F5E917D0287114E900AE8421 /* Preview Content */,
			);
			path = RemotePoker;
			sourceTree = "<group>";
		};
		F5E917D0287114E900AE8421 /* Preview Content */ = {
			isa = PBXGroup;
			children = (
				F5E917D1287114E900AE8421 /* Preview Assets.xcassets */,
			);
			path = "Preview Content";
			sourceTree = "<group>";
		};
		F5E917E4287114EA00AE8421 /* RemotePokerUITests */ = {
			isa = PBXGroup;
			children = (
				F5E917E5287114EA00AE8421 /* RemotePokerUITests.swift */,
				F5E917E7287114EA00AE8421 /* RemotePokerUITestsLaunchTests.swift */,
			);
			path = RemotePokerUITests;
			sourceTree = "<group>";
		};
/* End PBXGroup section */

/* Begin PBXNativeTarget section */
		F5E917C6287114DC00AE8421 /* RemotePoker */ = {
			isa = PBXNativeTarget;
			buildConfigurationList = F5E917EB287114EA00AE8421 /* Build configuration list for PBXNativeTarget "RemotePoker" */;
			buildPhases = (
				F5F277AB2972744F00166F88 /* Run swift-format */,
				F5E917C3287114DC00AE8421 /* Sources */,
				F5E917C4287114DC00AE8421 /* Frameworks */,
				F5E917C5287114DC00AE8421 /* Resources */,
			);
			buildRules = (
			);
			dependencies = (
			);
			name = RemotePoker;
			packageProductDependencies = (
				F588E30628BB8E2800C5CA9A /* Neumorphic */,
				F539F02729E6DE4300C5C9C0 /* FirebaseAnalytics */,
				F539F02929E6DE4300C5C9C0 /* FirebaseAnalyticsOnDeviceConversion */,
				F539F02B29E6DE4400C5C9C0 /* FirebaseAnalyticsSwift */,
				F539F02D29E6DE4400C5C9C0 /* FirebaseAnalyticsWithoutAdIdSupport */,
				F539F02F29E6DE4400C5C9C0 /* FirebaseAuth */,
				F539F03129E6DE4400C5C9C0 /* FirebaseFirestore */,
				F539F03329E6DE4400C5C9C0 /* FirebaseInstallations */,
				F539F03529E6DEFE00C5C9C0 /* FirebaseFirestoreSwift */,
				F5DD230729EACF390091B84C /* RemotePokerViews */,
				F5A9D18E29EAFE430002865B /* RemotePokerData */,
				F558B9F529EB90A600B7ADD9 /* RemotePokerDomains */,
			);
			productName = Scrumdinger;
			productReference = F5E917C7287114DC00AE8421 /* RemotePoker.app */;
			productType = "com.apple.product-type.application";
		};
		F5E917D6287114EA00AE8421 /* RemotePokerTests */ = {
			isa = PBXNativeTarget;
			buildConfigurationList = F5E917EE287114EA00AE8421 /* Build configuration list for PBXNativeTarget "RemotePokerTests" */;
			buildPhases = (
				F5E917D3287114EA00AE8421 /* Sources */,
				F5E917D4287114EA00AE8421 /* Frameworks */,
				F5E917D5287114EA00AE8421 /* Resources */,
			);
			buildRules = (
			);
			dependencies = (
				F5E917D9287114EA00AE8421 /* PBXTargetDependency */,
			);
			name = RemotePokerTests;
			productName = ScrumdingerTests;
			productReference = F5E917D7287114EA00AE8421 /* RemotePokerTests.xctest */;
			productType = "com.apple.product-type.bundle.unit-test";
		};
		F5E917E0287114EA00AE8421 /* RemotePokerUITests */ = {
			isa = PBXNativeTarget;
			buildConfigurationList = F5E917F1287114EA00AE8421 /* Build configuration list for PBXNativeTarget "RemotePokerUITests" */;
			buildPhases = (
				F5E917DD287114EA00AE8421 /* Sources */,
				F5E917DE287114EA00AE8421 /* Frameworks */,
				F5E917DF287114EA00AE8421 /* Resources */,
			);
			buildRules = (
			);
			dependencies = (
				F5E917E3287114EA00AE8421 /* PBXTargetDependency */,
			);
			name = RemotePokerUITests;
			productName = ScrumdingerUITests;
			productReference = F5E917E1287114EA00AE8421 /* RemotePokerUITests.xctest */;
			productType = "com.apple.product-type.bundle.ui-testing";
		};
/* End PBXNativeTarget section */

/* Begin PBXProject section */
		F5E917BF287114DC00AE8421 /* Project object */ = {
			isa = PBXProject;
			attributes = {
				BuildIndependentTargetsInParallel = 1;
				LastSwiftUpdateCheck = 1340;
				LastUpgradeCheck = 1420;
				TargetAttributes = {
					F5E917C6287114DC00AE8421 = {
						CreatedOnToolsVersion = 13.4.1;
					};
					F5E917D6287114EA00AE8421 = {
						CreatedOnToolsVersion = 13.4.1;
						LastSwiftMigration = 1430;
						TestTargetID = F5E917C6287114DC00AE8421;
					};
					F5E917E0287114EA00AE8421 = {
						CreatedOnToolsVersion = 13.4.1;
						TestTargetID = F5E917C6287114DC00AE8421;
					};
				};
			};
			buildConfigurationList = F5E917C2287114DC00AE8421 /* Build configuration list for PBXProject "RemotePoker" */;
			compatibilityVersion = "Xcode 13.0";
			developmentRegion = en;
			hasScannedForEncodings = 0;
			knownRegions = (
				en,
				Base,
			);
			mainGroup = F5E917BE287114DC00AE8421;
			packageReferences = (
				F588E30528BB8E2800C5CA9A /* XCRemoteSwiftPackageReference "neumorphic" */,
				F539F02629E6DE4300C5C9C0 /* XCRemoteSwiftPackageReference "firebase-ios-sdk" */,
			);
			productRefGroup = F5E917C8287114DC00AE8421 /* Products */;
			projectDirPath = "";
			projectRoot = "";
			targets = (
				F5E917C6287114DC00AE8421 /* RemotePoker */,
				F5E917D6287114EA00AE8421 /* RemotePokerTests */,
				F5E917E0287114EA00AE8421 /* RemotePokerUITests */,
			);
		};
/* End PBXProject section */

/* Begin PBXResourcesBuildPhase section */
		F5E917C5287114DC00AE8421 /* Resources */ = {
			isa = PBXResourcesBuildPhase;
			buildActionMask = 2147483647;
			files = (
				F57A44BA29D09F9A00A077DD /* GoogleService-Info-Dev.plist in Resources */,
				F571FA682896D137003531CE /* GoogleService-Info.plist in Resources */,
				F5DD230A29EAD45E0091B84C /* Assets.xcassets in Resources */,
				F5E917D2287114E900AE8421 /* Preview Assets.xcassets in Resources */,
			);
			runOnlyForDeploymentPostprocessing = 0;
		};
		F5E917D5287114EA00AE8421 /* Resources */ = {
			isa = PBXResourcesBuildPhase;
			buildActionMask = 2147483647;
			files = (
			);
			runOnlyForDeploymentPostprocessing = 0;
		};
		F5E917DF287114EA00AE8421 /* Resources */ = {
			isa = PBXResourcesBuildPhase;
			buildActionMask = 2147483647;
			files = (
			);
			runOnlyForDeploymentPostprocessing = 0;
		};
/* End PBXResourcesBuildPhase section */

/* Begin PBXShellScriptBuildPhase section */
		F5F277AB2972744F00166F88 /* Run swift-format */ = {
			isa = PBXShellScriptBuildPhase;
			buildActionMask = 2147483647;
			files = (
			);
			inputFileListPaths = (
			);
			inputPaths = (
			);
			name = "Run swift-format";
			outputFileListPaths = (
			);
			outputPaths = (
				"${BUILD_DIR}/RUN_SWIFT_FORMAT_DUMMY_OUTPUT",
			);
			runOnlyForDeploymentPostprocessing = 0;
			shellPath = /bin/sh;
			shellScript = "USERNAME = $(whoami)\ncd /Users/${USERNAME}/develop/RemotePoker\nswift-format -r . -i\n\n# Xcode 14から、Output Filesがない場合も空ファイルを生成してパス指定するか、\n# Based on dependency analysis のチェックを外す必要があるので、\n# ワークアラウンドとして、ビルド時に生成されるファイル内に空ファイルを生成する事で対応\ntouch ${BUILD_DIR}/RUN_SWIFT_FORMAT_DUMMY_OUTPUT\n";
		};
/* End PBXShellScriptBuildPhase section */

/* Begin PBXSourcesBuildPhase section */
		F5E917C3287114DC00AE8421 /* Sources */ = {
			isa = PBXSourcesBuildPhase;
			buildActionMask = 2147483647;
			files = (
				F516285D2A651B5E0098E078 /* LaunchApp.swift in Sources */,
				F5E917CB287114DC00AE8421 /* RemotePokerApp.swift in Sources */,
				F51628602A651DE50098E078 /* LaunchView.swift in Sources */,
			);
			runOnlyForDeploymentPostprocessing = 0;
		};
		F5E917D3287114EA00AE8421 /* Sources */ = {
			isa = PBXSourcesBuildPhase;
			buildActionMask = 2147483647;
			files = (
				F5D079A32A500A9F00170BEA /* RemotePokerTests.swift in Sources */,
			);
			runOnlyForDeploymentPostprocessing = 0;
		};
		F5E917DD287114EA00AE8421 /* Sources */ = {
			isa = PBXSourcesBuildPhase;
			buildActionMask = 2147483647;
			files = (
				F5E917E8287114EA00AE8421 /* RemotePokerUITestsLaunchTests.swift in Sources */,
				F5E917E6287114EA00AE8421 /* RemotePokerUITests.swift in Sources */,
			);
			runOnlyForDeploymentPostprocessing = 0;
		};
/* End PBXSourcesBuildPhase section */

/* Begin PBXTargetDependency section */
		F5E917D9287114EA00AE8421 /* PBXTargetDependency */ = {
			isa = PBXTargetDependency;
			target = F5E917C6287114DC00AE8421 /* RemotePoker */;
			targetProxy = F5E917D8287114EA00AE8421 /* PBXContainerItemProxy */;
		};
		F5E917E3287114EA00AE8421 /* PBXTargetDependency */ = {
			isa = PBXTargetDependency;
			target = F5E917C6287114DC00AE8421 /* RemotePoker */;
			targetProxy = F5E917E2287114EA00AE8421 /* PBXContainerItemProxy */;
		};
/* End PBXTargetDependency section */

/* Begin XCBuildConfiguration section */
		F5E917E9287114EA00AE8421 /* Debug */ = {
			isa = XCBuildConfiguration;
			buildSettings = {
				ALWAYS_SEARCH_USER_PATHS = NO;
				CLANG_ANALYZER_NONNULL = YES;
				CLANG_ANALYZER_NUMBER_OBJECT_CONVERSION = YES_AGGRESSIVE;
				CLANG_CXX_LANGUAGE_STANDARD = "gnu++17";
				CLANG_ENABLE_MODULES = YES;
				CLANG_ENABLE_OBJC_ARC = YES;
				CLANG_ENABLE_OBJC_WEAK = YES;
				CLANG_WARN_BLOCK_CAPTURE_AUTORELEASING = YES;
				CLANG_WARN_BOOL_CONVERSION = YES;
				CLANG_WARN_COMMA = YES;
				CLANG_WARN_CONSTANT_CONVERSION = YES;
				CLANG_WARN_DEPRECATED_OBJC_IMPLEMENTATIONS = YES;
				CLANG_WARN_DIRECT_OBJC_ISA_USAGE = YES_ERROR;
				CLANG_WARN_DOCUMENTATION_COMMENTS = YES;
				CLANG_WARN_EMPTY_BODY = YES;
				CLANG_WARN_ENUM_CONVERSION = YES;
				CLANG_WARN_INFINITE_RECURSION = YES;
				CLANG_WARN_INT_CONVERSION = YES;
				CLANG_WARN_NON_LITERAL_NULL_CONVERSION = YES;
				CLANG_WARN_OBJC_IMPLICIT_RETAIN_SELF = YES;
				CLANG_WARN_OBJC_LITERAL_CONVERSION = YES;
				CLANG_WARN_OBJC_ROOT_CLASS = YES_ERROR;
				CLANG_WARN_QUOTED_INCLUDE_IN_FRAMEWORK_HEADER = YES;
				CLANG_WARN_RANGE_LOOP_ANALYSIS = YES;
				CLANG_WARN_STRICT_PROTOTYPES = YES;
				CLANG_WARN_SUSPICIOUS_MOVE = YES;
				CLANG_WARN_UNGUARDED_AVAILABILITY = YES_AGGRESSIVE;
				CLANG_WARN_UNREACHABLE_CODE = YES;
				CLANG_WARN__DUPLICATE_METHOD_MATCH = YES;
				COPY_PHASE_STRIP = NO;
				DEBUG_INFORMATION_FORMAT = dwarf;
				ENABLE_STRICT_OBJC_MSGSEND = YES;
				ENABLE_TESTABILITY = YES;
				GCC_C_LANGUAGE_STANDARD = gnu11;
				GCC_DYNAMIC_NO_PIC = NO;
				GCC_NO_COMMON_BLOCKS = YES;
				GCC_OPTIMIZATION_LEVEL = 0;
				GCC_PREPROCESSOR_DEFINITIONS = (
					"DEBUG=1",
					"$(inherited)",
				);
				GCC_WARN_64_TO_32_BIT_CONVERSION = YES;
				GCC_WARN_ABOUT_RETURN_TYPE = YES_ERROR;
				GCC_WARN_UNDECLARED_SELECTOR = YES;
				GCC_WARN_UNINITIALIZED_AUTOS = YES_AGGRESSIVE;
				GCC_WARN_UNUSED_FUNCTION = YES;
				GCC_WARN_UNUSED_VARIABLE = YES;
				IPHONEOS_DEPLOYMENT_TARGET = 16.0;
				MTL_ENABLE_DEBUG_INFO = INCLUDE_SOURCE;
				MTL_FAST_MATH = YES;
				ONLY_ACTIVE_ARCH = YES;
				SDKROOT = iphoneos;
				SWIFT_ACTIVE_COMPILATION_CONDITIONS = DEBUG;
				SWIFT_OPTIMIZATION_LEVEL = "-Onone";
			};
			name = Debug;
		};
		F5E917EA287114EA00AE8421 /* Release */ = {
			isa = XCBuildConfiguration;
			buildSettings = {
				ALWAYS_SEARCH_USER_PATHS = NO;
				CLANG_ANALYZER_NONNULL = YES;
				CLANG_ANALYZER_NUMBER_OBJECT_CONVERSION = YES_AGGRESSIVE;
				CLANG_CXX_LANGUAGE_STANDARD = "gnu++17";
				CLANG_ENABLE_MODULES = YES;
				CLANG_ENABLE_OBJC_ARC = YES;
				CLANG_ENABLE_OBJC_WEAK = YES;
				CLANG_WARN_BLOCK_CAPTURE_AUTORELEASING = YES;
				CLANG_WARN_BOOL_CONVERSION = YES;
				CLANG_WARN_COMMA = YES;
				CLANG_WARN_CONSTANT_CONVERSION = YES;
				CLANG_WARN_DEPRECATED_OBJC_IMPLEMENTATIONS = YES;
				CLANG_WARN_DIRECT_OBJC_ISA_USAGE = YES_ERROR;
				CLANG_WARN_DOCUMENTATION_COMMENTS = YES;
				CLANG_WARN_EMPTY_BODY = YES;
				CLANG_WARN_ENUM_CONVERSION = YES;
				CLANG_WARN_INFINITE_RECURSION = YES;
				CLANG_WARN_INT_CONVERSION = YES;
				CLANG_WARN_NON_LITERAL_NULL_CONVERSION = YES;
				CLANG_WARN_OBJC_IMPLICIT_RETAIN_SELF = YES;
				CLANG_WARN_OBJC_LITERAL_CONVERSION = YES;
				CLANG_WARN_OBJC_ROOT_CLASS = YES_ERROR;
				CLANG_WARN_QUOTED_INCLUDE_IN_FRAMEWORK_HEADER = YES;
				CLANG_WARN_RANGE_LOOP_ANALYSIS = YES;
				CLANG_WARN_STRICT_PROTOTYPES = YES;
				CLANG_WARN_SUSPICIOUS_MOVE = YES;
				CLANG_WARN_UNGUARDED_AVAILABILITY = YES_AGGRESSIVE;
				CLANG_WARN_UNREACHABLE_CODE = YES;
				CLANG_WARN__DUPLICATE_METHOD_MATCH = YES;
				COPY_PHASE_STRIP = NO;
				DEBUG_INFORMATION_FORMAT = "dwarf-with-dsym";
				ENABLE_NS_ASSERTIONS = NO;
				ENABLE_STRICT_OBJC_MSGSEND = YES;
				GCC_C_LANGUAGE_STANDARD = gnu11;
				GCC_NO_COMMON_BLOCKS = YES;
				GCC_WARN_64_TO_32_BIT_CONVERSION = YES;
				GCC_WARN_ABOUT_RETURN_TYPE = YES_ERROR;
				GCC_WARN_UNDECLARED_SELECTOR = YES;
				GCC_WARN_UNINITIALIZED_AUTOS = YES_AGGRESSIVE;
				GCC_WARN_UNUSED_FUNCTION = YES;
				GCC_WARN_UNUSED_VARIABLE = YES;
				IPHONEOS_DEPLOYMENT_TARGET = 16.0;
				MTL_ENABLE_DEBUG_INFO = NO;
				MTL_FAST_MATH = YES;
				SDKROOT = iphoneos;
				SWIFT_COMPILATION_MODE = wholemodule;
				SWIFT_OPTIMIZATION_LEVEL = "-O";
				VALIDATE_PRODUCT = YES;
			};
			name = Release;
		};
		F5E917EC287114EA00AE8421 /* Debug */ = {
			isa = XCBuildConfiguration;
			buildSettings = {
				ASSETCATALOG_COMPILER_APPICON_NAME = AppIcon;
				ASSETCATALOG_COMPILER_GLOBAL_ACCENT_COLOR_NAME = AccentColor;
				CODE_SIGN_STYLE = Automatic;
				CURRENT_PROJECT_VERSION = 1.4.2.0;
				DEVELOPMENT_ASSET_PATHS = "\"RemotePoker/Preview Content\"";
				DEVELOPMENT_TEAM = KB4BJUD35F;
				ENABLE_PREVIEWS = YES;
				GENERATE_INFOPLIST_FILE = YES;
				INFOPLIST_FILE = RemotePoker/Info.plist;
				INFOPLIST_KEY_CFBundleDisplayName = RemotePoker;
				INFOPLIST_KEY_LSApplicationCategoryType = "public.app-category.utilities";
				INFOPLIST_KEY_UIApplicationSceneManifest_Generation = YES;
				INFOPLIST_KEY_UIApplicationSupportsIndirectInputEvents = YES;
				INFOPLIST_KEY_UILaunchScreen_Generation = YES;
				INFOPLIST_KEY_UIRequiresFullScreen = NO;
				INFOPLIST_KEY_UISupportedInterfaceOrientations = UIInterfaceOrientationPortrait;
				INFOPLIST_KEY_UISupportedInterfaceOrientations_iPad = "UIInterfaceOrientationLandscapeLeft UIInterfaceOrientationLandscapeRight UIInterfaceOrientationPortrait UIInterfaceOrientationPortraitUpsideDown";
				IPHONEOS_DEPLOYMENT_TARGET = 15.0;
				LD_RUNPATH_SEARCH_PATHS = (
					"$(inherited)",
					"@executable_path/Frameworks",
				);
				MARKETING_VERSION = 1.4.2;
				OTHER_LDFLAGS = (
					"$(OTHER_LDFLAGS)",
					"-ObjC",
				);
				PRODUCT_BUNDLE_IDENTIFIER = com.poker.remotepoker;
				PRODUCT_NAME = "$(TARGET_NAME)";
				SWIFT_EMIT_LOC_STRINGS = YES;
				SWIFT_VERSION = 5.0;
				TARGETED_DEVICE_FAMILY = "1,2";
			};
			name = Debug;
		};
		F5E917ED287114EA00AE8421 /* Release */ = {
			isa = XCBuildConfiguration;
			buildSettings = {
				ASSETCATALOG_COMPILER_APPICON_NAME = AppIcon;
				ASSETCATALOG_COMPILER_GLOBAL_ACCENT_COLOR_NAME = AccentColor;
				CODE_SIGN_STYLE = Automatic;
				CURRENT_PROJECT_VERSION = 1.4.2.0;
				DEVELOPMENT_ASSET_PATHS = "\"RemotePoker/Preview Content\"";
				DEVELOPMENT_TEAM = KB4BJUD35F;
				ENABLE_PREVIEWS = YES;
				GENERATE_INFOPLIST_FILE = YES;
				INFOPLIST_FILE = RemotePoker/Info.plist;
				INFOPLIST_KEY_CFBundleDisplayName = RemotePoker;
				INFOPLIST_KEY_LSApplicationCategoryType = "public.app-category.utilities";
				INFOPLIST_KEY_UIApplicationSceneManifest_Generation = YES;
				INFOPLIST_KEY_UIApplicationSupportsIndirectInputEvents = YES;
				INFOPLIST_KEY_UILaunchScreen_Generation = YES;
				INFOPLIST_KEY_UIRequiresFullScreen = NO;
				INFOPLIST_KEY_UISupportedInterfaceOrientations = UIInterfaceOrientationPortrait;
				INFOPLIST_KEY_UISupportedInterfaceOrientations_iPad = "UIInterfaceOrientationLandscapeLeft UIInterfaceOrientationLandscapeRight UIInterfaceOrientationPortrait UIInterfaceOrientationPortraitUpsideDown";
				IPHONEOS_DEPLOYMENT_TARGET = 15.0;
				LD_RUNPATH_SEARCH_PATHS = (
					"$(inherited)",
					"@executable_path/Frameworks",
				);
				MARKETING_VERSION = 1.4.2;
				OTHER_LDFLAGS = (
					"$(OTHER_LDFLAGS)",
					"-ObjC",
				);
				PRODUCT_BUNDLE_IDENTIFIER = com.poker.remotepoker;
				PRODUCT_NAME = "$(TARGET_NAME)";
				SWIFT_EMIT_LOC_STRINGS = YES;
				SWIFT_VERSION = 5.0;
				TARGETED_DEVICE_FAMILY = "1,2";
			};
			name = Release;
		};
		F5E917EF287114EA00AE8421 /* Debug */ = {
			isa = XCBuildConfiguration;
			buildSettings = {
				ALWAYS_EMBED_SWIFT_STANDARD_LIBRARIES = YES;
				BUNDLE_LOADER = "$(TEST_HOST)";
				CLANG_ENABLE_MODULES = YES;
				CODE_SIGN_STYLE = Automatic;
				CURRENT_PROJECT_VERSION = 1;
				DEVELOPMENT_TEAM = 3A32XTC8Y7;
				GENERATE_INFOPLIST_FILE = YES;
				IPHONEOS_DEPLOYMENT_TARGET = 15.0;
				MARKETING_VERSION = 1.0;
				PRODUCT_BUNDLE_IDENTIFIER = dinger.scrum.RemotePokerTests;
				PRODUCT_NAME = "$(TARGET_NAME)";
				SWIFT_EMIT_LOC_STRINGS = NO;
				SWIFT_OPTIMIZATION_LEVEL = "-Onone";
				SWIFT_VERSION = 5.0;
				TARGETED_DEVICE_FAMILY = "1,2";
				TEST_HOST = "$(BUILT_PRODUCTS_DIR)/RemotePoker.app/RemotePoker";
			};
			name = Debug;
		};
		F5E917F0287114EA00AE8421 /* Release */ = {
			isa = XCBuildConfiguration;
			buildSettings = {
				ALWAYS_EMBED_SWIFT_STANDARD_LIBRARIES = YES;
				BUNDLE_LOADER = "$(TEST_HOST)";
				CLANG_ENABLE_MODULES = YES;
				CODE_SIGN_STYLE = Automatic;
				CURRENT_PROJECT_VERSION = 1;
				DEVELOPMENT_TEAM = 3A32XTC8Y7;
				GENERATE_INFOPLIST_FILE = YES;
				IPHONEOS_DEPLOYMENT_TARGET = 15.0;
				MARKETING_VERSION = 1.0;
				PRODUCT_BUNDLE_IDENTIFIER = dinger.scrum.RemotePokerTests;
				PRODUCT_NAME = "$(TARGET_NAME)";
				SWIFT_EMIT_LOC_STRINGS = NO;
				SWIFT_VERSION = 5.0;
				TARGETED_DEVICE_FAMILY = "1,2";
				TEST_HOST = "$(BUILT_PRODUCTS_DIR)/RemotePoker.app/RemotePoker";
			};
			name = Release;
		};
		F5E917F2287114EA00AE8421 /* Debug */ = {
			isa = XCBuildConfiguration;
			buildSettings = {
				ALWAYS_EMBED_SWIFT_STANDARD_LIBRARIES = YES;
				CODE_SIGN_STYLE = Automatic;
				CURRENT_PROJECT_VERSION = 1;
				DEVELOPMENT_TEAM = 3A32XTC8Y7;
				GENERATE_INFOPLIST_FILE = YES;
				MARKETING_VERSION = 1.0;
				PRODUCT_BUNDLE_IDENTIFIER = dinger.scrum.RemotePokerUITests;
				PRODUCT_NAME = "$(TARGET_NAME)";
				SWIFT_EMIT_LOC_STRINGS = NO;
				SWIFT_VERSION = 5.0;
				TARGETED_DEVICE_FAMILY = "1,2";
				TEST_TARGET_NAME = RemotePoker;
			};
			name = Debug;
		};
		F5E917F3287114EA00AE8421 /* Release */ = {
			isa = XCBuildConfiguration;
			buildSettings = {
				ALWAYS_EMBED_SWIFT_STANDARD_LIBRARIES = YES;
				CODE_SIGN_STYLE = Automatic;
				CURRENT_PROJECT_VERSION = 1;
				DEVELOPMENT_TEAM = 3A32XTC8Y7;
				GENERATE_INFOPLIST_FILE = YES;
				MARKETING_VERSION = 1.0;
				PRODUCT_BUNDLE_IDENTIFIER = dinger.scrum.RemotePokerUITests;
				PRODUCT_NAME = "$(TARGET_NAME)";
				SWIFT_EMIT_LOC_STRINGS = NO;
				SWIFT_VERSION = 5.0;
				TARGETED_DEVICE_FAMILY = "1,2";
				TEST_TARGET_NAME = RemotePoker;
			};
			name = Release;
		};
/* End XCBuildConfiguration section */

/* Begin XCConfigurationList section */
		F5E917C2287114DC00AE8421 /* Build configuration list for PBXProject "RemotePoker" */ = {
			isa = XCConfigurationList;
			buildConfigurations = (
				F5E917E9287114EA00AE8421 /* Debug */,
				F5E917EA287114EA00AE8421 /* Release */,
			);
			defaultConfigurationIsVisible = 0;
			defaultConfigurationName = Release;
		};
		F5E917EB287114EA00AE8421 /* Build configuration list for PBXNativeTarget "RemotePoker" */ = {
			isa = XCConfigurationList;
			buildConfigurations = (
				F5E917EC287114EA00AE8421 /* Debug */,
				F5E917ED287114EA00AE8421 /* Release */,
			);
			defaultConfigurationIsVisible = 0;
			defaultConfigurationName = Release;
		};
		F5E917EE287114EA00AE8421 /* Build configuration list for PBXNativeTarget "RemotePokerTests" */ = {
			isa = XCConfigurationList;
			buildConfigurations = (
				F5E917EF287114EA00AE8421 /* Debug */,
				F5E917F0287114EA00AE8421 /* Release */,
			);
			defaultConfigurationIsVisible = 0;
			defaultConfigurationName = Release;
		};
		F5E917F1287114EA00AE8421 /* Build configuration list for PBXNativeTarget "RemotePokerUITests" */ = {
			isa = XCConfigurationList;
			buildConfigurations = (
				F5E917F2287114EA00AE8421 /* Debug */,
				F5E917F3287114EA00AE8421 /* Release */,
			);
			defaultConfigurationIsVisible = 0;
			defaultConfigurationName = Release;
		};
/* End XCConfigurationList section */

/* Begin XCRemoteSwiftPackageReference section */
		F539F02629E6DE4300C5C9C0 /* XCRemoteSwiftPackageReference "firebase-ios-sdk" */ = {
			isa = XCRemoteSwiftPackageReference;
			repositoryURL = "https://github.com/firebase/firebase-ios-sdk.git";
			requirement = {
				kind = exactVersion;
				version = 10.11.0;
			};
		};
		F588E30528BB8E2800C5CA9A /* XCRemoteSwiftPackageReference "neumorphic" */ = {
			isa = XCRemoteSwiftPackageReference;
			repositoryURL = "https://github.com/costachung/neumorphic/";
			requirement = {
				kind = exactVersion;
				version = 2.0.6;
			};
		};
/* End XCRemoteSwiftPackageReference section */

/* Begin XCSwiftPackageProductDependency section */
		F539F02729E6DE4300C5C9C0 /* FirebaseAnalytics */ = {
			isa = XCSwiftPackageProductDependency;
			package = F539F02629E6DE4300C5C9C0 /* XCRemoteSwiftPackageReference "firebase-ios-sdk" */;
			productName = FirebaseAnalytics;
		};
		F539F02929E6DE4300C5C9C0 /* FirebaseAnalyticsOnDeviceConversion */ = {
			isa = XCSwiftPackageProductDependency;
			package = F539F02629E6DE4300C5C9C0 /* XCRemoteSwiftPackageReference "firebase-ios-sdk" */;
			productName = FirebaseAnalyticsOnDeviceConversion;
		};
		F539F02B29E6DE4400C5C9C0 /* FirebaseAnalyticsSwift */ = {
			isa = XCSwiftPackageProductDependency;
			package = F539F02629E6DE4300C5C9C0 /* XCRemoteSwiftPackageReference "firebase-ios-sdk" */;
			productName = FirebaseAnalyticsSwift;
		};
		F539F02D29E6DE4400C5C9C0 /* FirebaseAnalyticsWithoutAdIdSupport */ = {
			isa = XCSwiftPackageProductDependency;
			package = F539F02629E6DE4300C5C9C0 /* XCRemoteSwiftPackageReference "firebase-ios-sdk" */;
			productName = FirebaseAnalyticsWithoutAdIdSupport;
		};
		F539F02F29E6DE4400C5C9C0 /* FirebaseAuth */ = {
			isa = XCSwiftPackageProductDependency;
			package = F539F02629E6DE4300C5C9C0 /* XCRemoteSwiftPackageReference "firebase-ios-sdk" */;
			productName = FirebaseAuth;
		};
		F539F03129E6DE4400C5C9C0 /* FirebaseFirestore */ = {
			isa = XCSwiftPackageProductDependency;
			package = F539F02629E6DE4300C5C9C0 /* XCRemoteSwiftPackageReference "firebase-ios-sdk" */;
			productName = FirebaseFirestore;
		};
		F539F03329E6DE4400C5C9C0 /* FirebaseInstallations */ = {
			isa = XCSwiftPackageProductDependency;
			package = F539F02629E6DE4300C5C9C0 /* XCRemoteSwiftPackageReference "firebase-ios-sdk" */;
			productName = FirebaseInstallations;
		};
		F539F03529E6DEFE00C5C9C0 /* FirebaseFirestoreSwift */ = {
			isa = XCSwiftPackageProductDependency;
			package = F539F02629E6DE4300C5C9C0 /* XCRemoteSwiftPackageReference "firebase-ios-sdk" */;
			productName = FirebaseFirestoreSwift;
		};
		F558B9F529EB90A600B7ADD9 /* RemotePokerDomains */ = {
			isa = XCSwiftPackageProductDependency;
			productName = RemotePokerDomains;
		};
		F588E30628BB8E2800C5CA9A /* Neumorphic */ = {
			isa = XCSwiftPackageProductDependency;
			package = F588E30528BB8E2800C5CA9A /* XCRemoteSwiftPackageReference "neumorphic" */;
			productName = Neumorphic;
		};
		F5A9D18E29EAFE430002865B /* RemotePokerData */ = {
			isa = XCSwiftPackageProductDependency;
			productName = RemotePokerData;
		};
		F5DD230729EACF390091B84C /* RemotePokerViews */ = {
			isa = XCSwiftPackageProductDependency;
			productName = RemotePokerViews;
		};
/* End XCSwiftPackageProductDependency section */
	};
	rootObject = F5E917BF287114DC00AE8421 /* Project object */;
}
